{
  "version": 4,
  "terraform_version": "1.8.2",
  "serial": 322,
  "lineage": "e75b9890-9c15-0f71-bfcd-e85d93755e81",
  "outputs": {
    "app_db_secret_arn": {
      "value": "arn:aws:secretsmanager:us-east-1:165220828225:secret:dbcredential-fWiR0F",
      "type": "string"
    },
    "aurora_cluster_id": {
      "value": "tfauroraclusterfix",
      "type": "string"
    },
    "aurora_endpoint": {
      "value": "tfauroraclusterfix.cluster-cavk0ucm2c8k.us-east-1.rds.amazonaws.com",
      "type": "string"
    },
    "aurora_instance_id": {
      "value": "tfaurorainstancefix",
      "type": "string"
    },
    "aurora_reader_endpoint": {
      "value": "tfauroraclusterfix.cluster-ro-cavk0ucm2c8k.us-east-1.rds.amazonaws.com",
      "type": "string"
    },
    "aurora_security_group_id": {
      "value": "sg-029c75a39a6719394",
      "type": "string"
    },
    "aurora_subnet_group_name": {
      "value": "aurora-subnet-group-fix",
      "type": "string"
    },
    "kms_alias_name": {
      "value": "alias/terraform-secrets-key-fix",
      "type": "string"
    },
    "kms_key_arn": {
      "value": "arn:aws:kms:us-east-1:165220828225:key/f41a5eb3-f54b-4803-8d99-c20036dc8871",
      "type": "string"
    },
    "master_db_secret_arn": {
      "value": "arn:aws:secretsmanager:us-east-1:165220828225:secret:mastercredential-5IKOhy",
      "type": "string"
    }
  },
  "resources": [
    {
      "module": "module.aurora",
      "mode": "data",
      "type": "aws_secretsmanager_secret_version",
      "name": "master",
      "provider": "provider[\"registry.terraform.io/hashicorp/aws\"]",
      "instances": [
        {
          "schema_version": 0,
          "attributes": {
            "arn": "arn:aws:secretsmanager:us-east-1:165220828225:secret:mastercredential-5IKOhy",
            "created_date": "2025-11-18T10:22:40Z",
            "id": "arn:aws:secretsmanager:us-east-1:165220828225:secret:mastercredential-5IKOhy|AWSCURRENT",
            "region": "us-east-1",
            "secret_binary": "",
            "secret_id": "arn:aws:secretsmanager:us-east-1:165220828225:secret:mastercredential-5IKOhy",
            "secret_string": "{\"engine\":\"aurora-postgresql\",\"password\":\"kcpaDT3bo([L?*eT\",\"username\":\"dbmasteruser\"}",
            "version_id": "terraform-20251118102240417100000003",
            "version_stage": "AWSCURRENT",
            "version_stages": [
              "AWSCURRENT"
            ]
          },
          "sensitive_attributes": [
            [
              {
                "type": "get_attr",
                "value": "secret_binary"
              }
            ],
            [
              {
                "type": "get_attr",
                "value": "secret_string"
              }
            ]
          ]
        }
      ]
    },
    {
      "module": "module.aurora",
      "mode": "data",
      "type": "aws_subnet",
      "name": "all",
      "provider": "provider[\"registry.terraform.io/hashicorp/aws\"]",
      "instances": [
        {
          "index_key": "subnet-011695495410a00e5",
          "schema_version": 0,
          "attributes": {
            "arn": "arn:aws:ec2:us-east-1:165220828225:subnet/subnet-011695495410a00e5",
            "assign_ipv6_address_on_creation": false,
            "availability_zone": "us-east-1f",
            "availability_zone_id": "use1-az5",
            "available_ip_address_count": 4091,
            "cidr_block": "172.31.64.0/20",
            "customer_owned_ipv4_pool": "",
            "default_for_az": true,
            "enable_dns64": false,
            "enable_lni_at_device_index": 0,
            "enable_resource_name_dns_a_record_on_launch": false,
            "enable_resource_name_dns_aaaa_record_on_launch": false,
            "filter": null,
            "id": "subnet-011695495410a00e5",
            "ipv6_cidr_block": "",
            "ipv6_cidr_block_association_id": "",
            "ipv6_native": false,
            "map_customer_owned_ip_on_launch": false,
            "map_public_ip_on_launch": true,
            "outpost_arn": "",
            "owner_id": "165220828225",
            "private_dns_hostname_type_on_launch": "ip-name",
            "region": "us-east-1",
            "state": "available",
            "tags": {},
            "timeouts": null,
            "vpc_id": "vpc-0f1074e15190e4869"
          },
          "sensitive_attributes": []
        },
        {
          "index_key": "subnet-01867ef1fc7055191",
          "schema_version": 0,
          "attributes": {
            "arn": "arn:aws:ec2:us-east-1:165220828225:subnet/subnet-01867ef1fc7055191",
            "assign_ipv6_address_on_creation": false,
            "availability_zone": "us-east-1c",
            "availability_zone_id": "use1-az4",
            "available_ip_address_count": 4090,
            "cidr_block": "172.31.16.0/20",
            "customer_owned_ipv4_pool": "",
            "default_for_az": true,
            "enable_dns64": false,
            "enable_lni_at_device_index": 0,
            "enable_resource_name_dns_a_record_on_launch": false,
            "enable_resource_name_dns_aaaa_record_on_launch": false,
            "filter": null,
            "id": "subnet-01867ef1fc7055191",
            "ipv6_cidr_block": "",
            "ipv6_cidr_block_association_id": "",
            "ipv6_native": false,
            "map_customer_owned_ip_on_launch": false,
            "map_public_ip_on_launch": true,
            "outpost_arn": "",
            "owner_id": "165220828225",
            "private_dns_hostname_type_on_launch": "ip-name",
            "region": "us-east-1",
            "state": "available",
            "tags": {},
            "timeouts": null,
            "vpc_id": "vpc-0f1074e15190e4869"
          },
          "sensitive_attributes": []
        },
        {
          "index_key": "subnet-02806bbd0e42f3ff4",
          "schema_version": 0,
          "attributes": {
            "arn": "arn:aws:ec2:us-east-1:165220828225:subnet/subnet-02806bbd0e42f3ff4",
            "assign_ipv6_address_on_creation": false,
            "availability_zone": "us-east-1d",
            "availability_zone_id": "use1-az6",
            "available_ip_address_count": 4090,
            "cidr_block": "172.31.32.0/20",
            "customer_owned_ipv4_pool": "",
            "default_for_az": true,
            "enable_dns64": false,
            "enable_lni_at_device_index": 0,
            "enable_resource_name_dns_a_record_on_launch": false,
            "enable_resource_name_dns_aaaa_record_on_launch": false,
            "filter": null,
            "id": "subnet-02806bbd0e42f3ff4",
            "ipv6_cidr_block": "",
            "ipv6_cidr_block_association_id": "",
            "ipv6_native": false,
            "map_customer_owned_ip_on_launch": false,
            "map_public_ip_on_launch": true,
            "outpost_arn": "",
            "owner_id": "165220828225",
            "private_dns_hostname_type_on_launch": "ip-name",
            "region": "us-east-1",
            "state": "available",
            "tags": {},
            "timeouts": null,
            "vpc_id": "vpc-0f1074e15190e4869"
          },
          "sensitive_attributes": []
        },
        {
          "index_key": "subnet-04b7ba2fee6212c88",
          "schema_version": 0,
          "attributes": {
            "arn": "arn:aws:ec2:us-east-1:165220828225:subnet/subnet-04b7ba2fee6212c88",
            "assign_ipv6_address_on_creation": false,
            "availability_zone": "us-east-1a",
            "availability_zone_id": "use1-az1",
            "available_ip_address_count": 4090,
            "cidr_block": "172.31.0.0/20",
            "customer_owned_ipv4_pool": "",
            "default_for_az": true,
            "enable_dns64": false,
            "enable_lni_at_device_index": 0,
            "enable_resource_name_dns_a_record_on_launch": false,
            "enable_resource_name_dns_aaaa_record_on_launch": false,
            "filter": null,
            "id": "subnet-04b7ba2fee6212c88",
            "ipv6_cidr_block": "",
            "ipv6_cidr_block_association_id": "",
            "ipv6_native": false,
            "map_customer_owned_ip_on_launch": false,
            "map_public_ip_on_launch": true,
            "outpost_arn": "",
            "owner_id": "165220828225",
            "private_dns_hostname_type_on_launch": "ip-name",
            "region": "us-east-1",
            "state": "available",
            "tags": {},
            "timeouts": null,
            "vpc_id": "vpc-0f1074e15190e4869"
          },
          "sensitive_attributes": []
        },
        {
          "index_key": "subnet-04df64e535889ea1f",
          "schema_version": 0,
          "attributes": {
            "arn": "arn:aws:ec2:us-east-1:165220828225:subnet/subnet-04df64e535889ea1f",
            "assign_ipv6_address_on_creation": false,
            "availability_zone": "us-east-1e",
            "availability_zone_id": "use1-az3",
            "available_ip_address_count": 4091,
            "cidr_block": "172.31.48.0/20",
            "customer_owned_ipv4_pool": "",
            "default_for_az": true,
            "enable_dns64": false,
            "enable_lni_at_device_index": 0,
            "enable_resource_name_dns_a_record_on_launch": false,
            "enable_resource_name_dns_aaaa_record_on_launch": false,
            "filter": null,
            "id": "subnet-04df64e535889ea1f",
            "ipv6_cidr_block": "",
            "ipv6_cidr_block_association_id": "",
            "ipv6_native": false,
            "map_customer_owned_ip_on_launch": false,
            "map_public_ip_on_launch": true,
            "outpost_arn": "",
            "owner_id": "165220828225",
            "private_dns_hostname_type_on_launch": "ip-name",
            "region": "us-east-1",
            "state": "available",
            "tags": {},
            "timeouts": null,
            "vpc_id": "vpc-0f1074e15190e4869"
          },
          "sensitive_attributes": []
        },
        {
          "index_key": "subnet-099f2e0d6bede6fa2",
          "schema_version": 0,
          "attributes": {
            "arn": "arn:aws:ec2:us-east-1:165220828225:subnet/subnet-099f2e0d6bede6fa2",
            "assign_ipv6_address_on_creation": false,
            "availability_zone": "us-east-1b",
            "availability_zone_id": "use1-az2",
            "available_ip_address_count": 4090,
            "cidr_block": "172.31.80.0/20",
            "customer_owned_ipv4_pool": "",
            "default_for_az": true,
            "enable_dns64": false,
            "enable_lni_at_device_index": 0,
            "enable_resource_name_dns_a_record_on_launch": false,
            "enable_resource_name_dns_aaaa_record_on_launch": false,
            "filter": null,
            "id": "subnet-099f2e0d6bede6fa2",
            "ipv6_cidr_block": "",
            "ipv6_cidr_block_association_id": "",
            "ipv6_native": false,
            "map_customer_owned_ip_on_launch": false,
            "map_public_ip_on_launch": true,
            "outpost_arn": "",
            "owner_id": "165220828225",
            "private_dns_hostname_type_on_launch": "ip-name",
            "region": "us-east-1",
            "state": "available",
            "tags": {},
            "timeouts": null,
            "vpc_id": "vpc-0f1074e15190e4869"
          },
          "sensitive_attributes": []
        }
      ]
    },
    {
      "module": "module.aurora",
      "mode": "data",
      "type": "aws_subnets",
      "name": "default",
      "provider": "provider[\"registry.terraform.io/hashicorp/aws\"]",
      "instances": [
        {
          "schema_version": 0,
          "attributes": {
            "filter": [
              {
                "name": "vpc-id",
                "values": [
                  "vpc-0f1074e15190e4869"
                ]
              }
            ],
            "id": "us-east-1",
            "ids": [
              "subnet-099f2e0d6bede6fa2",
              "subnet-04df64e535889ea1f",
              "subnet-01867ef1fc7055191",
              "subnet-011695495410a00e5",
              "subnet-02806bbd0e42f3ff4",
              "subnet-04b7ba2fee6212c88"
            ],
            "region": "us-east-1",
            "tags": null,
            "timeouts": null
          },
          "sensitive_attributes": []
        }
      ]
    },
    {
      "module": "module.aurora",
      "mode": "data",
      "type": "aws_vpc",
      "name": "default",
      "provider": "provider[\"registry.terraform.io/hashicorp/aws\"]",
      "instances": [
        {
          "schema_version": 0,
          "attributes": {
            "arn": "arn:aws:ec2:us-east-1:165220828225:vpc/vpc-0f1074e15190e4869",
            "cidr_block": "172.31.0.0/16",
            "cidr_block_associations": [
              {
                "association_id": "vpc-cidr-assoc-01144bd06df476aa2",
                "cidr_block": "172.31.0.0/16",
                "state": "associated"
              }
            ],
            "default": true,
            "dhcp_options_id": "dopt-010d9f74a5c99bf2d",
            "enable_dns_hostnames": true,
            "enable_dns_support": true,
            "enable_network_address_usage_metrics": false,
            "filter": null,
            "id": "vpc-0f1074e15190e4869",
            "instance_tenancy": "default",
            "ipv6_association_id": "",
            "ipv6_cidr_block": "",
            "main_route_table_id": "rtb-091ebc6e07f6989f3",
            "owner_id": "165220828225",
            "region": "us-east-1",
            "state": null,
            "tags": {},
            "timeouts": null
          },
          "sensitive_attributes": []
        }
      ]
    },
    {
      "module": "module.aurora",
      "mode": "managed",
      "type": "aws_db_subnet_group",
      "name": "aurora_subnets",
      "provider": "provider[\"registry.terraform.io/hashicorp/aws\"]",
      "instances": [
        {
          "schema_version": 0,
          "attributes": {
            "arn": "arn:aws:rds:us-east-1:165220828225:subgrp:aurora-subnet-group-fix",
            "description": "Subnet group for Aurora cluster in default VPC (fix)",
            "id": "aurora-subnet-group-fix",
            "name": "aurora-subnet-group-fix",
            "name_prefix": "",
            "region": "us-east-1",
            "subnet_ids": [
              "subnet-011695495410a00e5",
              "subnet-01867ef1fc7055191",
              "subnet-02806bbd0e42f3ff4",
              "subnet-04b7ba2fee6212c88",
              "subnet-04df64e535889ea1f",
              "subnet-099f2e0d6bede6fa2"
            ],
            "supported_network_types": [
              "IPV4"
            ],
            "tags": {},
            "tags_all": {},
            "vpc_id": "vpc-0f1074e15190e4869"
          },
          "sensitive_attributes": [],
          "private": "bnVsbA==",
          "dependencies": [
            "module.aurora.data.aws_subnets.default",
            "module.aurora.data.aws_vpc.default"
          ]
        }
      ]
    },
    {
      "module": "module.aurora",
      "mode": "managed",
      "type": "aws_kms_alias",
      "name": "secrets_alias",
      "provider": "provider[\"registry.terraform.io/hashicorp/aws\"]",
      "instances": [
        {
          "schema_version": 0,
          "attributes": {
            "arn": "arn:aws:kms:us-east-1:165220828225:alias/terraform-secrets-key-fix",
            "id": "alias/terraform-secrets-key-fix",
            "name": "alias/terraform-secrets-key-fix",
            "name_prefix": "",
            "region": "us-east-1",
            "target_key_arn": "arn:aws:kms:us-east-1:165220828225:key/f41a5eb3-f54b-4803-8d99-c20036dc8871",
            "target_key_id": "f41a5eb3-f54b-4803-8d99-c20036dc8871"
          },
          "sensitive_attributes": [],
          "private": "bnVsbA==",
          "dependencies": [
            "module.aurora.aws_kms_key.secrets"
          ]
        }
      ]
    },
    {
      "module": "module.aurora",
      "mode": "managed",
      "type": "aws_kms_key",
      "name": "secrets",
      "provider": "provider[\"registry.terraform.io/hashicorp/aws\"]",
      "instances": [
        {
          "schema_version": 0,
          "attributes": {
            "arn": "arn:aws:kms:us-east-1:165220828225:key/f41a5eb3-f54b-4803-8d99-c20036dc8871",
            "bypass_policy_lockout_safety_check": false,
            "custom_key_store_id": "",
            "customer_master_key_spec": "SYMMETRIC_DEFAULT",
            "deletion_window_in_days": 30,
            "description": "KMS key for encrypting DB credentials in Secrets Manager (fix)",
            "enable_key_rotation": true,
            "id": "f41a5eb3-f54b-4803-8d99-c20036dc8871",
            "is_enabled": true,
            "key_id": "f41a5eb3-f54b-4803-8d99-c20036dc8871",
            "key_usage": "ENCRYPT_DECRYPT",
            "multi_region": false,
            "policy": "{\"Id\":\"key-default-1\",\"Statement\":[{\"Action\":\"kms:*\",\"Effect\":\"Allow\",\"Principal\":{\"AWS\":\"arn:aws:iam::165220828225:root\"},\"Resource\":\"*\",\"Sid\":\"Enable IAM User Permissions\"}],\"Version\":\"2012-10-17\"}",
            "region": "us-east-1",
            "rotation_period_in_days": 365,
            "tags": {},
            "tags_all": {},
            "timeouts": null,
            "xks_key_id": ""
          },
          "sensitive_attributes": [],
          "private": "eyJlMmJmYjczMC1lY2FhLTExZTYtOGY4OC0zNDM2M2JjN2M0YzAiOnsiY3JlYXRlIjoxMjAwMDAwMDAwMDB9fQ=="
        }
      ]
    },
    {
      "module": "module.aurora",
      "mode": "managed",
      "type": "aws_rds_cluster",
      "name": "aurora",
      "provider": "provider[\"registry.terraform.io/hashicorp/aws\"]",
      "instances": [
        {
          "schema_version": 1,
          "attributes": {
            "allocated_storage": 1,
            "allow_major_version_upgrade": null,
            "apply_immediately": true,
            "arn": "arn:aws:rds:us-east-1:165220828225:cluster:tfauroraclusterfix",
            "availability_zones": [
              "us-east-1a",
              "us-east-1c",
              "us-east-1d"
            ],
            "backtrack_window": 0,
            "backup_retention_period": 7,
            "ca_certificate_identifier": null,
            "ca_certificate_valid_till": null,
            "cluster_identifier": "tfauroraclusterfix",
            "cluster_identifier_prefix": "",
            "cluster_members": [
              "tfaurorainstancefix"
            ],
            "cluster_resource_id": "cluster-KSP4TUAJWUTWKRKZMELKJZX2SM",
            "cluster_scalability_type": "",
            "copy_tags_to_snapshot": false,
            "database_insights_mode": "standard",
            "database_name": "databaseapplication",
            "db_cluster_instance_class": "",
            "db_cluster_parameter_group_name": "default.aurora-postgresql17",
            "db_instance_parameter_group_name": null,
            "db_subnet_group_name": "aurora-subnet-group-fix",
            "db_system_id": "",
            "delete_automated_backups": true,
            "deletion_protection": false,
            "domain": "",
            "domain_iam_role_name": "",
            "enable_global_write_forwarding": false,
            "enable_http_endpoint": false,
            "enable_local_write_forwarding": false,
            "enabled_cloudwatch_logs_exports": [],
            "endpoint": "tfauroraclusterfix.cluster-cavk0ucm2c8k.us-east-1.rds.amazonaws.com",
            "engine": "aurora-postgresql",
            "engine_lifecycle_support": "open-source-rds-extended-support",
            "engine_mode": "provisioned",
            "engine_version": "17.4",
            "engine_version_actual": "17.4",
            "final_snapshot_identifier": null,
            "global_cluster_identifier": "",
            "hosted_zone_id": "Z2R2ITUGPM61AM",
            "iam_database_authentication_enabled": false,
            "iam_roles": [],
            "id": "tfauroraclusterfix",
            "iops": 0,
            "kms_key_id": "",
            "manage_master_user_password": null,
            "master_password": "kcpaDT3bo([L?*eT",
            "master_password_wo": null,
            "master_password_wo_version": null,
            "master_user_secret": [],
            "master_user_secret_kms_key_id": null,
            "master_username": "dbmasteruser",
            "monitoring_interval": 0,
            "monitoring_role_arn": "",
            "network_type": "IPV4",
            "performance_insights_enabled": false,
            "performance_insights_kms_key_id": "",
            "performance_insights_retention_period": 0,
            "port": 5432,
            "preferred_backup_window": "07:00-09:00",
            "preferred_maintenance_window": "mon:09:53-mon:10:23",
            "reader_endpoint": "tfauroraclusterfix.cluster-ro-cavk0ucm2c8k.us-east-1.rds.amazonaws.com",
            "region": "us-east-1",
            "replication_source_identifier": "",
            "restore_to_point_in_time": [],
            "s3_import": [],
            "scaling_configuration": [],
            "serverlessv2_scaling_configuration": [],
            "skip_final_snapshot": true,
            "snapshot_identifier": null,
            "source_region": null,
            "storage_encrypted": false,
            "storage_type": "",
            "tags": {},
            "tags_all": {},
            "timeouts": null,
            "vpc_security_group_ids": [
              "sg-029c75a39a6719394"
            ]
          },
          "sensitive_attributes": [
            [
              {
                "type": "get_attr",
                "value": "master_password"
              }
            ],
            [
              {
                "type": "get_attr",
                "value": "master_password_wo"
              }
            ]
          ],
          "private": "eyJlMmJmYjczMC1lY2FhLTExZTYtOGY4OC0zNDM2M2JjN2M0YzAiOnsiY3JlYXRlIjo3MjAwMDAwMDAwMDAwLCJkZWxldGUiOjcyMDAwMDAwMDAwMDAsInVwZGF0ZSI6NzIwMDAwMDAwMDAwMH0sInNjaGVtYV92ZXJzaW9uIjoiMSJ9",
          "dependencies": [
            "module.aurora.aws_db_subnet_group.aurora_subnets",
            "module.aurora.aws_security_group.aurora_sg",
            "module.aurora.data.aws_subnets.default",
            "module.aurora.data.aws_vpc.default",
            "module.aurora.random_password.master"
          ]
        }
      ]
    },
    {
      "module": "module.aurora",
      "mode": "managed",
      "type": "aws_rds_cluster_instance",
      "name": "writer",
      "provider": "provider[\"registry.terraform.io/hashicorp/aws\"]",
      "instances": [
        {
          "schema_version": 0,
          "attributes": {
            "apply_immediately": null,
            "arn": "arn:aws:rds:us-east-1:165220828225:db:tfaurorainstancefix",
            "auto_minor_version_upgrade": true,
            "availability_zone": "us-east-1d",
            "ca_cert_identifier": "rds-ca-rsa2048-g1",
            "cluster_identifier": "tfauroraclusterfix",
            "copy_tags_to_snapshot": false,
            "custom_iam_instance_profile": "",
            "db_parameter_group_name": "default.aurora-postgresql17",
            "db_subnet_group_name": "aurora-subnet-group-fix",
            "dbi_resource_id": "db-5BE35TT7ILSKVUPPQWCMT7HSEI",
            "endpoint": "tfaurorainstancefix.cavk0ucm2c8k.us-east-1.rds.amazonaws.com",
            "engine": "aurora-postgresql",
            "engine_version": "17.4",
            "engine_version_actual": "17.4",
            "force_destroy": false,
            "id": "tfaurorainstancefix",
            "identifier": "tfaurorainstancefix",
            "identifier_prefix": "",
            "instance_class": "db.t3.medium",
            "kms_key_id": "",
            "monitoring_interval": 0,
            "monitoring_role_arn": "",
            "network_type": "IPV4",
            "performance_insights_enabled": false,
            "performance_insights_kms_key_id": "",
            "performance_insights_retention_period": 0,
            "port": 5432,
            "preferred_backup_window": "07:00-09:00",
            "preferred_maintenance_window": "fri:05:21-fri:05:51",
            "promotion_tier": 0,
            "publicly_accessible": true,
            "region": "us-east-1",
            "storage_encrypted": false,
            "tags": {},
            "tags_all": {},
            "timeouts": null,
            "writer": true
          },
          "sensitive_attributes": [],
          "private": "eyJlMmJmYjczMC1lY2FhLTExZTYtOGY4OC0zNDM2M2JjN2M0YzAiOnsiY3JlYXRlIjo1NDAwMDAwMDAwMDAwLCJkZWxldGUiOjU0MDAwMDAwMDAwMDAsInVwZGF0ZSI6NTQwMDAwMDAwMDAwMH19",
          "dependencies": [
            "module.aurora.aws_db_subnet_group.aurora_subnets",
            "module.aurora.aws_rds_cluster.aurora",
            "module.aurora.aws_security_group.aurora_sg",
            "module.aurora.data.aws_subnets.default",
            "module.aurora.data.aws_vpc.default",
            "module.aurora.random_password.master"
          ]
        }
      ]
    },
    {
      "module": "module.aurora",
      "mode": "managed",
      "type": "aws_secretsmanager_secret",
      "name": "app_db_user_fix",
      "provider": "provider[\"registry.terraform.io/hashicorp/aws\"]",
      "instances": [
        {
          "schema_version": 0,
          "attributes": {
            "arn": "arn:aws:secretsmanager:us-east-1:165220828225:secret:dbcredential-fWiR0F",
            "description": "Credentials for application DB user (app_user) - fix",
            "force_overwrite_replica_secret": false,
            "id": "arn:aws:secretsmanager:us-east-1:165220828225:secret:dbcredential-fWiR0F",
            "kms_key_id": "arn:aws:kms:us-east-1:165220828225:key/f41a5eb3-f54b-4803-8d99-c20036dc8871",
            "name": "dbcredential",
            "name_prefix": "",
            "policy": "",
            "recovery_window_in_days": 30,
            "region": "us-east-1",
            "replica": [],
            "tags": {
              "created_by": "terraform",
              "purpose": "fix"
            },
            "tags_all": {
              "created_by": "terraform",
              "purpose": "fix"
            }
          },
          "sensitive_attributes": [],
          "private": "bnVsbA==",
          "dependencies": [
            "module.aurora.aws_kms_key.secrets"
          ]
        }
      ]
    },
    {
      "module": "module.aurora",
      "mode": "managed",
      "type": "aws_secretsmanager_secret",
      "name": "master_creds_fix",
      "provider": "provider[\"registry.terraform.io/hashicorp/aws\"]",
      "instances": [
        {
          "schema_version": 0,
          "attributes": {
            "arn": "arn:aws:secretsmanager:us-east-1:165220828225:secret:mastercredential-5IKOhy",
            "description": "Aurora cluster master credentials - fix",
            "force_overwrite_replica_secret": false,
            "id": "arn:aws:secretsmanager:us-east-1:165220828225:secret:mastercredential-5IKOhy",
            "kms_key_id": "arn:aws:kms:us-east-1:165220828225:key/f41a5eb3-f54b-4803-8d99-c20036dc8871",
            "name": "mastercredential",
            "name_prefix": "",
            "policy": "",
            "recovery_window_in_days": 30,
            "region": "us-east-1",
            "replica": [],
            "tags": {
              "created_by": "terraform",
              "purpose": "fix"
            },
            "tags_all": {
              "created_by": "terraform",
              "purpose": "fix"
            }
          },
          "sensitive_attributes": [],
          "private": "bnVsbA==",
          "dependencies": [
            "module.aurora.aws_kms_key.secrets"
          ]
        }
      ]
    },
    {
      "module": "module.aurora",
      "mode": "managed",
      "type": "aws_secretsmanager_secret_version",
      "name": "app_db_user_version_fix",
      "provider": "provider[\"registry.terraform.io/hashicorp/aws\"]",
      "instances": [
        {
          "schema_version": 0,
          "attributes": {
            "arn": "arn:aws:secretsmanager:us-east-1:165220828225:secret:dbcredential-fWiR0F",
            "has_secret_string_wo": null,
            "id": "arn:aws:secretsmanager:us-east-1:165220828225:secret:dbcredential-fWiR0F|terraform-20251118102310182000000004",
            "region": "us-east-1",
            "secret_binary": "",
            "secret_id": "arn:aws:secretsmanager:us-east-1:165220828225:secret:dbcredential-fWiR0F",
            "secret_string": "{\"dbname\":\"databaseapplication\",\"engine\":\"aurora-postgresql\",\"host\":\"tfauroraclusterfix.cluster-cavk0ucm2c8k.us-east-1.rds.amazonaws.com\",\"password\":\"TPAWAfWQok1tKm3^\",\"port\":5432,\"username\":\"dbappuser\"}",
            "secret_string_wo": null,
            "secret_string_wo_version": null,
            "version_id": "terraform-20251118102310182000000004",
            "version_stages": [
              "AWSCURRENT"
            ]
          },
          "sensitive_attributes": [
            [
              {
                "type": "get_attr",
                "value": "secret_binary"
              }
            ],
            [
              {
                "type": "get_attr",
                "value": "secret_string"
              }
            ],
            [
              {
                "type": "get_attr",
                "value": "secret_string_wo"
              }
            ]
          ],
          "private": "bnVsbA==",
          "dependencies": [
            "module.aurora.aws_db_subnet_group.aurora_subnets",
            "module.aurora.aws_kms_key.secrets",
            "module.aurora.aws_rds_cluster.aurora",
            "module.aurora.aws_secretsmanager_secret.app_db_user_fix",
            "module.aurora.aws_security_group.aurora_sg",
            "module.aurora.data.aws_subnets.default",
            "module.aurora.data.aws_vpc.default",
            "module.aurora.random_password.app_user",
            "module.aurora.random_password.master"
          ]
        }
      ]
    },
    {
      "module": "module.aurora",
      "mode": "managed",
      "type": "aws_secretsmanager_secret_version",
      "name": "master_creds_version_fix",
      "provider": "provider[\"registry.terraform.io/hashicorp/aws\"]",
      "instances": [
        {
          "schema_version": 0,
          "attributes": {
            "arn": "arn:aws:secretsmanager:us-east-1:165220828225:secret:mastercredential-5IKOhy",
            "has_secret_string_wo": null,
            "id": "arn:aws:secretsmanager:us-east-1:165220828225:secret:mastercredential-5IKOhy|terraform-20251118102240417100000003",
            "region": "us-east-1",
            "secret_binary": "",
            "secret_id": "arn:aws:secretsmanager:us-east-1:165220828225:secret:mastercredential-5IKOhy",
            "secret_string": "{\"engine\":\"aurora-postgresql\",\"password\":\"kcpaDT3bo([L?*eT\",\"username\":\"dbmasteruser\"}",
            "secret_string_wo": null,
            "secret_string_wo_version": null,
            "version_id": "terraform-20251118102240417100000003",
            "version_stages": [
              "AWSCURRENT"
            ]
          },
          "sensitive_attributes": [
            [
              {
                "type": "get_attr",
                "value": "secret_binary"
              }
            ],
            [
              {
                "type": "get_attr",
                "value": "secret_string"
              }
            ],
            [
              {
                "type": "get_attr",
                "value": "secret_string_wo"
              }
            ]
          ],
          "private": "bnVsbA==",
          "dependencies": [
            "module.aurora.aws_kms_key.secrets",
            "module.aurora.aws_secretsmanager_secret.master_creds_fix",
            "module.aurora.random_password.master"
          ]
        }
      ]
    },
    {
      "module": "module.aurora",
      "mode": "managed",
      "type": "aws_security_group",
      "name": "aurora_sg",
      "provider": "provider[\"registry.terraform.io/hashicorp/aws\"]",
      "instances": [
        {
          "schema_version": 1,
          "attributes": {
            "arn": "arn:aws:ec2:us-east-1:165220828225:security-group/sg-029c75a39a6719394",
            "description": "Allow Postgres access to Aurora (fix)",
            "egress": [
              {
                "cidr_blocks": [
                  "0.0.0.0/0"
                ],
                "description": "",
                "from_port": 0,
                "ipv6_cidr_blocks": [],
                "prefix_list_ids": [],
                "protocol": "-1",
                "security_groups": [],
                "self": false,
                "to_port": 0
              }
            ],
            "id": "sg-029c75a39a6719394",
            "ingress": [
              {
                "cidr_blocks": [
                  "0.0.0.0/0"
                ],
                "description": "Allow Postgres access from allowed CIDR",
                "from_port": 5432,
                "ipv6_cidr_blocks": [],
                "prefix_list_ids": [],
                "protocol": "tcp",
                "security_groups": [],
                "self": false,
                "to_port": 5432
              }
            ],
            "name": "aurora-sg-fix",
            "name_prefix": "",
            "owner_id": "165220828225",
            "region": "us-east-1",
            "revoke_rules_on_delete": false,
            "tags": {},
            "tags_all": {},
            "timeouts": null,
            "vpc_id": "vpc-0f1074e15190e4869"
          },
          "sensitive_attributes": [],
          "private": "eyJlMmJmYjczMC1lY2FhLTExZTYtOGY4OC0zNDM2M2JjN2M0YzAiOnsiY3JlYXRlIjo2MDAwMDAwMDAwMDAsImRlbGV0ZSI6OTAwMDAwMDAwMDAwfSwic2NoZW1hX3ZlcnNpb24iOiIxIn0=",
          "dependencies": [
            "module.aurora.data.aws_vpc.default"
          ]
        }
      ]
    },
    {
      "module": "module.aurora",
      "mode": "managed",
      "type": "postgresql_database",
      "name": "app_db_fix",
      "provider": "module.aurora.provider[\"registry.terraform.io/cyrilgdn/postgresql\"].master",
      "instances": [
        {
          "schema_version": 0,
          "attributes": {
            "allow_connections": true,
            "alter_object_ownership": false,
            "connection_limit": -1,
            "encoding": "UTF8",
            "id": "appdb",
            "is_template": false,
            "lc_collate": "en_US.UTF-8",
            "lc_ctype": "en_US.UTF-8",
            "name": "appdb",
            "owner": "dbmasteruser",
            "tablespace_name": "pg_default",
            "template": "template0"
          },
          "sensitive_attributes": [],
          "private": "bnVsbA==",
          "dependencies": [
            "module.aurora.aws_db_subnet_group.aurora_subnets",
            "module.aurora.aws_kms_key.secrets",
            "module.aurora.aws_rds_cluster.aurora",
            "module.aurora.aws_rds_cluster_instance.writer",
            "module.aurora.aws_secretsmanager_secret.master_creds_fix",
            "module.aurora.aws_security_group.aurora_sg",
            "module.aurora.data.aws_secretsmanager_secret_version.master",
            "module.aurora.data.aws_subnets.default",
            "module.aurora.data.aws_vpc.default",
            "module.aurora.random_password.master"
          ]
        }
      ]
    },
    {
      "module": "module.aurora",
      "mode": "managed",
      "type": "postgresql_grant",
      "name": "app_user_db_grant_fix",
      "provider": "module.aurora.provider[\"registry.terraform.io/cyrilgdn/postgresql\"].master",
      "instances": [
        {
          "schema_version": 0,
          "attributes": {
            "columns": null,
            "database": "databaseapplication",
            "id": "dbappuser_databaseapplication_database",
            "object_type": "database",
            "objects": null,
            "privileges": [
              "CONNECT"
            ],
            "role": "dbappuser",
            "schema": null,
            "with_grant_option": false
          },
          "sensitive_attributes": [],
          "private": "bnVsbA==",
          "dependencies": [
            "module.aurora.aws_db_subnet_group.aurora_subnets",
            "module.aurora.aws_kms_key.secrets",
            "module.aurora.aws_rds_cluster.aurora",
            "module.aurora.aws_rds_cluster_instance.writer",
            "module.aurora.aws_secretsmanager_secret.master_creds_fix",
            "module.aurora.aws_security_group.aurora_sg",
            "module.aurora.data.aws_secretsmanager_secret_version.master",
            "module.aurora.data.aws_subnets.default",
            "module.aurora.data.aws_vpc.default",
            "module.aurora.postgresql_database.app_db_fix",
            "module.aurora.postgresql_role.app_user_fix",
            "module.aurora.random_password.app_user",
            "module.aurora.random_password.master"
          ]
        }
      ]
    },
    {
      "module": "module.aurora",
      "mode": "managed",
      "type": "postgresql_grant",
      "name": "schema_usage_fix",
      "provider": "module.aurora.provider[\"registry.terraform.io/cyrilgdn/postgresql\"].master",
      "instances": [
        {
          "schema_version": 0,
          "attributes": {
            "columns": null,
            "database": "databaseapplication",
            "id": "dbappuser_databaseapplication_public_schema",
            "object_type": "schema",
            "objects": null,
            "privileges": [
              "USAGE"
            ],
            "role": "dbappuser",
            "schema": "public",
            "with_grant_option": false
          },
          "sensitive_attributes": [],
          "private": "bnVsbA==",
          "dependencies": [
            "module.aurora.aws_db_subnet_group.aurora_subnets",
            "module.aurora.aws_kms_key.secrets",
            "module.aurora.aws_rds_cluster.aurora",
            "module.aurora.aws_rds_cluster_instance.writer",
            "module.aurora.aws_secretsmanager_secret.master_creds_fix",
            "module.aurora.aws_security_group.aurora_sg",
            "module.aurora.data.aws_secretsmanager_secret_version.master",
            "module.aurora.data.aws_subnets.default",
            "module.aurora.data.aws_vpc.default",
            "module.aurora.postgresql_database.app_db_fix",
            "module.aurora.postgresql_role.app_user_fix",
            "module.aurora.random_password.app_user",
            "module.aurora.random_password.master"
          ]
        }
      ]
    },
    {
      "module": "module.aurora",
      "mode": "managed",
      "type": "postgresql_grant",
      "name": "sequence_privs_fix",
      "provider": "module.aurora.provider[\"registry.terraform.io/cyrilgdn/postgresql\"].master",
      "instances": [
        {
          "schema_version": 0,
          "attributes": {
            "columns": null,
            "database": "databaseapplication",
            "id": "dbappuser_databaseapplication_public_sequence",
            "object_type": "sequence",
            "objects": null,
            "privileges": [
              "SELECT",
              "UPDATE",
              "USAGE"
            ],
            "role": "dbappuser",
            "schema": "public",
            "with_grant_option": false
          },
          "sensitive_attributes": [],
          "private": "bnVsbA==",
          "dependencies": [
            "module.aurora.aws_db_subnet_group.aurora_subnets",
            "module.aurora.aws_kms_key.secrets",
            "module.aurora.aws_rds_cluster.aurora",
            "module.aurora.aws_rds_cluster_instance.writer",
            "module.aurora.aws_secretsmanager_secret.master_creds_fix",
            "module.aurora.aws_security_group.aurora_sg",
            "module.aurora.data.aws_secretsmanager_secret_version.master",
            "module.aurora.data.aws_subnets.default",
            "module.aurora.data.aws_vpc.default",
            "module.aurora.postgresql_database.app_db_fix",
            "module.aurora.postgresql_role.app_user_fix",
            "module.aurora.random_password.app_user",
            "module.aurora.random_password.master"
          ]
        }
      ]
    },
    {
      "module": "module.aurora",
      "mode": "managed",
      "type": "postgresql_grant",
      "name": "table_privs_fix",
      "provider": "module.aurora.provider[\"registry.terraform.io/cyrilgdn/postgresql\"].master",
      "instances": [
        {
          "schema_version": 0,
          "attributes": {
            "columns": null,
            "database": "databaseapplication",
            "id": "dbappuser_databaseapplication_public_table",
            "object_type": "table",
            "objects": null,
            "privileges": [
              "DELETE",
              "INSERT",
              "REFERENCES",
              "SELECT",
              "TRIGGER",
              "TRUNCATE",
              "UPDATE"
            ],
            "role": "dbappuser",
            "schema": "public",
            "with_grant_option": false
          },
          "sensitive_attributes": [],
          "private": "bnVsbA==",
          "dependencies": [
            "module.aurora.aws_db_subnet_group.aurora_subnets",
            "module.aurora.aws_kms_key.secrets",
            "module.aurora.aws_rds_cluster.aurora",
            "module.aurora.aws_rds_cluster_instance.writer",
            "module.aurora.aws_secretsmanager_secret.master_creds_fix",
            "module.aurora.aws_security_group.aurora_sg",
            "module.aurora.data.aws_secretsmanager_secret_version.master",
            "module.aurora.data.aws_subnets.default",
            "module.aurora.data.aws_vpc.default",
            "module.aurora.postgresql_database.app_db_fix",
            "module.aurora.postgresql_role.app_user_fix",
            "module.aurora.random_password.app_user",
            "module.aurora.random_password.master"
          ]
        }
      ]
    },
    {
      "module": "module.aurora",
      "mode": "managed",
      "type": "postgresql_role",
      "name": "app_user_fix",
      "provider": "module.aurora.provider[\"registry.terraform.io/cyrilgdn/postgresql\"].master",
      "instances": [
        {
          "schema_version": 0,
          "attributes": {
            "assume_role": "",
            "bypass_row_level_security": false,
            "connection_limit": -1,
            "create_database": false,
            "create_role": false,
            "encrypted": null,
            "encrypted_password": true,
            "id": "dbappuser",
            "idle_in_transaction_session_timeout": 0,
            "inherit": true,
            "login": true,
            "name": "dbappuser",
            "password": "TPAWAfWQok1tKm3^",
            "password_wo": null,
            "password_wo_version": null,
            "replication": false,
            "roles": null,
            "search_path": null,
            "skip_drop_role": false,
            "skip_reassign_owned": false,
            "statement_timeout": 0,
            "superuser": false,
            "valid_until": "infinity"
          },
          "sensitive_attributes": [
            [
              {
                "type": "get_attr",
                "value": "password"
              }
            ],
            [
              {
                "type": "get_attr",
                "value": "password_wo"
              }
            ]
          ],
          "private": "bnVsbA==",
          "dependencies": [
            "module.aurora.aws_db_subnet_group.aurora_subnets",
            "module.aurora.aws_kms_key.secrets",
            "module.aurora.aws_rds_cluster.aurora",
            "module.aurora.aws_rds_cluster_instance.writer",
            "module.aurora.aws_secretsmanager_secret.master_creds_fix",
            "module.aurora.aws_security_group.aurora_sg",
            "module.aurora.data.aws_secretsmanager_secret_version.master",
            "module.aurora.data.aws_subnets.default",
            "module.aurora.data.aws_vpc.default",
            "module.aurora.postgresql_database.app_db_fix",
            "module.aurora.random_password.app_user",
            "module.aurora.random_password.master"
          ]
        }
      ]
    },
    {
      "module": "module.aurora",
      "mode": "managed",
      "type": "random_password",
      "name": "app_user",
      "provider": "provider[\"registry.terraform.io/hashicorp/random\"]",
      "instances": [
        {
          "schema_version": 3,
          "attributes": {
            "bcrypt_hash": "$2a$10$IYC4CxlBLgOvDFg/39ffLumFThYvHRfvs35oOWTJZrPfv6HLQb5ry",
            "id": "none",
            "keepers": null,
            "length": 16,
            "lower": true,
            "min_lower": 0,
            "min_numeric": 0,
            "min_special": 0,
            "min_upper": 0,
            "number": true,
            "numeric": true,
            "override_special": "!#$%^\u0026*()-_=+[]{}:;\u003c\u003e?,.|\\",
            "result": "TPAWAfWQok1tKm3^",
            "special": true,
            "upper": true
          },
          "sensitive_attributes": [
            [
              {
                "type": "get_attr",
                "value": "bcrypt_hash"
              }
            ],
            [
              {
                "type": "get_attr",
                "value": "result"
              }
            ]
          ]
        }
      ]
    },
    {
      "module": "module.aurora",
      "mode": "managed",
      "type": "random_password",
      "name": "master",
      "provider": "provider[\"registry.terraform.io/hashicorp/random\"]",
      "instances": [
        {
          "schema_version": 3,
          "attributes": {
            "bcrypt_hash": "$2a$10$OniFuFAhPqdqyAfh9/OEEeozeO/tupM11wOSNanYJlx0JFseXArAu",
            "id": "none",
            "keepers": null,
            "length": 16,
            "lower": true,
            "min_lower": 0,
            "min_numeric": 0,
            "min_special": 0,
            "min_upper": 0,
            "number": true,
            "numeric": true,
            "override_special": "!#$%^\u0026*()-_=+[]{}:;\u003c\u003e?,.|\\",
            "result": "kcpaDT3bo([L?*eT",
            "special": true,
            "upper": true
          },
          "sensitive_attributes": [
            [
              {
                "type": "get_attr",
                "value": "result"
              }
            ],
            [
              {
                "type": "get_attr",
                "value": "bcrypt_hash"
              }
            ]
          ]
        }
      ]
    }
  ],
  "check_results": null
}
