{
  "version": 4,
  "terraform_version": "1.8.2",
  "serial": 59,
  "lineage": "5336d79e-c64b-e8a6-17b8-21e0b3f40744",
  "outputs": {
    "account_b_event_bus_arn": {
      "value": "arn:aws:events:us-east-1:165220828225:event-bus/securityhub-forwarding",
      "type": "string"
    },
    "central_bucket_arn": {
      "value": "arn:aws:s3:::securityhub-export-bucket-12345",
      "type": "string"
    },
    "central_lambda_arn": {
      "value": "arn:aws:lambda:us-east-1:165220828225:function:export-securityhub-findings",
      "type": "string"
    }
  },
  "resources": [
    {
      "module": "module.account_a",
      "mode": "managed",
      "type": "aws_cloudwatch_event_rule",
      "name": "forward_securityhub",
      "provider": "module.account_a.provider[\"registry.terraform.io/hashicorp/aws\"]",
      "instances": [
        {
          "schema_version": 1,
          "attributes": {
            "arn": "arn:aws:events:us-east-1:473278020383:rule/forward-securityhub",
            "description": "Forward SecurityHub events to Account B",
            "event_bus_name": "default",
            "event_pattern": "{\"source\":[\"aws.securityhub\"]}",
            "force_destroy": false,
            "id": "forward-securityhub",
            "is_enabled": true,
            "name": "forward-securityhub",
            "name_prefix": "",
            "region": "us-east-1",
            "role_arn": "",
            "schedule_expression": "",
            "state": "ENABLED",
            "tags": null,
            "tags_all": {}
          },
          "sensitive_attributes": [],
          "private": "eyJzY2hlbWFfdmVyc2lvbiI6IjEifQ=="
        }
      ]
    },
    {
      "module": "module.account_a",
      "mode": "managed",
      "type": "aws_cloudwatch_event_target",
      "name": "to_account_b",
      "provider": "module.account_a.provider[\"registry.terraform.io/hashicorp/aws\"]",
      "instances": [
        {
          "schema_version": 1,
          "attributes": {
            "appsync_target": [],
            "arn": "arn:aws:events:us-east-1:165220828225:event-bus/securityhub-forwarding",
            "batch_target": [],
            "dead_letter_config": [],
            "ecs_target": [],
            "event_bus_name": "default",
            "force_destroy": false,
            "http_target": [],
            "id": "forward-securityhub-terraform-20251208105605817300000001",
            "input": "",
            "input_path": "",
            "input_transformer": [],
            "kinesis_target": [],
            "redshift_target": [],
            "region": "us-east-1",
            "retry_policy": [],
            "role_arn": "arn:aws:iam::473278020383:role/EventBridgeForwardRole",
            "rule": "forward-securityhub",
            "run_command_targets": [],
            "sagemaker_pipeline_target": [],
            "sqs_target": [],
            "target_id": "terraform-20251208105605817300000001"
          },
          "sensitive_attributes": [],
          "private": "eyJzY2hlbWFfdmVyc2lvbiI6IjEifQ==",
          "dependencies": [
            "module.account_a.aws_cloudwatch_event_rule.forward_securityhub",
            "module.account_a.aws_iam_role.eventbridge_forward_role",
            "module.account_b.aws_cloudwatch_event_bus.forward_bus"
          ]
        }
      ]
    },
    {
      "module": "module.account_a",
      "mode": "managed",
      "type": "aws_iam_role",
      "name": "eventbridge_forward_role",
      "provider": "module.account_a.provider[\"registry.terraform.io/hashicorp/aws\"]",
      "instances": [
        {
          "schema_version": 0,
          "attributes": {
            "arn": "arn:aws:iam::473278020383:role/EventBridgeForwardRole",
            "assume_role_policy": "{\"Statement\":[{\"Action\":\"sts:AssumeRole\",\"Effect\":\"Allow\",\"Principal\":{\"Service\":\"events.amazonaws.com\"}}],\"Version\":\"2012-10-17\"}",
            "create_date": "2025-12-08T10:56:04Z",
            "description": "",
            "force_detach_policies": false,
            "id": "EventBridgeForwardRole",
            "inline_policy": [],
            "managed_policy_arns": [],
            "max_session_duration": 3600,
            "name": "EventBridgeForwardRole",
            "name_prefix": "",
            "path": "/",
            "permissions_boundary": "",
            "tags": null,
            "tags_all": {},
            "unique_id": "AROAW4MMRPMPW46BG3YRV"
          },
          "sensitive_attributes": [],
          "private": "bnVsbA=="
        }
      ]
    },
    {
      "module": "module.account_a",
      "mode": "managed",
      "type": "aws_iam_role_policy",
      "name": "forward_policy",
      "provider": "module.account_a.provider[\"registry.terraform.io/hashicorp/aws\"]",
      "instances": [
        {
          "schema_version": 0,
          "attributes": {
            "id": "EventBridgeForwardRole:ForwardToAccountBPolicy",
            "name": "ForwardToAccountBPolicy",
            "name_prefix": "",
            "policy": "{\"Version\":\"2012-10-17\",\"Statement\":[{\"Action\":\"sts:AssumeRole\",\"Effect\":\"Allow\",\"Resource\":\"arn:aws:iam::165220828225:role/EventBridgeCrossAccountInvokeRole\"}]}",
            "role": "EventBridgeForwardRole"
          },
          "sensitive_attributes": [],
          "private": "bnVsbA==",
          "dependencies": [
            "module.account_a.aws_iam_role.eventbridge_forward_role"
          ]
        }
      ]
    },
    {
      "module": "module.account_a",
      "mode": "managed",
      "type": "aws_iam_role_policy",
      "name": "securityhub_get_findings",
      "provider": "module.account_a.provider[\"registry.terraform.io/hashicorp/aws\"]",
      "instances": [
        {
          "schema_version": 0,
          "attributes": {
            "id": "EventBridgeForwardRole:SecurityHubGetFindingsPolicy",
            "name": "SecurityHubGetFindingsPolicy",
            "name_prefix": "",
            "policy": "{\"Version\":\"2012-10-17\",\"Statement\":[{\"Action\":\"securityhub:GetFindings\",\"Effect\":\"Allow\",\"Resource\":\"*\"}]}",
            "role": "EventBridgeForwardRole"
          },
          "sensitive_attributes": [],
          "private": "bnVsbA==",
          "dependencies": [
            "module.account_a.aws_iam_role.eventbridge_forward_role"
          ]
        }
      ]
    },
    {
      "module": "module.account_b",
      "mode": "data",
      "type": "archive_file",
      "name": "lambda_zip",
      "provider": "provider[\"registry.terraform.io/hashicorp/archive\"]",
      "instances": [
        {
          "schema_version": 0,
          "attributes": {
            "exclude_symlink_directories": null,
            "excludes": null,
            "id": "32afe2576a1491f5d6fafa1d58a969d0fb945e0b",
            "output_base64sha256": "3NFnwHmbaAsuF1NP1Xg+pUi5uKVkK17UYncME4SmY78=",
            "output_base64sha512": "wMMbxnq3JimqwofVqTjSJ21KWu11xkvQOw9MgM3d4pwdA3dRZij70V931owq9mn5m38+mbhvIRd64wGI6gll5w==",
            "output_file_mode": null,
            "output_md5": "77e78f1dfc956fd9417ec9e4937e033e",
            "output_path": "./handler.zip",
            "output_sha": "32afe2576a1491f5d6fafa1d58a969d0fb945e0b",
            "output_sha256": "dcd167c0799b680b2e17534fd5783ea548b9b8a5642b5ed462770c1384a663bf",
            "output_sha512": "c0c31bc67ab72629aac287d5a938d2276d4a5aed75c64bd03b0f4c80cddde29c1d0377516628fbd15f77d68c2af669f99b7f3e99b86f21177ae30188ea0965e7",
            "output_size": 4502,
            "source": [],
            "source_content": null,
            "source_content_filename": null,
            "source_dir": "./lambda",
            "source_file": null,
            "type": "zip"
          },
          "sensitive_attributes": []
        }
      ]
    },
    {
      "module": "module.account_b",
      "mode": "data",
      "type": "aws_caller_identity",
      "name": "current",
      "provider": "module.account_b.provider[\"registry.terraform.io/hashicorp/aws\"]",
      "instances": [
        {
          "schema_version": 0,
          "attributes": {
            "account_id": "165220828225",
            "arn": "arn:aws:iam::165220828225:root",
            "id": "165220828225",
            "user_id": "165220828225"
          },
          "sensitive_attributes": []
        }
      ]
    },
    {
      "module": "module.account_b",
      "mode": "data",
      "type": "aws_iam_policy_document",
      "name": "lambda_assume",
      "provider": "module.account_b.provider[\"registry.terraform.io/hashicorp/aws\"]",
      "instances": [
        {
          "schema_version": 0,
          "attributes": {
            "id": "2690255455",
            "json": "{\n  \"Version\": \"2012-10-17\",\n  \"Statement\": [\n    {\n      \"Effect\": \"Allow\",\n      \"Action\": \"sts:AssumeRole\",\n      \"Principal\": {\n        \"Service\": \"lambda.amazonaws.com\"\n      }\n    }\n  ]\n}",
            "minified_json": "{\"Version\":\"2012-10-17\",\"Statement\":[{\"Effect\":\"Allow\",\"Action\":\"sts:AssumeRole\",\"Principal\":{\"Service\":\"lambda.amazonaws.com\"}}]}",
            "override_json": null,
            "override_policy_documents": null,
            "policy_id": null,
            "source_json": null,
            "source_policy_documents": null,
            "statement": [
              {
                "actions": [
                  "sts:AssumeRole"
                ],
                "condition": [],
                "effect": "Allow",
                "not_actions": [],
                "not_principals": [],
                "not_resources": [],
                "principals": [
                  {
                    "identifiers": [
                      "lambda.amazonaws.com"
                    ],
                    "type": "Service"
                  }
                ],
                "resources": [],
                "sid": ""
              }
            ],
            "version": "2012-10-17"
          },
          "sensitive_attributes": []
        }
      ]
    },
    {
      "module": "module.account_b",
      "mode": "managed",
      "type": "aws_cloudwatch_event_bus",
      "name": "forward_bus",
      "provider": "module.account_b.provider[\"registry.terraform.io/hashicorp/aws\"]",
      "instances": [
        {
          "schema_version": 0,
          "attributes": {
            "arn": "arn:aws:events:us-east-1:165220828225:event-bus/securityhub-forwarding",
            "dead_letter_config": [],
            "description": "",
            "event_source_name": null,
            "id": "securityhub-forwarding",
            "kms_key_identifier": "",
            "log_config": [],
            "name": "securityhub-forwarding",
            "region": "us-east-1",
            "tags": null,
            "tags_all": {}
          },
          "sensitive_attributes": [],
          "private": "bnVsbA=="
        }
      ]
    },
    {
      "module": "module.account_b",
      "mode": "managed",
      "type": "aws_cloudwatch_event_bus_policy",
      "name": "allow_account_a",
      "provider": "module.account_b.provider[\"registry.terraform.io/hashicorp/aws\"]",
      "instances": [
        {
          "schema_version": 0,
          "attributes": {
            "event_bus_name": "securityhub-forwarding",
            "id": "securityhub-forwarding",
            "policy": "{\"Statement\":[{\"Action\":\"events:PutEvents\",\"Effect\":\"Allow\",\"Principal\":{\"AWS\":\"arn:aws:iam::473278020383:root\"},\"Resource\":\"arn:aws:events:us-east-1:165220828225:event-bus/securityhub-forwarding\",\"Sid\":\"AllowAccountAEvents\"}],\"Version\":\"2012-10-17\"}",
            "region": "us-east-1"
          },
          "sensitive_attributes": [],
          "private": "bnVsbA==",
          "dependencies": [
            "module.account_b.aws_cloudwatch_event_bus.forward_bus"
          ]
        }
      ]
    },
    {
      "module": "module.account_b",
      "mode": "managed",
      "type": "aws_cloudwatch_event_rule",
      "name": "process_securityhub_events",
      "provider": "module.account_b.provider[\"registry.terraform.io/hashicorp/aws\"]",
      "instances": [
        {
          "schema_version": 1,
          "attributes": {
            "arn": "arn:aws:events:us-east-1:165220828225:rule/securityhub-forwarding/process-securityhub-events",
            "description": "Process forwarded SecurityHub events from Account A",
            "event_bus_name": "securityhub-forwarding",
            "event_pattern": "{\"source\":[\"aws.securityhub\"]}",
            "force_destroy": false,
            "id": "securityhub-forwarding/process-securityhub-events",
            "is_enabled": true,
            "name": "process-securityhub-events",
            "name_prefix": "",
            "region": "us-east-1",
            "role_arn": "",
            "schedule_expression": "",
            "state": "ENABLED",
            "tags": null,
            "tags_all": {}
          },
          "sensitive_attributes": [],
          "private": "eyJzY2hlbWFfdmVyc2lvbiI6IjEifQ==",
          "dependencies": [
            "module.account_b.aws_cloudwatch_event_bus.forward_bus"
          ]
        }
      ]
    },
    {
      "module": "module.account_b",
      "mode": "managed",
      "type": "aws_cloudwatch_event_target",
      "name": "invoke_lambda",
      "provider": "module.account_b.provider[\"registry.terraform.io/hashicorp/aws\"]",
      "instances": [
        {
          "schema_version": 1,
          "attributes": {
            "appsync_target": [],
            "arn": "arn:aws:lambda:us-east-1:165220828225:function:export-securityhub-findings",
            "batch_target": [],
            "dead_letter_config": [],
            "ecs_target": [],
            "event_bus_name": "securityhub-forwarding",
            "force_destroy": false,
            "http_target": [],
            "id": "securityhub-forwarding-process-securityhub-events-terraform-20251208105622875500000001",
            "input": "",
            "input_path": "",
            "input_transformer": [],
            "kinesis_target": [],
            "redshift_target": [],
            "region": "us-east-1",
            "retry_policy": [],
            "role_arn": "",
            "rule": "process-securityhub-events",
            "run_command_targets": [],
            "sagemaker_pipeline_target": [],
            "sqs_target": [],
            "target_id": "terraform-20251208105622875500000001"
          },
          "sensitive_attributes": [],
          "private": "eyJzY2hlbWFfdmVyc2lvbiI6IjEifQ==",
          "dependencies": [
            "module.account_b.aws_cloudwatch_event_bus.forward_bus",
            "module.account_b.aws_cloudwatch_event_rule.process_securityhub_events",
            "module.account_b.aws_iam_role.lambda_role",
            "module.account_b.aws_lambda_function.exporter",
            "module.account_b.aws_s3_bucket.securityhub_bucket",
            "module.account_b.aws_sns_topic.alerts",
            "module.account_b.data.archive_file.lambda_zip",
            "module.account_b.data.aws_iam_policy_document.lambda_assume"
          ]
        }
      ]
    },
    {
      "module": "module.account_b",
      "mode": "managed",
      "type": "aws_iam_role",
      "name": "lambda_role",
      "provider": "module.account_b.provider[\"registry.terraform.io/hashicorp/aws\"]",
      "instances": [
        {
          "schema_version": 0,
          "attributes": {
            "arn": "arn:aws:iam::165220828225:role/central-securityhub-role",
            "assume_role_policy": "{\"Statement\":[{\"Action\":\"sts:AssumeRole\",\"Effect\":\"Allow\",\"Principal\":{\"Service\":\"lambda.amazonaws.com\"}}],\"Version\":\"2012-10-17\"}",
            "create_date": "2025-12-08T10:56:04Z",
            "description": "",
            "force_detach_policies": false,
            "id": "central-securityhub-role",
            "inline_policy": [],
            "managed_policy_arns": [],
            "max_session_duration": 3600,
            "name": "central-securityhub-role",
            "name_prefix": "",
            "path": "/",
            "permissions_boundary": "",
            "tags": null,
            "tags_all": {},
            "unique_id": "AROASM57NYRAWIHD22OQB"
          },
          "sensitive_attributes": [],
          "private": "bnVsbA==",
          "dependencies": [
            "module.account_b.data.aws_iam_policy_document.lambda_assume"
          ]
        }
      ]
    },
    {
      "module": "module.account_b",
      "mode": "managed",
      "type": "aws_iam_role_policy",
      "name": "lambda_policy",
      "provider": "module.account_b.provider[\"registry.terraform.io/hashicorp/aws\"]",
      "instances": [
        {
          "schema_version": 0,
          "attributes": {
            "id": "central-securityhub-role:central-securityhub-policy",
            "name": "central-securityhub-policy",
            "name_prefix": "",
            "policy": "{\"Version\":\"2012-10-17\",\"Statement\":[{\"Action\":[\"securityhub:GetFindings\",\"securityhub:DescribeHub\",\"securityhub:GetInsightResults\",\"securityhub:ListMembers\"],\"Effect\":\"Allow\",\"Resource\":[\"arn:aws:securityhub:us-east-1:165220828225:hub/default\",\"arn:aws:securityhub:us-east-1:165220828225:product/*/*\",\"arn:aws:securityhub:us-east-1:165220828225:finding/*/*/*\"]},{\"Action\":[\"s3:PutObject\",\"s3:GetObject\"],\"Effect\":\"Allow\",\"Resource\":\"arn:aws:s3:::securityhub-export-bucket-12345/*\"},{\"Action\":[\"logs:CreateLogGroup\",\"logs:CreateLogStream\",\"logs:PutLogEvents\"],\"Effect\":\"Allow\",\"Resource\":\"arn:aws:logs:*:*:*\"},{\"Action\":[\"sns:Publish\"],\"Effect\":\"Allow\",\"Resource\":\"arn:aws:sns:us-east-1:165220828225:securityhub-alert-topic\"}]}",
            "role": "central-securityhub-role"
          },
          "sensitive_attributes": [],
          "private": "bnVsbA==",
          "dependencies": [
            "module.account_b.aws_iam_role.lambda_role",
            "module.account_b.aws_s3_bucket.securityhub_bucket",
            "module.account_b.aws_sns_topic.alerts",
            "module.account_b.data.aws_caller_identity.current",
            "module.account_b.data.aws_iam_policy_document.lambda_assume"
          ]
        }
      ]
    },
    {
      "module": "module.account_b",
      "mode": "managed",
      "type": "aws_lambda_function",
      "name": "exporter",
      "provider": "module.account_b.provider[\"registry.terraform.io/hashicorp/aws\"]",
      "instances": [
        {
          "schema_version": 0,
          "attributes": {
            "architectures": [
              "x86_64"
            ],
            "arn": "arn:aws:lambda:us-east-1:165220828225:function:export-securityhub-findings",
            "capacity_provider_config": [],
            "code_sha256": "3NFnwHmbaAsuF1NP1Xg+pUi5uKVkK17UYncME4SmY78=",
            "code_signing_config_arn": "",
            "dead_letter_config": [],
            "description": "",
            "durable_config": [],
            "environment": [
              {
                "variables": {
                  "S3_BUCKET": "securityhub-export-bucket-12345",
                  "SNS_TOPIC_ARN": "arn:aws:sns:us-east-1:165220828225:securityhub-alert-topic"
                }
              }
            ],
            "ephemeral_storage": [
              {
                "size": 512
              }
            ],
            "file_system_config": [],
            "filename": "./handler.zip",
            "function_name": "export-securityhub-findings",
            "handler": "handler.lambda_handler",
            "id": "export-securityhub-findings",
            "image_config": [],
            "image_uri": "",
            "invoke_arn": "arn:aws:apigateway:us-east-1:lambda:path/2015-03-31/functions/arn:aws:lambda:us-east-1:165220828225:function:export-securityhub-findings/invocations",
            "kms_key_arn": "",
            "last_modified": "2025-12-08T10:56:15.862+0000",
            "layers": null,
            "logging_config": [
              {
                "application_log_level": "",
                "log_format": "Text",
                "log_group": "/aws/lambda/export-securityhub-findings",
                "system_log_level": ""
              }
            ],
            "memory_size": 128,
            "package_type": "Zip",
            "publish": false,
            "publish_to": null,
            "qualified_arn": "arn:aws:lambda:us-east-1:165220828225:function:export-securityhub-findings:$LATEST",
            "qualified_invoke_arn": "arn:aws:apigateway:us-east-1:lambda:path/2015-03-31/functions/arn:aws:lambda:us-east-1:165220828225:function:export-securityhub-findings:$LATEST/invocations",
            "region": "us-east-1",
            "replace_security_groups_on_destroy": null,
            "replacement_security_group_ids": null,
            "reserved_concurrent_executions": -1,
            "role": "arn:aws:iam::165220828225:role/central-securityhub-role",
            "runtime": "python3.9",
            "s3_bucket": null,
            "s3_key": null,
            "s3_object_version": null,
            "signing_job_arn": "",
            "signing_profile_version_arn": "",
            "skip_destroy": false,
            "snap_start": [],
            "source_code_hash": "",
            "source_code_size": 4502,
            "source_kms_key_arn": "",
            "tags": null,
            "tags_all": {},
            "tenancy_config": [],
            "timeout": 3,
            "timeouts": null,
            "tracing_config": [
              {
                "mode": "PassThrough"
              }
            ],
            "version": "$LATEST",
            "vpc_config": []
          },
          "sensitive_attributes": [],
          "private": "eyJlMmJmYjczMC1lY2FhLTExZTYtOGY4OC0zNDM2M2JjN2M0YzAiOnsiY3JlYXRlIjo2MDAwMDAwMDAwMDAsImRlbGV0ZSI6NjAwMDAwMDAwMDAwLCJ1cGRhdGUiOjYwMDAwMDAwMDAwMH19",
          "dependencies": [
            "module.account_b.aws_iam_role.lambda_role",
            "module.account_b.aws_s3_bucket.securityhub_bucket",
            "module.account_b.aws_sns_topic.alerts",
            "module.account_b.data.archive_file.lambda_zip",
            "module.account_b.data.aws_iam_policy_document.lambda_assume"
          ]
        }
      ]
    },
    {
      "module": "module.account_b",
      "mode": "managed",
      "type": "aws_lambda_permission",
      "name": "allow_eventbridge",
      "provider": "module.account_b.provider[\"registry.terraform.io/hashicorp/aws\"]",
      "instances": [
        {
          "schema_version": 0,
          "attributes": {
            "action": "lambda:InvokeFunction",
            "event_source_token": null,
            "function_name": "export-securityhub-findings",
            "function_url_auth_type": null,
            "id": "AllowEventBridgeInvoke",
            "principal": "events.amazonaws.com",
            "principal_org_id": null,
            "qualifier": "",
            "region": "us-east-1",
            "source_account": null,
            "source_arn": "arn:aws:events:us-east-1:165220828225:rule/securityhub-forwarding/process-securityhub-events",
            "statement_id": "AllowEventBridgeInvoke",
            "statement_id_prefix": ""
          },
          "sensitive_attributes": [],
          "private": "bnVsbA==",
          "dependencies": [
            "module.account_b.aws_cloudwatch_event_bus.forward_bus",
            "module.account_b.aws_cloudwatch_event_rule.process_securityhub_events",
            "module.account_b.aws_iam_role.lambda_role",
            "module.account_b.aws_lambda_function.exporter",
            "module.account_b.aws_s3_bucket.securityhub_bucket",
            "module.account_b.aws_sns_topic.alerts",
            "module.account_b.data.archive_file.lambda_zip",
            "module.account_b.data.aws_iam_policy_document.lambda_assume"
          ]
        }
      ]
    },
    {
      "module": "module.account_b",
      "mode": "managed",
      "type": "aws_s3_bucket",
      "name": "securityhub_bucket",
      "provider": "module.account_b.provider[\"registry.terraform.io/hashicorp/aws\"]",
      "instances": [
        {
          "schema_version": 0,
          "attributes": {
            "acceleration_status": "",
            "acl": null,
            "arn": "arn:aws:s3:::securityhub-export-bucket-12345",
            "bucket": "securityhub-export-bucket-12345",
            "bucket_domain_name": "securityhub-export-bucket-12345.s3.amazonaws.com",
            "bucket_prefix": "",
            "bucket_region": "us-east-1",
            "bucket_regional_domain_name": "securityhub-export-bucket-12345.s3.us-east-1.amazonaws.com",
            "cors_rule": [],
            "force_destroy": true,
            "grant": [
              {
                "id": "5f0766eb429f366d9c7ec467fa6d97b64da2ed101e7fb21ed20a0c5feab57faa",
                "permissions": [
                  "FULL_CONTROL"
                ],
                "type": "CanonicalUser",
                "uri": ""
              }
            ],
            "hosted_zone_id": "Z3AQBSTGFYJSTF",
            "id": "securityhub-export-bucket-12345",
            "lifecycle_rule": [],
            "logging": [],
            "object_lock_configuration": [],
            "object_lock_enabled": false,
            "policy": "",
            "region": "us-east-1",
            "replication_configuration": [],
            "request_payer": "BucketOwner",
            "server_side_encryption_configuration": [
              {
                "rule": [
                  {
                    "apply_server_side_encryption_by_default": [
                      {
                        "kms_master_key_id": "",
                        "sse_algorithm": "AES256"
                      }
                    ],
                    "bucket_key_enabled": false
                  }
                ]
              }
            ],
            "tags": null,
            "tags_all": {},
            "timeouts": null,
            "versioning": [
              {
                "enabled": false,
                "mfa_delete": false
              }
            ],
            "website": [],
            "website_domain": null,
            "website_endpoint": null
          },
          "sensitive_attributes": [],
          "private": "eyJlMmJmYjczMC1lY2FhLTExZTYtOGY4OC0zNDM2M2JjN2M0YzAiOnsiY3JlYXRlIjoxMjAwMDAwMDAwMDAwLCJkZWxldGUiOjM2MDAwMDAwMDAwMDAsInJlYWQiOjEyMDAwMDAwMDAwMDAsInVwZGF0ZSI6MTIwMDAwMDAwMDAwMH19"
        }
      ]
    },
    {
      "module": "module.account_b",
      "mode": "managed",
      "type": "aws_s3_bucket_public_access_block",
      "name": "public_block",
      "provider": "module.account_b.provider[\"registry.terraform.io/hashicorp/aws\"]",
      "instances": [
        {
          "schema_version": 0,
          "attributes": {
            "block_public_acls": true,
            "block_public_policy": true,
            "bucket": "securityhub-export-bucket-12345",
            "id": "securityhub-export-bucket-12345",
            "ignore_public_acls": true,
            "region": "us-east-1",
            "restrict_public_buckets": true,
            "skip_destroy": null
          },
          "sensitive_attributes": [],
          "private": "bnVsbA==",
          "dependencies": [
            "module.account_b.aws_s3_bucket.securityhub_bucket"
          ]
        }
      ]
    },
    {
      "module": "module.account_b",
      "mode": "managed",
      "type": "aws_sns_topic",
      "name": "alerts",
      "provider": "module.account_b.provider[\"registry.terraform.io/hashicorp/aws\"]",
      "instances": [
        {
          "schema_version": 0,
          "attributes": {
            "application_failure_feedback_role_arn": "",
            "application_success_feedback_role_arn": "",
            "application_success_feedback_sample_rate": 0,
            "archive_policy": "",
            "arn": "arn:aws:sns:us-east-1:165220828225:securityhub-alert-topic",
            "beginning_archive_time": "",
            "content_based_deduplication": false,
            "delivery_policy": "",
            "display_name": "",
            "fifo_throughput_scope": "",
            "fifo_topic": false,
            "firehose_failure_feedback_role_arn": "",
            "firehose_success_feedback_role_arn": "",
            "firehose_success_feedback_sample_rate": 0,
            "http_failure_feedback_role_arn": "",
            "http_success_feedback_role_arn": "",
            "http_success_feedback_sample_rate": 0,
            "id": "arn:aws:sns:us-east-1:165220828225:securityhub-alert-topic",
            "kms_master_key_id": "",
            "lambda_failure_feedback_role_arn": "",
            "lambda_success_feedback_role_arn": "",
            "lambda_success_feedback_sample_rate": 0,
            "name": "securityhub-alert-topic",
            "name_prefix": "",
            "owner": "165220828225",
            "policy": "{\"Id\":\"__default_policy_ID\",\"Statement\":[{\"Action\":[\"SNS:GetTopicAttributes\",\"SNS:SetTopicAttributes\",\"SNS:AddPermission\",\"SNS:RemovePermission\",\"SNS:DeleteTopic\",\"SNS:Subscribe\",\"SNS:ListSubscriptionsByTopic\",\"SNS:Publish\"],\"Condition\":{\"StringEquals\":{\"AWS:SourceOwner\":\"165220828225\"}},\"Effect\":\"Allow\",\"Principal\":{\"AWS\":\"*\"},\"Resource\":\"arn:aws:sns:us-east-1:165220828225:securityhub-alert-topic\",\"Sid\":\"__default_statement_ID\"}],\"Version\":\"2008-10-17\"}",
            "region": "us-east-1",
            "signature_version": 0,
            "sqs_failure_feedback_role_arn": "",
            "sqs_success_feedback_role_arn": "",
            "sqs_success_feedback_sample_rate": 0,
            "tags": null,
            "tags_all": {},
            "tracing_config": ""
          },
          "sensitive_attributes": [],
          "private": "bnVsbA=="
        }
      ]
    },
    {
      "module": "module.account_b",
      "mode": "managed",
      "type": "aws_sns_topic_subscription",
      "name": "email",
      "provider": "module.account_b.provider[\"registry.terraform.io/hashicorp/aws\"]",
      "instances": [
        {
          "schema_version": 0,
          "attributes": {
            "arn": "arn:aws:sns:us-east-1:165220828225:securityhub-alert-topic:3872d813-59f1-449e-bb98-4aa43be36d26",
            "confirmation_timeout_in_minutes": 1,
            "confirmation_was_authenticated": false,
            "delivery_policy": "",
            "endpoint": "ashwini.kanagaraj@digidense.in",
            "endpoint_auto_confirms": false,
            "filter_policy": "",
            "filter_policy_scope": "",
            "id": "arn:aws:sns:us-east-1:165220828225:securityhub-alert-topic:3872d813-59f1-449e-bb98-4aa43be36d26",
            "owner_id": "165220828225",
            "pending_confirmation": true,
            "protocol": "email",
            "raw_message_delivery": false,
            "redrive_policy": "",
            "region": "us-east-1",
            "replay_policy": "",
            "subscription_role_arn": "",
            "topic_arn": "arn:aws:sns:us-east-1:165220828225:securityhub-alert-topic"
          },
          "sensitive_attributes": [],
          "private": "bnVsbA==",
          "dependencies": [
            "module.account_b.aws_sns_topic.alerts"
          ]
        }
      ]
    }
  ],
  "check_results": null
}
