{
  "version": 4,
  "terraform_version": "1.8.2",
  "serial": 191,
  "lineage": "fab109a3-53c9-7f20-2c16-acf9f56a35b1",
  "outputs": {
    "cluster_endpoint": {
      "value": "dbserverclusteraurora.cluster-cavk0ucm2c8k.us-east-1.rds.amazonaws.com",
      "type": "string"
    },
    "cluster_id": {
      "value": "dbserverclusteraurora",
      "type": "string"
    },
    "cluster_port": {
      "value": 5432,
      "type": "number"
    },
    "cluster_reader_endpoint": {
      "value": "dbserverclusteraurora.cluster-ro-cavk0ucm2c8k.us-east-1.rds.amazonaws.com",
      "type": "string"
    },
    "created_databases": {
      "value": [],
      "type": [
        "tuple",
        []
      ]
    },
    "kms_key_arn": {
      "value": "arn:aws:kms:us-east-1:165220828225:key/ed05af06-0f91-4aa5-95ce-938ada4bc404",
      "type": "string"
    },
    "security_group_id": {
      "value": "sg-091fff2d4a3406b0e",
      "type": "string"
    }
  },
  "resources": [
    {
      "mode": "managed",
      "type": "aws_db_parameter_group",
      "name": "aurora",
      "provider": "provider[\"registry.terraform.io/hashicorp/aws\"]",
      "instances": [
        {
          "schema_version": 0,
          "attributes": {
            "arn": "arn:aws:rds:us-east-1:165220828225:pg:dbservercluster-aurora-db-params",
            "description": "Managed by Terraform",
            "family": "aurora-postgresql15",
            "id": "dbservercluster-aurora-db-params",
            "name": "dbservercluster-aurora-db-params",
            "name_prefix": "",
            "parameter": [],
            "region": "us-east-1",
            "skip_destroy": false,
            "tags": null,
            "tags_all": {}
          },
          "sensitive_attributes": [],
          "private": "bnVsbA=="
        }
      ]
    },
    {
      "mode": "managed",
      "type": "aws_db_subnet_group",
      "name": "aurora",
      "provider": "provider[\"registry.terraform.io/hashicorp/aws\"]",
      "instances": [
        {
          "schema_version": 0,
          "attributes": {
            "arn": "arn:aws:rds:us-east-1:165220828225:subgrp:dbservercluster-aurora-subnet-group",
            "description": "Managed by Terraform",
            "id": "dbservercluster-aurora-subnet-group",
            "name": "dbservercluster-aurora-subnet-group",
            "name_prefix": "",
            "region": "us-east-1",
            "subnet_ids": [
              "subnet-04b7ba2fee6212c88",
              "subnet-099f2e0d6bede6fa2"
            ],
            "supported_network_types": [
              "IPV4"
            ],
            "tags": null,
            "tags_all": {},
            "vpc_id": "vpc-0f1074e15190e4869"
          },
          "sensitive_attributes": [],
          "private": "bnVsbA=="
        }
      ]
    },
    {
      "mode": "managed",
      "type": "aws_iam_role",
      "name": "rds_enhanced_monitoring",
      "provider": "provider[\"registry.terraform.io/hashicorp/aws\"]",
      "instances": [
        {
          "index_key": 0,
          "schema_version": 0,
          "attributes": {
            "arn": "arn:aws:iam::165220828225:role/dbservercluster-rds-enhanced-monitoring",
            "assume_role_policy": "{\"Statement\":[{\"Action\":\"sts:AssumeRole\",\"Effect\":\"Allow\",\"Principal\":{\"Service\":\"monitoring.rds.amazonaws.com\"}}],\"Version\":\"2012-10-17\"}",
            "create_date": "2025-11-21T04:43:29Z",
            "description": "",
            "force_detach_policies": false,
            "id": "dbservercluster-rds-enhanced-monitoring",
            "inline_policy": [],
            "managed_policy_arns": [],
            "max_session_duration": 3600,
            "name": "dbservercluster-rds-enhanced-monitoring",
            "name_prefix": "",
            "path": "/",
            "permissions_boundary": "",
            "tags": null,
            "tags_all": {},
            "unique_id": "AROASM57NYRA6QWJOY22K"
          },
          "sensitive_attributes": [],
          "private": "bnVsbA=="
        }
      ]
    },
    {
      "mode": "managed",
      "type": "aws_iam_role_policy_attachment",
      "name": "rds_enhanced_monitoring",
      "provider": "provider[\"registry.terraform.io/hashicorp/aws\"]",
      "instances": [
        {
          "index_key": 0,
          "schema_version": 0,
          "attributes": {
            "id": "dbservercluster-rds-enhanced-monitoring/arn:aws:iam::aws:policy/service-role/AmazonRDSEnhancedMonitoringRole",
            "policy_arn": "arn:aws:iam::aws:policy/service-role/AmazonRDSEnhancedMonitoringRole",
            "role": "dbservercluster-rds-enhanced-monitoring"
          },
          "sensitive_attributes": [],
          "private": "bnVsbA==",
          "dependencies": [
            "aws_iam_role.rds_enhanced_monitoring"
          ]
        }
      ]
    },
    {
      "mode": "managed",
      "type": "aws_kms_alias",
      "name": "aurora_secrets_kms_alias",
      "provider": "provider[\"registry.terraform.io/hashicorp/aws\"]",
      "instances": [
        {
          "schema_version": 0,
          "attributes": {
            "arn": "arn:aws:kms:us-east-1:165220828225:alias/dbservercluster-aurora-secrets-kms",
            "id": "alias/dbservercluster-aurora-secrets-kms",
            "name": "alias/dbservercluster-aurora-secrets-kms",
            "name_prefix": "",
            "region": "us-east-1",
            "target_key_arn": "arn:aws:kms:us-east-1:165220828225:key/ed05af06-0f91-4aa5-95ce-938ada4bc404",
            "target_key_id": "ed05af06-0f91-4aa5-95ce-938ada4bc404"
          },
          "sensitive_attributes": [],
          "private": "bnVsbA==",
          "dependencies": [
            "aws_kms_key.aurora_secrets_kms"
          ]
        }
      ]
    },
    {
      "mode": "managed",
      "type": "aws_kms_key",
      "name": "aurora_secrets_kms",
      "provider": "provider[\"registry.terraform.io/hashicorp/aws\"]",
      "instances": [
        {
          "schema_version": 0,
          "attributes": {
            "arn": "arn:aws:kms:us-east-1:165220828225:key/ed05af06-0f91-4aa5-95ce-938ada4bc404",
            "bypass_policy_lockout_safety_check": false,
            "custom_key_store_id": "",
            "customer_master_key_spec": "SYMMETRIC_DEFAULT",
            "deletion_window_in_days": null,
            "description": "KMS key for Aurora master credentials and related secrets",
            "enable_key_rotation": true,
            "id": "ed05af06-0f91-4aa5-95ce-938ada4bc404",
            "is_enabled": true,
            "key_id": "ed05af06-0f91-4aa5-95ce-938ada4bc404",
            "key_usage": "ENCRYPT_DECRYPT",
            "multi_region": false,
            "policy": "{\"Id\":\"key-default-1\",\"Statement\":[{\"Action\":\"kms:*\",\"Effect\":\"Allow\",\"Principal\":{\"AWS\":\"arn:aws:iam::165220828225:root\"},\"Resource\":\"*\",\"Sid\":\"Enable IAM User Permissions\"}],\"Version\":\"2012-10-17\"}",
            "region": "us-east-1",
            "rotation_period_in_days": 365,
            "tags": {
              "Name": "dbservercluster-aurora-secrets-kms"
            },
            "tags_all": {
              "Name": "dbservercluster-aurora-secrets-kms"
            },
            "timeouts": null,
            "xks_key_id": ""
          },
          "sensitive_attributes": [],
          "private": "eyJlMmJmYjczMC1lY2FhLTExZTYtOGY4OC0zNDM2M2JjN2M0YzAiOnsiY3JlYXRlIjoxMjAwMDAwMDAwMDB9fQ=="
        }
      ]
    },
    {
      "mode": "managed",
      "type": "aws_kms_key",
      "name": "secrets_kms",
      "provider": "provider[\"registry.terraform.io/hashicorp/aws\"]",
      "instances": []
    },
    {
      "mode": "managed",
      "type": "aws_rds_cluster",
      "name": "aurora",
      "provider": "provider[\"registry.terraform.io/hashicorp/aws\"]",
      "instances": [
        {
          "schema_version": 1,
          "attributes": {
            "allocated_storage": 1,
            "allow_major_version_upgrade": null,
            "apply_immediately": null,
            "arn": "arn:aws:rds:us-east-1:165220828225:cluster:dbserverclusteraurora",
            "availability_zones": [
              "us-east-1a",
              "us-east-1b",
              "us-east-1c"
            ],
            "backtrack_window": 0,
            "backup_retention_period": 7,
            "ca_certificate_identifier": null,
            "ca_certificate_valid_till": null,
            "cluster_identifier": "dbserverclusteraurora",
            "cluster_identifier_prefix": "",
            "cluster_members": [],
            "cluster_resource_id": "cluster-VV5J5ELZY7V2ODEYJQC3DROBLM",
            "cluster_scalability_type": "",
            "copy_tags_to_snapshot": false,
            "database_insights_mode": "standard",
            "database_name": "postgres",
            "db_cluster_instance_class": "",
            "db_cluster_parameter_group_name": "dbservercluster-aurora-cluster-params",
            "db_instance_parameter_group_name": null,
            "db_subnet_group_name": "dbservercluster-aurora-subnet-group",
            "db_system_id": "",
            "delete_automated_backups": true,
            "deletion_protection": false,
            "domain": "",
            "domain_iam_role_name": "",
            "enable_global_write_forwarding": false,
            "enable_http_endpoint": false,
            "enable_local_write_forwarding": false,
            "enabled_cloudwatch_logs_exports": [
              "postgresql"
            ],
            "endpoint": "dbserverclusteraurora.cluster-cavk0ucm2c8k.us-east-1.rds.amazonaws.com",
            "engine": "aurora-postgresql",
            "engine_lifecycle_support": "open-source-rds-extended-support",
            "engine_mode": "provisioned",
            "engine_version": "15.12",
            "engine_version_actual": "15.12",
            "final_snapshot_identifier": null,
            "global_cluster_identifier": "",
            "hosted_zone_id": "Z2R2ITUGPM61AM",
            "iam_database_authentication_enabled": false,
            "iam_roles": [],
            "id": "dbserverclusteraurora",
            "iops": 0,
            "kms_key_id": "arn:aws:kms:us-east-1:165220828225:key/ed05af06-0f91-4aa5-95ce-938ada4bc404",
            "manage_master_user_password": null,
            "master_password": "!#$%^\u0026*()-_=+[]{}\u003c\u003e?:.,",
            "master_password_wo": null,
            "master_password_wo_version": null,
            "master_user_secret": [],
            "master_user_secret_kms_key_id": null,
            "master_username": "postgres",
            "monitoring_interval": 0,
            "monitoring_role_arn": "",
            "network_type": "IPV4",
            "performance_insights_enabled": false,
            "performance_insights_kms_key_id": "",
            "performance_insights_retention_period": 0,
            "port": 5432,
            "preferred_backup_window": "03:00-04:00",
            "preferred_maintenance_window": "sun:04:00-sun:05:00",
            "reader_endpoint": "dbserverclusteraurora.cluster-ro-cavk0ucm2c8k.us-east-1.rds.amazonaws.com",
            "region": "us-east-1",
            "replication_source_identifier": "",
            "restore_to_point_in_time": [],
            "s3_import": [],
            "scaling_configuration": [],
            "serverlessv2_scaling_configuration": [],
            "skip_final_snapshot": true,
            "snapshot_identifier": null,
            "source_region": null,
            "storage_encrypted": true,
            "storage_type": "",
            "tags": null,
            "tags_all": {},
            "timeouts": null,
            "vpc_security_group_ids": [
              "sg-091fff2d4a3406b0e"
            ]
          },
          "sensitive_attributes": [
            [
              {
                "type": "get_attr",
                "value": "master_password"
              }
            ],
            [
              {
                "type": "get_attr",
                "value": "master_password_wo"
              }
            ]
          ],
          "private": "eyJlMmJmYjczMC1lY2FhLTExZTYtOGY4OC0zNDM2M2JjN2M0YzAiOnsiY3JlYXRlIjo3MjAwMDAwMDAwMDAwLCJkZWxldGUiOjcyMDAwMDAwMDAwMDAsInVwZGF0ZSI6NzIwMDAwMDAwMDAwMH0sInNjaGVtYV92ZXJzaW9uIjoiMSJ9",
          "dependencies": [
            "aws_db_subnet_group.aurora",
            "aws_kms_key.aurora_secrets_kms",
            "aws_rds_cluster_parameter_group.aurora"
          ]
        }
      ]
    },
    {
      "mode": "managed",
      "type": "aws_rds_cluster_instance",
      "name": "aurora",
      "provider": "provider[\"registry.terraform.io/hashicorp/aws\"]",
      "instances": [
        {
          "index_key": 0,
          "schema_version": 0,
          "attributes": {
            "apply_immediately": null,
            "arn": "arn:aws:rds:us-east-1:165220828225:db:dbservercluster-aurora-0",
            "auto_minor_version_upgrade": true,
            "availability_zone": "us-east-1a",
            "ca_cert_identifier": "rds-ca-rsa2048-g1",
            "cluster_identifier": "dbserverclusteraurora",
            "copy_tags_to_snapshot": false,
            "custom_iam_instance_profile": "",
            "db_parameter_group_name": "dbservercluster-aurora-db-params",
            "db_subnet_group_name": "dbservercluster-aurora-subnet-group",
            "dbi_resource_id": "db-VP725F4NQKUCSE2LMOJAVIFX4E",
            "endpoint": "dbservercluster-aurora-0.cavk0ucm2c8k.us-east-1.rds.amazonaws.com",
            "engine": "aurora-postgresql",
            "engine_version": "15.12",
            "engine_version_actual": "15.12",
            "force_destroy": false,
            "id": "dbservercluster-aurora-0",
            "identifier": "dbservercluster-aurora-0",
            "identifier_prefix": "",
            "instance_class": "db.r6g.large",
            "kms_key_id": "arn:aws:kms:us-east-1:165220828225:key/ed05af06-0f91-4aa5-95ce-938ada4bc404",
            "monitoring_interval": 60,
            "monitoring_role_arn": "arn:aws:iam::165220828225:role/dbservercluster-rds-enhanced-monitoring",
            "network_type": "IPV4",
            "performance_insights_enabled": true,
            "performance_insights_kms_key_id": "arn:aws:kms:us-east-1:165220828225:key/e91333a8-f9a7-4ab8-85dd-e01e21647df4",
            "performance_insights_retention_period": 7,
            "port": 5432,
            "preferred_backup_window": "03:00-04:00",
            "preferred_maintenance_window": "sun:06:57-sun:07:27",
            "promotion_tier": 0,
            "publicly_accessible": false,
            "region": "us-east-1",
            "storage_encrypted": true,
            "tags": null,
            "tags_all": {},
            "timeouts": null,
            "writer": false
          },
          "sensitive_attributes": [],
          "private": "eyJlMmJmYjczMC1lY2FhLTExZTYtOGY4OC0zNDM2M2JjN2M0YzAiOnsiY3JlYXRlIjo1NDAwMDAwMDAwMDAwLCJkZWxldGUiOjU0MDAwMDAwMDAwMDAsInVwZGF0ZSI6NTQwMDAwMDAwMDAwMH19",
          "dependencies": [
            "aws_db_parameter_group.aurora",
            "aws_db_subnet_group.aurora",
            "aws_iam_role.rds_enhanced_monitoring",
            "aws_kms_key.aurora_secrets_kms",
            "aws_rds_cluster.aurora",
            "aws_rds_cluster_parameter_group.aurora"
          ]
        },
        {
          "index_key": 1,
          "schema_version": 0,
          "attributes": {
            "apply_immediately": null,
            "arn": "arn:aws:rds:us-east-1:165220828225:db:dbservercluster-aurora-1",
            "auto_minor_version_upgrade": true,
            "availability_zone": "us-east-1b",
            "ca_cert_identifier": "rds-ca-rsa2048-g1",
            "cluster_identifier": "dbserverclusteraurora",
            "copy_tags_to_snapshot": false,
            "custom_iam_instance_profile": "",
            "db_parameter_group_name": "dbservercluster-aurora-db-params",
            "db_subnet_group_name": "dbservercluster-aurora-subnet-group",
            "dbi_resource_id": "db-J5K5RHMBPL74CKY5ELVI2HTTKE",
            "endpoint": "dbservercluster-aurora-1.cavk0ucm2c8k.us-east-1.rds.amazonaws.com",
            "engine": "aurora-postgresql",
            "engine_version": "15.12",
            "engine_version_actual": "15.12",
            "force_destroy": false,
            "id": "dbservercluster-aurora-1",
            "identifier": "dbservercluster-aurora-1",
            "identifier_prefix": "",
            "instance_class": "db.r6g.large",
            "kms_key_id": "arn:aws:kms:us-east-1:165220828225:key/ed05af06-0f91-4aa5-95ce-938ada4bc404",
            "monitoring_interval": 60,
            "monitoring_role_arn": "arn:aws:iam::165220828225:role/dbservercluster-rds-enhanced-monitoring",
            "network_type": "IPV4",
            "performance_insights_enabled": true,
            "performance_insights_kms_key_id": "arn:aws:kms:us-east-1:165220828225:key/e91333a8-f9a7-4ab8-85dd-e01e21647df4",
            "performance_insights_retention_period": 7,
            "port": 5432,
            "preferred_backup_window": "03:00-04:00",
            "preferred_maintenance_window": "wed:09:04-wed:09:34",
            "promotion_tier": 0,
            "publicly_accessible": false,
            "region": "us-east-1",
            "storage_encrypted": true,
            "tags": null,
            "tags_all": {},
            "timeouts": null,
            "writer": true
          },
          "sensitive_attributes": [],
          "private": "eyJlMmJmYjczMC1lY2FhLTExZTYtOGY4OC0zNDM2M2JjN2M0YzAiOnsiY3JlYXRlIjo1NDAwMDAwMDAwMDAwLCJkZWxldGUiOjU0MDAwMDAwMDAwMDAsInVwZGF0ZSI6NTQwMDAwMDAwMDAwMH19",
          "dependencies": [
            "aws_db_parameter_group.aurora",
            "aws_db_subnet_group.aurora",
            "aws_iam_role.rds_enhanced_monitoring",
            "aws_kms_key.aurora_secrets_kms",
            "aws_rds_cluster.aurora",
            "aws_rds_cluster_parameter_group.aurora"
          ]
        }
      ]
    },
    {
      "mode": "managed",
      "type": "aws_rds_cluster_parameter_group",
      "name": "aurora",
      "provider": "provider[\"registry.terraform.io/hashicorp/aws\"]",
      "instances": [
        {
          "schema_version": 0,
          "attributes": {
            "arn": "arn:aws:rds:us-east-1:165220828225:cluster-pg:dbservercluster-aurora-cluster-params",
            "description": "Managed by Terraform",
            "family": "aurora-postgresql15",
            "id": "dbservercluster-aurora-cluster-params",
            "name": "dbservercluster-aurora-cluster-params",
            "name_prefix": "",
            "parameter": [],
            "region": "us-east-1",
            "tags": null,
            "tags_all": {}
          },
          "sensitive_attributes": [],
          "private": "bnVsbA=="
        }
      ]
    },
    {
      "mode": "managed",
      "type": "random_password",
      "name": "app_user",
      "provider": "provider[\"registry.terraform.io/hashicorp/random\"]",
      "instances": [
        {
          "schema_version": 3,
          "attributes": {
            "bcrypt_hash": "$2a$10$U1srRyJaa9xI1S3CLJk8DObxpi8rPcKRc8yHGqNGdKQxBfDZm6WBu",
            "id": "none",
            "keepers": null,
            "length": 16,
            "lower": true,
            "min_lower": 0,
            "min_numeric": 0,
            "min_special": 0,
            "min_upper": 0,
            "number": true,
            "numeric": true,
            "override_special": "!#$%^\u0026*()-_=+[]{}\u003c\u003e?:.,",
            "result": "C^S)ef[mOoU.t\u003cyK",
            "special": true,
            "upper": true
          },
          "sensitive_attributes": [
            [
              {
                "type": "get_attr",
                "value": "bcrypt_hash"
              }
            ],
            [
              {
                "type": "get_attr",
                "value": "result"
              }
            ]
          ]
        }
      ]
    }
  ],
  "check_results": null
}
