{
  "version": 4,
  "terraform_version": "1.8.2",
  "serial": 61,
  "lineage": "f0f37b2b-22f8-4db6-7aa7-3a8ad78679d5",
  "outputs": {
    "datasync_task_arn": {
      "value": "arn:aws:datasync:ap-southeast-1:473278020383:task/task-0c5d9ce0f509ebdfd",
      "type": "string"
    },
    "dev_location_arn": {
      "value": "arn:aws:datasync:ap-southeast-1:473278020383:location/loc-02ea67f484e7ddd24",
      "type": "string"
    },
    "uat_location_arn": {
      "value": "arn:aws:datasync:ap-southeast-1:473278020383:location/loc-048a4d5ed4805c232",
      "type": "string"
    }
  },
  "resources": [
    {
      "mode": "data",
      "type": "aws_caller_identity",
      "name": "current",
      "provider": "provider[\"registry.terraform.io/hashicorp/aws\"]",
      "instances": [
        {
          "schema_version": 0,
          "attributes": {
            "account_id": "165220828225",
            "arn": "arn:aws:iam::165220828225:root",
            "id": "165220828225",
            "user_id": "165220828225"
          },
          "sensitive_attributes": []
        }
      ]
    },
    {
      "mode": "managed",
      "type": "aws_cloudwatch_log_group",
      "name": "datasync_log_group",
      "provider": "provider[\"registry.terraform.io/hashicorp/aws\"].uat",
      "instances": [
        {
          "schema_version": 0,
          "attributes": {
            "arn": "arn:aws:logs:ap-southeast-1:473278020383:log-group:/aws/datasync/dev-to-uat",
            "id": "/aws/datasync/dev-to-uat",
            "kms_key_id": "",
            "log_group_class": "STANDARD",
            "name": "/aws/datasync/dev-to-uat",
            "name_prefix": "",
            "retention_in_days": 0,
            "skip_destroy": false,
            "tags": {},
            "tags_all": {}
          },
          "sensitive_attributes": [],
          "private": "bnVsbA=="
        }
      ]
    },
    {
      "mode": "managed",
      "type": "aws_datasync_location_s3",
      "name": "dev",
      "provider": "provider[\"registry.terraform.io/hashicorp/aws\"].uat",
      "instances": [
        {
          "schema_version": 0,
          "attributes": {
            "agent_arns": [],
            "arn": "arn:aws:datasync:ap-southeast-1:473278020383:location/loc-02ea67f484e7ddd24",
            "id": "arn:aws:datasync:ap-southeast-1:473278020383:location/loc-02ea67f484e7ddd24",
            "s3_bucket_arn": "arn:aws:s3:::dev-model-bucket-123",
            "s3_config": [
              {
                "bucket_access_role_arn": "arn:aws:iam::473278020383:role/datasync-s3-role-uat"
              }
            ],
            "s3_storage_class": "STANDARD",
            "subdirectory": "/",
            "tags": {},
            "tags_all": {},
            "uri": "s3://dev-model-bucket-123/"
          },
          "sensitive_attributes": [],
          "private": "bnVsbA==",
          "dependencies": [
            "aws_iam_role.datasync_role_uat"
          ]
        }
      ]
    },
    {
      "mode": "managed",
      "type": "aws_datasync_location_s3",
      "name": "uat",
      "provider": "provider[\"registry.terraform.io/hashicorp/aws\"].uat",
      "instances": [
        {
          "schema_version": 0,
          "attributes": {
            "agent_arns": [],
            "arn": "arn:aws:datasync:ap-southeast-1:473278020383:location/loc-048a4d5ed4805c232",
            "id": "arn:aws:datasync:ap-southeast-1:473278020383:location/loc-048a4d5ed4805c232",
            "s3_bucket_arn": "arn:aws:s3:::uat-model-bucket-123",
            "s3_config": [
              {
                "bucket_access_role_arn": "arn:aws:iam::473278020383:role/datasync-s3-role-uat"
              }
            ],
            "s3_storage_class": "STANDARD",
            "subdirectory": "/",
            "tags": {},
            "tags_all": {},
            "uri": "s3://uat-model-bucket-123/"
          },
          "sensitive_attributes": [],
          "private": "bnVsbA==",
          "dependencies": [
            "aws_iam_role.datasync_role_uat"
          ]
        }
      ]
    },
    {
      "mode": "managed",
      "type": "aws_datasync_task",
      "name": "dev_to_uat",
      "provider": "provider[\"registry.terraform.io/hashicorp/aws\"].uat",
      "instances": [
        {
          "schema_version": 0,
          "attributes": {
            "arn": "arn:aws:datasync:ap-southeast-1:473278020383:task/task-0c5d9ce0f509ebdfd",
            "cloudwatch_log_group_arn": "arn:aws:logs:ap-southeast-1:473278020383:log-group:/aws/datasync/dev-to-uat",
            "destination_location_arn": "arn:aws:datasync:ap-southeast-1:473278020383:location/loc-048a4d5ed4805c232",
            "excludes": [],
            "id": "arn:aws:datasync:ap-southeast-1:473278020383:task/task-0c5d9ce0f509ebdfd",
            "includes": [],
            "name": "dev-to-uat-model-sync",
            "options": [
              {
                "atime": "NONE",
                "bytes_per_second": -1,
                "gid": "NONE",
                "log_level": "BASIC",
                "mtime": "NONE",
                "object_tags": "PRESERVE",
                "overwrite_mode": "ALWAYS",
                "posix_permissions": "NONE",
                "preserve_deleted_files": "PRESERVE",
                "preserve_devices": "NONE",
                "security_descriptor_copy_flags": "NONE",
                "task_queueing": "ENABLED",
                "transfer_mode": "CHANGED",
                "uid": "NONE",
                "verify_mode": "POINT_IN_TIME_CONSISTENT"
              }
            ],
            "schedule": [],
            "source_location_arn": "arn:aws:datasync:ap-southeast-1:473278020383:location/loc-02ea67f484e7ddd24",
            "tags": {},
            "tags_all": {},
            "task_mode": "BASIC",
            "task_report_config": [],
            "timeouts": null
          },
          "sensitive_attributes": [],
          "private": "eyJlMmJmYjczMC1lY2FhLTExZTYtOGY4OC0zNDM2M2JjN2M0YzAiOnsiY3JlYXRlIjozMDAwMDAwMDAwMDB9fQ==",
          "dependencies": [
            "aws_cloudwatch_log_group.datasync_log_group",
            "aws_datasync_location_s3.dev",
            "aws_datasync_location_s3.uat",
            "aws_iam_role.datasync_role_uat"
          ]
        }
      ]
    },
    {
      "mode": "managed",
      "type": "aws_iam_role",
      "name": "datasync_role_uat",
      "provider": "provider[\"registry.terraform.io/hashicorp/aws\"].uat",
      "instances": [
        {
          "schema_version": 0,
          "attributes": {
            "arn": "arn:aws:iam::473278020383:role/datasync-s3-role-uat",
            "assume_role_policy": "{\"Statement\":[{\"Action\":\"sts:AssumeRole\",\"Effect\":\"Allow\",\"Principal\":{\"Service\":\"datasync.amazonaws.com\"}}],\"Version\":\"2012-10-17\"}",
            "create_date": "2025-11-21T13:26:54Z",
            "description": "",
            "force_detach_policies": false,
            "id": "datasync-s3-role-uat",
            "inline_policy": [
              {
                "name": "terraform-20251121132657526700000001",
                "policy": "{\"Version\":\"2012-10-17\",\"Statement\":[{\"Action\":[\"s3:ListBucket\"],\"Effect\":\"Allow\",\"Resource\":\"arn:aws:s3:::dev-model-bucket-123\"},{\"Action\":[\"s3:GetObject\"],\"Effect\":\"Allow\",\"Resource\":\"arn:aws:s3:::dev-model-bucket-123/*\"},{\"Action\":[\"s3:ListBucket\"],\"Effect\":\"Allow\",\"Resource\":\"arn:aws:s3:::uat-model-bucket-123\"},{\"Action\":[\"s3:GetObject\",\"s3:PutObject\",\"s3:DeleteObject\",\"s3:DeleteObjectVersion\"],\"Effect\":\"Allow\",\"Resource\":\"arn:aws:s3:::uat-model-bucket-123/*\"},{\"Action\":[\"logs:CreateLogStream\",\"logs:PutLogEvents\",\"logs:DescribeLogGroups\",\"logs:DescribeLogStreams\"],\"Effect\":\"Allow\",\"Resource\":\"arn:aws:logs:ap-southeast-1:165220828225:log-group:/aws/datasync/dev-to-uat:*\"}]}"
              }
            ],
            "managed_policy_arns": [],
            "max_session_duration": 3600,
            "name": "datasync-s3-role-uat",
            "name_prefix": "",
            "path": "/",
            "permissions_boundary": "",
            "tags": {},
            "tags_all": {},
            "unique_id": "AROAW4MMRPMP3RV5MNS4Q"
          },
          "sensitive_attributes": [],
          "private": "bnVsbA=="
        }
      ]
    },
    {
      "mode": "managed",
      "type": "aws_iam_role",
      "name": "lambda_datasync_trigger_role",
      "provider": "provider[\"registry.terraform.io/hashicorp/aws\"].uat",
      "instances": [
        {
          "schema_version": 0,
          "attributes": {
            "arn": "arn:aws:iam::473278020383:role/lambda-datasync-trigger-role",
            "assume_role_policy": "{\"Statement\":[{\"Action\":\"sts:AssumeRole\",\"Effect\":\"Allow\",\"Principal\":{\"Service\":\"lambda.amazonaws.com\"}}],\"Version\":\"2012-10-17\"}",
            "create_date": "2025-11-21T14:18:25Z",
            "description": "",
            "force_detach_policies": false,
            "id": "lambda-datasync-trigger-role",
            "inline_policy": [
              {
                "name": "terraform-20251121141825907400000001",
                "policy": "{\"Version\":\"2012-10-17\",\"Statement\":[{\"Action\":[\"datasync:StartTaskExecution\"],\"Effect\":\"Allow\",\"Resource\":\"arn:aws:datasync:ap-southeast-1:473278020383:task/task-0c5d9ce0f509ebdfd\"},{\"Action\":[\"logs:CreateLogGroup\",\"logs:CreateLogStream\",\"logs:PutLogEvents\"],\"Effect\":\"Allow\",\"Resource\":\"*\"}]}"
              }
            ],
            "managed_policy_arns": [],
            "max_session_duration": 3600,
            "name": "lambda-datasync-trigger-role",
            "name_prefix": "",
            "path": "/",
            "permissions_boundary": "",
            "tags": {},
            "tags_all": {},
            "unique_id": "AROAW4MMRPMP3HEMIG3P6"
          },
          "sensitive_attributes": [],
          "private": "bnVsbA=="
        }
      ]
    },
    {
      "mode": "managed",
      "type": "aws_iam_role_policy",
      "name": "datasync_role_policy_uat",
      "provider": "provider[\"registry.terraform.io/hashicorp/aws\"].uat",
      "instances": [
        {
          "schema_version": 0,
          "attributes": {
            "id": "datasync-s3-role-uat:terraform-20251121132657526700000001",
            "name": "terraform-20251121132657526700000001",
            "name_prefix": "terraform-",
            "policy": "{\"Version\":\"2012-10-17\",\"Statement\":[{\"Action\":[\"s3:ListBucket\"],\"Effect\":\"Allow\",\"Resource\":\"arn:aws:s3:::dev-model-bucket-123\"},{\"Action\":[\"s3:GetObject\"],\"Effect\":\"Allow\",\"Resource\":\"arn:aws:s3:::dev-model-bucket-123/*\"},{\"Action\":[\"s3:ListBucket\"],\"Effect\":\"Allow\",\"Resource\":\"arn:aws:s3:::uat-model-bucket-123\"},{\"Action\":[\"s3:GetObject\",\"s3:PutObject\",\"s3:DeleteObject\",\"s3:DeleteObjectVersion\"],\"Effect\":\"Allow\",\"Resource\":\"arn:aws:s3:::uat-model-bucket-123/*\"},{\"Action\":[\"logs:CreateLogStream\",\"logs:PutLogEvents\",\"logs:DescribeLogGroups\",\"logs:DescribeLogStreams\"],\"Effect\":\"Allow\",\"Resource\":\"arn:aws:logs:ap-southeast-1:165220828225:log-group:/aws/datasync/dev-to-uat:*\"}]}",
            "role": "datasync-s3-role-uat"
          },
          "sensitive_attributes": [],
          "private": "bnVsbA==",
          "dependencies": [
            "aws_iam_role.datasync_role_uat",
            "data.aws_caller_identity.current"
          ]
        }
      ]
    },
    {
      "mode": "managed",
      "type": "aws_iam_role_policy",
      "name": "lambda_datasync_trigger_policy",
      "provider": "provider[\"registry.terraform.io/hashicorp/aws\"].uat",
      "instances": [
        {
          "schema_version": 0,
          "attributes": {
            "id": "lambda-datasync-trigger-role:terraform-20251121141825907400000001",
            "name": "terraform-20251121141825907400000001",
            "name_prefix": "terraform-",
            "policy": "{\"Version\":\"2012-10-17\",\"Statement\":[{\"Action\":[\"datasync:StartTaskExecution\"],\"Effect\":\"Allow\",\"Resource\":\"arn:aws:datasync:ap-southeast-1:473278020383:task/task-0c5d9ce0f509ebdfd\"},{\"Action\":[\"logs:CreateLogGroup\",\"logs:CreateLogStream\",\"logs:PutLogEvents\"],\"Effect\":\"Allow\",\"Resource\":\"*\"}]}",
            "role": "lambda-datasync-trigger-role"
          },
          "sensitive_attributes": [],
          "private": "bnVsbA==",
          "dependencies": [
            "aws_cloudwatch_log_group.datasync_log_group",
            "aws_datasync_location_s3.dev",
            "aws_datasync_location_s3.uat",
            "aws_datasync_task.dev_to_uat",
            "aws_iam_role.datasync_role_uat",
            "aws_iam_role.lambda_datasync_trigger_role"
          ]
        }
      ]
    },
    {
      "mode": "managed",
      "type": "aws_lambda_function",
      "name": "trigger_datasync",
      "provider": "provider[\"registry.terraform.io/hashicorp/aws\"].uat",
      "instances": [
        {
          "schema_version": 0,
          "attributes": {
            "architectures": [
              "x86_64"
            ],
            "arn": "arn:aws:lambda:ap-southeast-1:473278020383:function:trigger-datasync-task",
            "code_sha256": "CJTC1/C5hgvzmwrc68yIMFXlES5AUlPO/kLopL7M+E4=",
            "code_signing_config_arn": "",
            "dead_letter_config": [],
            "description": "",
            "environment": [
              {
                "variables": {
                  "DATASYNC_TASK_ARN": "arn:aws:datasync:ap-southeast-1:473278020383:task/task-0c5d9ce0f509ebdfd"
                }
              }
            ],
            "ephemeral_storage": [
              {
                "size": 512
              }
            ],
            "file_system_config": [],
            "filename": "index.zip",
            "function_name": "trigger-datasync-task",
            "handler": "index.handler",
            "id": "trigger-datasync-task",
            "image_config": [],
            "image_uri": "",
            "invoke_arn": "arn:aws:apigateway:ap-southeast-1:lambda:path/2015-03-31/functions/arn:aws:lambda:ap-southeast-1:473278020383:function:trigger-datasync-task/invocations",
            "kms_key_arn": "",
            "last_modified": "2025-11-21T14:23:36.322+0000",
            "layers": null,
            "logging_config": [
              {
                "application_log_level": "",
                "log_format": "Text",
                "log_group": "/aws/lambda/trigger-datasync-task",
                "system_log_level": ""
              }
            ],
            "memory_size": 128,
            "package_type": "Zip",
            "publish": false,
            "qualified_arn": "arn:aws:lambda:ap-southeast-1:473278020383:function:trigger-datasync-task:$LATEST",
            "qualified_invoke_arn": "arn:aws:apigateway:ap-southeast-1:lambda:path/2015-03-31/functions/arn:aws:lambda:ap-southeast-1:473278020383:function:trigger-datasync-task:$LATEST/invocations",
            "replace_security_groups_on_destroy": null,
            "replacement_security_group_ids": null,
            "reserved_concurrent_executions": -1,
            "role": "arn:aws:iam::473278020383:role/lambda-datasync-trigger-role",
            "runtime": "python3.11",
            "s3_bucket": null,
            "s3_key": null,
            "s3_object_version": null,
            "signing_job_arn": "",
            "signing_profile_version_arn": "",
            "skip_destroy": false,
            "snap_start": [],
            "source_code_hash": "",
            "source_code_size": 372,
            "tags": null,
            "tags_all": {},
            "timeout": 3,
            "timeouts": null,
            "tracing_config": [
              {
                "mode": "PassThrough"
              }
            ],
            "version": "$LATEST",
            "vpc_config": []
          },
          "sensitive_attributes": [],
          "private": "eyJlMmJmYjczMC1lY2FhLTExZTYtOGY4OC0zNDM2M2JjN2M0YzAiOnsiY3JlYXRlIjo2MDAwMDAwMDAwMDAsImRlbGV0ZSI6NjAwMDAwMDAwMDAwLCJ1cGRhdGUiOjYwMDAwMDAwMDAwMH19",
          "dependencies": [
            "aws_cloudwatch_log_group.datasync_log_group",
            "aws_datasync_location_s3.dev",
            "aws_datasync_location_s3.uat",
            "aws_datasync_task.dev_to_uat",
            "aws_iam_role.datasync_role_uat",
            "aws_iam_role.lambda_datasync_trigger_role"
          ]
        }
      ]
    },
    {
      "mode": "managed",
      "type": "aws_s3_bucket",
      "name": "dev_bucket",
      "provider": "provider[\"registry.terraform.io/hashicorp/aws\"].dev",
      "instances": [
        {
          "schema_version": 0,
          "attributes": {
            "acceleration_status": "",
            "acl": null,
            "arn": "arn:aws:s3:::dev-model-bucket-123",
            "bucket": "dev-model-bucket-123",
            "bucket_domain_name": "dev-model-bucket-123.s3.amazonaws.com",
            "bucket_prefix": "",
            "bucket_regional_domain_name": "dev-model-bucket-123.s3.ap-southeast-1.amazonaws.com",
            "cors_rule": [],
            "force_destroy": false,
            "grant": [
              {
                "id": "5f0766eb429f366d9c7ec467fa6d97b64da2ed101e7fb21ed20a0c5feab57faa",
                "permissions": [
                  "FULL_CONTROL"
                ],
                "type": "CanonicalUser",
                "uri": ""
              }
            ],
            "hosted_zone_id": "Z3O0J2DXBE1FTB",
            "id": "dev-model-bucket-123",
            "lifecycle_rule": [],
            "logging": [],
            "object_lock_configuration": [],
            "object_lock_enabled": false,
            "policy": "{\"Statement\":[{\"Action\":\"s3:ListBucket\",\"Effect\":\"Allow\",\"Principal\":{\"AWS\":\"arn:aws:iam::473278020383:role/datasync-s3-role-uat\"},\"Resource\":\"arn:aws:s3:::dev-model-bucket-123\",\"Sid\":\"AllowDataSyncFromUATReadDevBucket\"},{\"Action\":\"s3:GetObject\",\"Effect\":\"Allow\",\"Principal\":{\"AWS\":\"arn:aws:iam::473278020383:role/datasync-s3-role-uat\"},\"Resource\":\"arn:aws:s3:::dev-model-bucket-123/*\",\"Sid\":\"AllowDataSyncFromUATReadDevObjects\"}],\"Version\":\"2012-10-17\"}",
            "region": "ap-southeast-1",
            "replication_configuration": [],
            "request_payer": "BucketOwner",
            "server_side_encryption_configuration": [
              {
                "rule": [
                  {
                    "apply_server_side_encryption_by_default": [
                      {
                        "kms_master_key_id": "",
                        "sse_algorithm": "AES256"
                      }
                    ],
                    "bucket_key_enabled": false
                  }
                ]
              }
            ],
            "tags": {},
            "tags_all": {},
            "timeouts": null,
            "versioning": [
              {
                "enabled": false,
                "mfa_delete": false
              }
            ],
            "website": [],
            "website_domain": null,
            "website_endpoint": null
          },
          "sensitive_attributes": [],
          "private": "eyJlMmJmYjczMC1lY2FhLTExZTYtOGY4OC0zNDM2M2JjN2M0YzAiOnsiY3JlYXRlIjoxMjAwMDAwMDAwMDAwLCJkZWxldGUiOjM2MDAwMDAwMDAwMDAsInJlYWQiOjEyMDAwMDAwMDAwMDAsInVwZGF0ZSI6MTIwMDAwMDAwMDAwMH19"
        }
      ]
    },
    {
      "mode": "managed",
      "type": "aws_s3_bucket",
      "name": "uat_bucket",
      "provider": "provider[\"registry.terraform.io/hashicorp/aws\"].uat",
      "instances": [
        {
          "schema_version": 0,
          "attributes": {
            "acceleration_status": "",
            "acl": null,
            "arn": "arn:aws:s3:::uat-model-bucket-123",
            "bucket": "uat-model-bucket-123",
            "bucket_domain_name": "uat-model-bucket-123.s3.amazonaws.com",
            "bucket_prefix": "",
            "bucket_regional_domain_name": "uat-model-bucket-123.s3.ap-southeast-1.amazonaws.com",
            "cors_rule": [],
            "force_destroy": false,
            "grant": [
              {
                "id": "91fc5b0379f3395de8eb4c05f222c5420e8892e68705bb6c860e4845b550487e",
                "permissions": [
                  "FULL_CONTROL"
                ],
                "type": "CanonicalUser",
                "uri": ""
              }
            ],
            "hosted_zone_id": "Z3O0J2DXBE1FTB",
            "id": "uat-model-bucket-123",
            "lifecycle_rule": [],
            "logging": [],
            "object_lock_configuration": [],
            "object_lock_enabled": false,
            "policy": "{\"Statement\":[{\"Action\":\"s3:ListBucket\",\"Effect\":\"Allow\",\"Principal\":{\"AWS\":\"arn:aws:iam::473278020383:role/datasync-s3-role-uat\"},\"Resource\":\"arn:aws:s3:::uat-model-bucket-123\",\"Sid\":\"AllowDataSyncFromUATAccessUATBucket\"},{\"Action\":[\"s3:GetObject\",\"s3:PutObject\",\"s3:DeleteObject\",\"s3:DeleteObjectVersion\"],\"Effect\":\"Allow\",\"Principal\":{\"AWS\":\"arn:aws:iam::473278020383:role/datasync-s3-role-uat\"},\"Resource\":\"arn:aws:s3:::uat-model-bucket-123/*\",\"Sid\":\"AllowDataSyncFromUATAccessUATObjects\"}],\"Version\":\"2012-10-17\"}",
            "region": "ap-southeast-1",
            "replication_configuration": [],
            "request_payer": "BucketOwner",
            "server_side_encryption_configuration": [
              {
                "rule": [
                  {
                    "apply_server_side_encryption_by_default": [
                      {
                        "kms_master_key_id": "",
                        "sse_algorithm": "AES256"
                      }
                    ],
                    "bucket_key_enabled": false
                  }
                ]
              }
            ],
            "tags": {},
            "tags_all": {},
            "timeouts": null,
            "versioning": [
              {
                "enabled": false,
                "mfa_delete": false
              }
            ],
            "website": [],
            "website_domain": null,
            "website_endpoint": null
          },
          "sensitive_attributes": [],
          "private": "eyJlMmJmYjczMC1lY2FhLTExZTYtOGY4OC0zNDM2M2JjN2M0YzAiOnsiY3JlYXRlIjoxMjAwMDAwMDAwMDAwLCJkZWxldGUiOjM2MDAwMDAwMDAwMDAsInJlYWQiOjEyMDAwMDAwMDAwMDAsInVwZGF0ZSI6MTIwMDAwMDAwMDAwMH19"
        }
      ]
    },
    {
      "mode": "managed",
      "type": "aws_s3_bucket_policy",
      "name": "dev_bucket_policy",
      "provider": "provider[\"registry.terraform.io/hashicorp/aws\"].dev",
      "instances": [
        {
          "schema_version": 0,
          "attributes": {
            "bucket": "dev-model-bucket-123",
            "id": "dev-model-bucket-123",
            "policy": "{\"Statement\":[{\"Action\":[\"s3:ListBucket\"],\"Effect\":\"Allow\",\"Principal\":{\"AWS\":\"arn:aws:iam::473278020383:role/datasync-s3-role-uat\"},\"Resource\":\"arn:aws:s3:::dev-model-bucket-123\",\"Sid\":\"AllowDataSyncFromUATReadDevBucket\"},{\"Action\":[\"s3:GetObject\"],\"Effect\":\"Allow\",\"Principal\":{\"AWS\":\"arn:aws:iam::473278020383:role/datasync-s3-role-uat\"},\"Resource\":\"arn:aws:s3:::dev-model-bucket-123/*\",\"Sid\":\"AllowDataSyncFromUATReadDevObjects\"}],\"Version\":\"2012-10-17\"}"
          },
          "sensitive_attributes": [],
          "private": "bnVsbA==",
          "dependencies": [
            "aws_iam_role.datasync_role_uat"
          ]
        }
      ]
    },
    {
      "mode": "managed",
      "type": "aws_s3_bucket_policy",
      "name": "uat_bucket_policy",
      "provider": "provider[\"registry.terraform.io/hashicorp/aws\"].uat",
      "instances": [
        {
          "schema_version": 0,
          "attributes": {
            "bucket": "uat-model-bucket-123",
            "id": "uat-model-bucket-123",
            "policy": "{\"Statement\":[{\"Action\":[\"s3:ListBucket\"],\"Effect\":\"Allow\",\"Principal\":{\"AWS\":\"arn:aws:iam::473278020383:role/datasync-s3-role-uat\"},\"Resource\":\"arn:aws:s3:::uat-model-bucket-123\",\"Sid\":\"AllowDataSyncFromUATAccessUATBucket\"},{\"Action\":[\"s3:GetObject\",\"s3:PutObject\",\"s3:DeleteObject\",\"s3:DeleteObjectVersion\"],\"Effect\":\"Allow\",\"Principal\":{\"AWS\":\"arn:aws:iam::473278020383:role/datasync-s3-role-uat\"},\"Resource\":\"arn:aws:s3:::uat-model-bucket-123/*\",\"Sid\":\"AllowDataSyncFromUATAccessUATObjects\"}],\"Version\":\"2012-10-17\"}"
          },
          "sensitive_attributes": [],
          "private": "bnVsbA==",
          "dependencies": [
            "aws_iam_role.datasync_role_uat"
          ]
        }
      ]
    }
  ],
  "check_results": null
}
