{
  "version": 4,
  "terraform_version": "1.8.2",
  "serial": 16,
  "lineage": "777bfb82-74c8-f35f-5ad3-0b358844b008",
  "outputs": {
    "datasync_log_group_arn": {
      "value": "arn:aws:logs:ap-southeast-1:473278020383:log-group:/aws/datasync/uat-to-dev",
      "type": "string"
    },
    "datasync_source_location_arn_uat": {
      "value": "arn:aws:datasync:ap-southeast-1:473278020383:location/loc-0d99c7c9b7e4deb6a",
      "type": "string"
    },
    "uat_bucket_arn": {
      "value": "arn:aws:s3:::uat-model-bucket-123",
      "type": "string"
    }
  },
  "resources": [
    {
      "mode": "managed",
      "type": "aws_cloudwatch_log_group",
      "name": "datasync_log_group",
      "provider": "provider[\"registry.terraform.io/hashicorp/aws\"].uat",
      "instances": [
        {
          "schema_version": 0,
          "attributes": {
            "arn": "arn:aws:logs:ap-southeast-1:473278020383:log-group:/aws/datasync/uat-to-dev",
            "id": "/aws/datasync/uat-to-dev",
            "kms_key_id": "",
            "log_group_class": "STANDARD",
            "name": "/aws/datasync/uat-to-dev",
            "name_prefix": "",
            "retention_in_days": 7,
            "skip_destroy": false,
            "tags": {},
            "tags_all": {}
          },
          "sensitive_attributes": [],
          "private": "bnVsbA=="
        }
      ]
    },
    {
      "mode": "managed",
      "type": "aws_cloudwatch_log_resource_policy",
      "name": "datasync_logs_policy",
      "provider": "provider[\"registry.terraform.io/hashicorp/aws\"].uat",
      "instances": [
        {
          "schema_version": 0,
          "attributes": {
            "id": "datasync-logs-policy",
            "policy_document": "{\"Statement\":[{\"Action\":[\"logs:CreateLogStream\",\"logs:PutLogEvents\",\"logs:DescribeLogStreams\"],\"Effect\":\"Allow\",\"Principal\":{\"Service\":\"datasync.amazonaws.com\"},\"Resource\":[\"arn:aws:logs:ap-southeast-1:473278020383:log-group:/aws/datasync/uat-to-dev\",\"arn:aws:logs:ap-southeast-1:473278020383:log-group:/aws/datasync/uat-to-dev:*\"],\"Sid\":\"AllowDataSyncServiceToWriteLogs\"}],\"Version\":\"2012-10-17\"}",
            "policy_name": "datasync-logs-policy"
          },
          "sensitive_attributes": [],
          "private": "bnVsbA==",
          "dependencies": [
            "aws_cloudwatch_log_group.datasync_log_group"
          ]
        }
      ]
    },
    {
      "mode": "managed",
      "type": "aws_datasync_location_s3",
      "name": "source_uat",
      "provider": "provider[\"registry.terraform.io/hashicorp/aws\"].uat",
      "instances": [
        {
          "schema_version": 0,
          "attributes": {
            "agent_arns": [],
            "arn": "arn:aws:datasync:ap-southeast-1:473278020383:location/loc-0d99c7c9b7e4deb6a",
            "id": "arn:aws:datasync:ap-southeast-1:473278020383:location/loc-0d99c7c9b7e4deb6a",
            "s3_bucket_arn": "arn:aws:s3:::uat-model-bucket-123",
            "s3_config": [
              {
                "bucket_access_role_arn": "arn:aws:iam::473278020383:role/datasync-cross-account-role-uat"
              }
            ],
            "s3_storage_class": "STANDARD",
            "subdirectory": "/",
            "tags": {},
            "tags_all": {},
            "uri": "s3://uat-model-bucket-123/"
          },
          "sensitive_attributes": [],
          "private": "bnVsbA==",
          "dependencies": [
            "aws_iam_role.datasync_role_uat"
          ]
        }
      ]
    },
    {
      "mode": "managed",
      "type": "aws_iam_role",
      "name": "datasync_role_uat",
      "provider": "provider[\"registry.terraform.io/hashicorp/aws\"].uat",
      "instances": [
        {
          "schema_version": 0,
          "attributes": {
            "arn": "arn:aws:iam::473278020383:role/datasync-cross-account-role-uat",
            "assume_role_policy": "{\"Statement\":[{\"Action\":\"sts:AssumeRole\",\"Effect\":\"Allow\",\"Principal\":{\"Service\":\"datasync.amazonaws.com\"}}],\"Version\":\"2012-10-17\"}",
            "create_date": "2025-11-25T08:44:36Z",
            "description": "",
            "force_detach_policies": false,
            "id": "datasync-cross-account-role-uat",
            "inline_policy": [
              {
                "name": "terraform-20251125084437368600000001",
                "policy": "{\"Version\":\"2012-10-17\",\"Statement\":[{\"Action\":[\"s3:ListBucket\",\"s3:GetBucketLocation\"],\"Effect\":\"Allow\",\"Resource\":\"arn:aws:s3:::uat-model-bucket-123\"},{\"Action\":[\"s3:GetObject\",\"s3:GetObjectTagging\"],\"Effect\":\"Allow\",\"Resource\":\"arn:aws:s3:::uat-model-bucket-123/*\"},{\"Action\":[\"s3:ListBucket\",\"s3:GetBucketLocation\"],\"Effect\":\"Allow\",\"Resource\":\"arn:aws:s3:::dev-model-bucket-123\"},{\"Action\":[\"s3:GetObject\",\"s3:GetObjectTagging\",\"s3:PutObject\",\"s3:PutObjectTagging\",\"s3:DeleteObject\"],\"Effect\":\"Allow\",\"Resource\":\"arn:aws:s3:::dev-model-bucket-123/*\"},{\"Action\":[\"logs:CreateLogGroup\",\"logs:CreateLogStream\",\"logs:PutLogEvents\",\"logs:DescribeLogStreams\"],\"Effect\":\"Allow\",\"Resource\":\"*\"}]}"
              }
            ],
            "managed_policy_arns": [],
            "max_session_duration": 3600,
            "name": "datasync-cross-account-role-uat",
            "name_prefix": "",
            "path": "/",
            "permissions_boundary": "",
            "tags": {},
            "tags_all": {},
            "unique_id": "AROAW4MMRPMPWL7KWGO67"
          },
          "sensitive_attributes": [],
          "private": "bnVsbA=="
        }
      ]
    },
    {
      "mode": "managed",
      "type": "aws_iam_role_policy",
      "name": "datasync_role_policy_uat",
      "provider": "provider[\"registry.terraform.io/hashicorp/aws\"].uat",
      "instances": [
        {
          "schema_version": 0,
          "attributes": {
            "id": "datasync-cross-account-role-uat:terraform-20251125084437368600000001",
            "name": "terraform-20251125084437368600000001",
            "name_prefix": "terraform-",
            "policy": "{\"Version\":\"2012-10-17\",\"Statement\":[{\"Action\":[\"s3:ListBucket\",\"s3:GetBucketLocation\"],\"Effect\":\"Allow\",\"Resource\":\"arn:aws:s3:::uat-model-bucket-123\"},{\"Action\":[\"s3:GetObject\",\"s3:GetObjectTagging\"],\"Effect\":\"Allow\",\"Resource\":\"arn:aws:s3:::uat-model-bucket-123/*\"},{\"Action\":[\"s3:ListBucket\",\"s3:GetBucketLocation\"],\"Effect\":\"Allow\",\"Resource\":\"arn:aws:s3:::dev-model-bucket-123\"},{\"Action\":[\"s3:GetObject\",\"s3:GetObjectTagging\",\"s3:PutObject\",\"s3:PutObjectTagging\",\"s3:DeleteObject\"],\"Effect\":\"Allow\",\"Resource\":\"arn:aws:s3:::dev-model-bucket-123/*\"},{\"Action\":[\"logs:CreateLogGroup\",\"logs:CreateLogStream\",\"logs:PutLogEvents\",\"logs:DescribeLogStreams\"],\"Effect\":\"Allow\",\"Resource\":\"*\"}]}",
            "role": "datasync-cross-account-role-uat"
          },
          "sensitive_attributes": [],
          "private": "bnVsbA==",
          "dependencies": [
            "aws_iam_role.datasync_role_uat"
          ]
        }
      ]
    },
    {
      "mode": "managed",
      "type": "aws_s3_bucket",
      "name": "uat_bucket",
      "provider": "provider[\"registry.terraform.io/hashicorp/aws\"].uat",
      "instances": [
        {
          "schema_version": 0,
          "attributes": {
            "acceleration_status": "",
            "acl": null,
            "arn": "arn:aws:s3:::uat-model-bucket-123",
            "bucket": "uat-model-bucket-123",
            "bucket_domain_name": "uat-model-bucket-123.s3.amazonaws.com",
            "bucket_prefix": "",
            "bucket_regional_domain_name": "uat-model-bucket-123.s3.ap-southeast-1.amazonaws.com",
            "cors_rule": [],
            "force_destroy": false,
            "grant": [
              {
                "id": "91fc5b0379f3395de8eb4c05f222c5420e8892e68705bb6c860e4845b550487e",
                "permissions": [
                  "FULL_CONTROL"
                ],
                "type": "CanonicalUser",
                "uri": ""
              }
            ],
            "hosted_zone_id": "Z3O0J2DXBE1FTB",
            "id": "uat-model-bucket-123",
            "lifecycle_rule": [],
            "logging": [],
            "object_lock_configuration": [],
            "object_lock_enabled": false,
            "policy": "",
            "region": "ap-southeast-1",
            "replication_configuration": [],
            "request_payer": "BucketOwner",
            "server_side_encryption_configuration": [
              {
                "rule": [
                  {
                    "apply_server_side_encryption_by_default": [
                      {
                        "kms_master_key_id": "",
                        "sse_algorithm": "AES256"
                      }
                    ],
                    "bucket_key_enabled": false
                  }
                ]
              }
            ],
            "tags": {},
            "tags_all": {},
            "timeouts": null,
            "versioning": [
              {
                "enabled": false,
                "mfa_delete": false
              }
            ],
            "website": [],
            "website_domain": null,
            "website_endpoint": null
          },
          "sensitive_attributes": [],
          "private": "eyJlMmJmYjczMC1lY2FhLTExZTYtOGY4OC0zNDM2M2JjN2M0YzAiOnsiY3JlYXRlIjoxMjAwMDAwMDAwMDAwLCJkZWxldGUiOjM2MDAwMDAwMDAwMDAsInJlYWQiOjEyMDAwMDAwMDAwMDAsInVwZGF0ZSI6MTIwMDAwMDAwMDAwMH19"
        }
      ]
    }
  ],
  "check_results": null
}
