{
  "version": 4,
  "terraform_version": "1.10.5",
  "serial": 43,
  "lineage": "4e3ab5d8-3246-16d3-30ae-a9a0c73f5269",
  "outputs": {
    "app_db_secret_arn": {
      "value": "arn:aws:secretsmanager:us-east-1:473278020383:secret:tf-db-credential-GUE0pm",
      "type": "string"
    },
    "aurora_cluster_id": {
      "value": "tf-aurora-cluster-fix",
      "type": "string"
    },
    "aurora_endpoint": {
      "value": "tf-aurora-cluster-fix.cluster-copc46i0gd4d.us-east-1.rds.amazonaws.com",
      "type": "string"
    },
    "aurora_instance_id": {
      "value": "tf-aurora-instance-1-fix",
      "type": "string"
    },
    "aurora_reader_endpoint": {
      "value": "tf-aurora-cluster-fix.cluster-ro-copc46i0gd4d.us-east-1.rds.amazonaws.com",
      "type": "string"
    },
    "aurora_security_group_id": {
      "value": "sg-019fdcea62464f3a5",
      "type": "string"
    },
    "aurora_subnet_group_name": {
      "value": "db_sg",
      "type": "string"
    },
    "kms_alias_name": {
      "value": "alias/terraform-secrets-key-fix",
      "type": "string"
    },
    "kms_key_arn": {
      "value": "arn:aws:kms:us-east-1:473278020383:key/352deb05-8863-4031-a4a5-0c49ea3243e2",
      "type": "string"
    },
    "master_db_secret_arn": {
      "value": "arn:aws:secretsmanager:us-east-1:473278020383:secret:tf-db-master-credential-uUJMSl",
      "type": "string"
    }
  },
  "resources": [
    {
      "mode": "data",
      "type": "aws_secretsmanager_secret_version",
      "name": "master",
      "provider": "provider[\"registry.terraform.io/hashicorp/aws\"]",
      "instances": [
        {
          "schema_version": 0,
          "attributes": {
            "arn": "arn:aws:secretsmanager:us-east-1:473278020383:secret:tf-db-master-credential-uUJMSl",
            "created_date": "2026-01-15T06:55:05Z",
            "id": "arn:aws:secretsmanager:us-east-1:473278020383:secret:tf-db-master-credential-uUJMSl|AWSCURRENT",
            "region": "us-east-1",
            "secret_binary": "",
            "secret_id": "arn:aws:secretsmanager:us-east-1:473278020383:secret:tf-db-master-credential-uUJMSl",
            "secret_string": "{\"engine\":\"aurora-postgresql\",\"password\":\"tz,ZgQ*4-peTaq=,\",\"username\":\"dbmaster\"}",
            "version_id": "terraform-20260115065457657000000003",
            "version_stage": "AWSCURRENT",
            "version_stages": [
              "AWSCURRENT"
            ]
          },
          "sensitive_attributes": [
            [
              {
                "type": "get_attr",
                "value": "secret_string"
              }
            ],
            [
              {
                "type": "get_attr",
                "value": "secret_binary"
              }
            ]
          ]
        }
      ]
    },
    {
      "mode": "data",
      "type": "aws_subnet",
      "name": "all",
      "provider": "provider[\"registry.terraform.io/hashicorp/aws\"]",
      "instances": [
        {
          "index_key": "subnet-0216e9bd90a689c09",
          "schema_version": 0,
          "attributes": {
            "arn": "arn:aws:ec2:us-east-1:473278020383:subnet/subnet-0216e9bd90a689c09",
            "assign_ipv6_address_on_creation": false,
            "availability_zone": "us-east-1b",
            "availability_zone_id": "use1-az6",
            "available_ip_address_count": 4091,
            "cidr_block": "172.31.32.0/20",
            "customer_owned_ipv4_pool": "",
            "default_for_az": true,
            "enable_dns64": false,
            "enable_lni_at_device_index": 0,
            "enable_resource_name_dns_a_record_on_launch": false,
            "enable_resource_name_dns_aaaa_record_on_launch": false,
            "filter": null,
            "id": "subnet-0216e9bd90a689c09",
            "ipv6_cidr_block": "",
            "ipv6_cidr_block_association_id": "",
            "ipv6_native": false,
            "map_customer_owned_ip_on_launch": false,
            "map_public_ip_on_launch": true,
            "outpost_arn": "",
            "owner_id": "473278020383",
            "private_dns_hostname_type_on_launch": "ip-name",
            "region": "us-east-1",
            "state": "available",
            "tags": {},
            "timeouts": null,
            "vpc_id": "vpc-0e839b9b4a3f96bc0"
          },
          "sensitive_attributes": []
        },
        {
          "index_key": "subnet-03b492c5389bfb51b",
          "schema_version": 0,
          "attributes": {
            "arn": "arn:aws:ec2:us-east-1:473278020383:subnet/subnet-03b492c5389bfb51b",
            "assign_ipv6_address_on_creation": false,
            "availability_zone": "us-east-1a",
            "availability_zone_id": "use1-az4",
            "available_ip_address_count": 4091,
            "cidr_block": "172.31.16.0/20",
            "customer_owned_ipv4_pool": "",
            "default_for_az": true,
            "enable_dns64": false,
            "enable_lni_at_device_index": 0,
            "enable_resource_name_dns_a_record_on_launch": false,
            "enable_resource_name_dns_aaaa_record_on_launch": false,
            "filter": null,
            "id": "subnet-03b492c5389bfb51b",
            "ipv6_cidr_block": "",
            "ipv6_cidr_block_association_id": "",
            "ipv6_native": false,
            "map_customer_owned_ip_on_launch": false,
            "map_public_ip_on_launch": true,
            "outpost_arn": "",
            "owner_id": "473278020383",
            "private_dns_hostname_type_on_launch": "ip-name",
            "region": "us-east-1",
            "state": "available",
            "tags": {},
            "timeouts": null,
            "vpc_id": "vpc-0e839b9b4a3f96bc0"
          },
          "sensitive_attributes": []
        },
        {
          "index_key": "subnet-0493cd7148bba1677",
          "schema_version": 0,
          "attributes": {
            "arn": "arn:aws:ec2:us-east-1:473278020383:subnet/subnet-0493cd7148bba1677",
            "assign_ipv6_address_on_creation": false,
            "availability_zone": "us-east-1e",
            "availability_zone_id": "use1-az3",
            "available_ip_address_count": 4091,
            "cidr_block": "172.31.48.0/20",
            "customer_owned_ipv4_pool": "",
            "default_for_az": true,
            "enable_dns64": false,
            "enable_lni_at_device_index": 0,
            "enable_resource_name_dns_a_record_on_launch": false,
            "enable_resource_name_dns_aaaa_record_on_launch": false,
            "filter": null,
            "id": "subnet-0493cd7148bba1677",
            "ipv6_cidr_block": "",
            "ipv6_cidr_block_association_id": "",
            "ipv6_native": false,
            "map_customer_owned_ip_on_launch": false,
            "map_public_ip_on_launch": true,
            "outpost_arn": "",
            "owner_id": "473278020383",
            "private_dns_hostname_type_on_launch": "ip-name",
            "region": "us-east-1",
            "state": "available",
            "tags": {},
            "timeouts": null,
            "vpc_id": "vpc-0e839b9b4a3f96bc0"
          },
          "sensitive_attributes": []
        },
        {
          "index_key": "subnet-04e7f3cec569d07b5",
          "schema_version": 0,
          "attributes": {
            "arn": "arn:aws:ec2:us-east-1:473278020383:subnet/subnet-04e7f3cec569d07b5",
            "assign_ipv6_address_on_creation": false,
            "availability_zone": "us-east-1c",
            "availability_zone_id": "use1-az1",
            "available_ip_address_count": 4090,
            "cidr_block": "172.31.0.0/20",
            "customer_owned_ipv4_pool": "",
            "default_for_az": true,
            "enable_dns64": false,
            "enable_lni_at_device_index": 0,
            "enable_resource_name_dns_a_record_on_launch": false,
            "enable_resource_name_dns_aaaa_record_on_launch": false,
            "filter": null,
            "id": "subnet-04e7f3cec569d07b5",
            "ipv6_cidr_block": "",
            "ipv6_cidr_block_association_id": "",
            "ipv6_native": false,
            "map_customer_owned_ip_on_launch": false,
            "map_public_ip_on_launch": true,
            "outpost_arn": "",
            "owner_id": "473278020383",
            "private_dns_hostname_type_on_launch": "ip-name",
            "region": "us-east-1",
            "state": "available",
            "tags": {},
            "timeouts": null,
            "vpc_id": "vpc-0e839b9b4a3f96bc0"
          },
          "sensitive_attributes": []
        },
        {
          "index_key": "subnet-0842f49190612f7ee",
          "schema_version": 0,
          "attributes": {
            "arn": "arn:aws:ec2:us-east-1:473278020383:subnet/subnet-0842f49190612f7ee",
            "assign_ipv6_address_on_creation": false,
            "availability_zone": "us-east-1d",
            "availability_zone_id": "use1-az2",
            "available_ip_address_count": 4091,
            "cidr_block": "172.31.80.0/20",
            "customer_owned_ipv4_pool": "",
            "default_for_az": true,
            "enable_dns64": false,
            "enable_lni_at_device_index": 0,
            "enable_resource_name_dns_a_record_on_launch": false,
            "enable_resource_name_dns_aaaa_record_on_launch": false,
            "filter": null,
            "id": "subnet-0842f49190612f7ee",
            "ipv6_cidr_block": "",
            "ipv6_cidr_block_association_id": "",
            "ipv6_native": false,
            "map_customer_owned_ip_on_launch": false,
            "map_public_ip_on_launch": true,
            "outpost_arn": "",
            "owner_id": "473278020383",
            "private_dns_hostname_type_on_launch": "ip-name",
            "region": "us-east-1",
            "state": "available",
            "tags": {},
            "timeouts": null,
            "vpc_id": "vpc-0e839b9b4a3f96bc0"
          },
          "sensitive_attributes": []
        },
        {
          "index_key": "subnet-0d03965cd5074b74f",
          "schema_version": 0,
          "attributes": {
            "arn": "arn:aws:ec2:us-east-1:473278020383:subnet/subnet-0d03965cd5074b74f",
            "assign_ipv6_address_on_creation": false,
            "availability_zone": "us-east-1f",
            "availability_zone_id": "use1-az5",
            "available_ip_address_count": 4090,
            "cidr_block": "172.31.64.0/20",
            "customer_owned_ipv4_pool": "",
            "default_for_az": true,
            "enable_dns64": false,
            "enable_lni_at_device_index": 0,
            "enable_resource_name_dns_a_record_on_launch": false,
            "enable_resource_name_dns_aaaa_record_on_launch": false,
            "filter": null,
            "id": "subnet-0d03965cd5074b74f",
            "ipv6_cidr_block": "",
            "ipv6_cidr_block_association_id": "",
            "ipv6_native": false,
            "map_customer_owned_ip_on_launch": false,
            "map_public_ip_on_launch": true,
            "outpost_arn": "",
            "owner_id": "473278020383",
            "private_dns_hostname_type_on_launch": "ip-name",
            "region": "us-east-1",
            "state": "available",
            "tags": {},
            "timeouts": null,
            "vpc_id": "vpc-0e839b9b4a3f96bc0"
          },
          "sensitive_attributes": []
        }
      ]
    },
    {
      "mode": "data",
      "type": "aws_subnets",
      "name": "default",
      "provider": "provider[\"registry.terraform.io/hashicorp/aws\"]",
      "instances": [
        {
          "schema_version": 0,
          "attributes": {
            "filter": [
              {
                "name": "vpc-id",
                "values": [
                  "vpc-0e839b9b4a3f96bc0"
                ]
              }
            ],
            "id": "us-east-1",
            "ids": [
              "subnet-0d03965cd5074b74f",
              "subnet-04e7f3cec569d07b5",
              "subnet-0493cd7148bba1677",
              "subnet-0216e9bd90a689c09",
              "subnet-0842f49190612f7ee",
              "subnet-03b492c5389bfb51b"
            ],
            "region": "us-east-1",
            "tags": null,
            "timeouts": null
          },
          "sensitive_attributes": []
        }
      ]
    },
    {
      "mode": "data",
      "type": "aws_vpc",
      "name": "default",
      "provider": "provider[\"registry.terraform.io/hashicorp/aws\"]",
      "instances": [
        {
          "schema_version": 0,
          "attributes": {
            "arn": "arn:aws:ec2:us-east-1:473278020383:vpc/vpc-0e839b9b4a3f96bc0",
            "cidr_block": "172.31.0.0/16",
            "cidr_block_associations": [
              {
                "association_id": "vpc-cidr-assoc-0e3027a8bcbc7e3c7",
                "cidr_block": "172.31.0.0/16",
                "state": "associated"
              }
            ],
            "default": true,
            "dhcp_options_id": "dopt-01df6ec29d71845f5",
            "enable_dns_hostnames": true,
            "enable_dns_support": true,
            "enable_network_address_usage_metrics": false,
            "filter": null,
            "id": "vpc-0e839b9b4a3f96bc0",
            "instance_tenancy": "default",
            "ipv6_association_id": "",
            "ipv6_cidr_block": "",
            "main_route_table_id": "rtb-0074470153d690371",
            "owner_id": "473278020383",
            "region": "us-east-1",
            "state": null,
            "tags": {},
            "timeouts": null
          },
          "sensitive_attributes": []
        }
      ]
    },
    {
      "mode": "managed",
      "type": "aws_db_subnet_group",
      "name": "aurora_subnets",
      "provider": "provider[\"registry.terraform.io/hashicorp/aws\"]",
      "instances": [
        {
          "schema_version": 0,
          "attributes": {
            "arn": "arn:aws:rds:us-east-1:473278020383:subgrp:db_sg",
            "description": "Subnet group for Aurora cluster in default VPC (fix)",
            "id": "db_sg",
            "name": "db_sg",
            "name_prefix": "",
            "region": "us-east-1",
            "subnet_ids": [
              "subnet-0216e9bd90a689c09",
              "subnet-03b492c5389bfb51b",
              "subnet-0493cd7148bba1677",
              "subnet-04e7f3cec569d07b5",
              "subnet-0842f49190612f7ee",
              "subnet-0d03965cd5074b74f"
            ],
            "supported_network_types": [
              "IPV4"
            ],
            "tags": {},
            "tags_all": {},
            "vpc_id": "vpc-0e839b9b4a3f96bc0"
          },
          "sensitive_attributes": [],
          "private": "bnVsbA==",
          "dependencies": [
            "data.aws_subnets.default",
            "data.aws_vpc.default"
          ]
        }
      ]
    },
    {
      "mode": "managed",
      "type": "aws_iam_role",
      "name": "lambda_rotation_role",
      "provider": "provider[\"registry.terraform.io/hashicorp/aws\"]",
      "instances": [
        {
          "schema_version": 0,
          "attributes": {
            "arn": "arn:aws:iam::473278020383:role/lambda_rotation_role",
            "assume_role_policy": "{\"Statement\":[{\"Action\":\"sts:AssumeRole\",\"Effect\":\"Allow\",\"Principal\":{\"Service\":\"lambda.amazonaws.com\"}}],\"Version\":\"2012-10-17\"}",
            "create_date": "2026-01-15T06:54:56Z",
            "description": "",
            "force_detach_policies": false,
            "id": "lambda_rotation_role",
            "inline_policy": [],
            "managed_policy_arns": [
              "arn:aws:iam::aws:policy/SecretsManagerReadWrite",
              "arn:aws:iam::aws:policy/service-role/AWSLambdaBasicExecutionRole"
            ],
            "max_session_duration": 3600,
            "name": "lambda_rotation_role",
            "name_prefix": "",
            "path": "/",
            "permissions_boundary": "",
            "tags": {},
            "tags_all": {},
            "unique_id": "AROAW4MMRPMP3CTQHEFDZ"
          },
          "sensitive_attributes": [],
          "private": "bnVsbA=="
        }
      ]
    },
    {
      "mode": "managed",
      "type": "aws_iam_role",
      "name": "rds_monitoring_role",
      "provider": "provider[\"registry.terraform.io/hashicorp/aws\"]",
      "instances": [
        {
          "schema_version": 0,
          "attributes": {
            "arn": "arn:aws:iam::473278020383:role/rds-monitoring-role",
            "assume_role_policy": "{\"Statement\":[{\"Action\":\"sts:AssumeRole\",\"Effect\":\"Allow\",\"Principal\":{\"Service\":\"monitoring.rds.amazonaws.com\"}}],\"Version\":\"2012-10-17\"}",
            "create_date": "2026-01-15T07:03:45Z",
            "description": "",
            "force_detach_policies": false,
            "id": "rds-monitoring-role",
            "inline_policy": [],
            "managed_policy_arns": [
              "arn:aws:iam::aws:policy/service-role/AmazonRDSEnhancedMonitoringRole"
            ],
            "max_session_duration": 3600,
            "name": "rds-monitoring-role",
            "name_prefix": "",
            "path": "/",
            "permissions_boundary": "",
            "tags": {},
            "tags_all": {},
            "unique_id": "AROAW4MMRPMP3EHJ7HOWE"
          },
          "sensitive_attributes": [],
          "private": "bnVsbA=="
        }
      ]
    },
    {
      "mode": "managed",
      "type": "aws_iam_role_policy_attachment",
      "name": "rds_monitoring_attach",
      "provider": "provider[\"registry.terraform.io/hashicorp/aws\"]",
      "instances": [
        {
          "schema_version": 0,
          "attributes": {
            "id": "rds-monitoring-role/arn:aws:iam::aws:policy/service-role/AmazonRDSEnhancedMonitoringRole",
            "policy_arn": "arn:aws:iam::aws:policy/service-role/AmazonRDSEnhancedMonitoringRole",
            "role": "rds-monitoring-role"
          },
          "sensitive_attributes": [],
          "private": "bnVsbA==",
          "dependencies": [
            "aws_iam_role.rds_monitoring_role"
          ]
        }
      ]
    },
    {
      "mode": "managed",
      "type": "aws_iam_role_policy_attachment",
      "name": "rotation_basic",
      "provider": "provider[\"registry.terraform.io/hashicorp/aws\"]",
      "instances": [
        {
          "schema_version": 0,
          "attributes": {
            "id": "lambda_rotation_role/arn:aws:iam::aws:policy/service-role/AWSLambdaBasicExecutionRole",
            "policy_arn": "arn:aws:iam::aws:policy/service-role/AWSLambdaBasicExecutionRole",
            "role": "lambda_rotation_role"
          },
          "sensitive_attributes": [],
          "private": "bnVsbA==",
          "dependencies": [
            "aws_iam_role.lambda_rotation_role"
          ]
        }
      ]
    },
    {
      "mode": "managed",
      "type": "aws_iam_role_policy_attachment",
      "name": "rotation_secrets",
      "provider": "provider[\"registry.terraform.io/hashicorp/aws\"]",
      "instances": [
        {
          "schema_version": 0,
          "attributes": {
            "id": "lambda_rotation_role/arn:aws:iam::aws:policy/SecretsManagerReadWrite",
            "policy_arn": "arn:aws:iam::aws:policy/SecretsManagerReadWrite",
            "role": "lambda_rotation_role"
          },
          "sensitive_attributes": [],
          "private": "bnVsbA==",
          "dependencies": [
            "aws_iam_role.lambda_rotation_role"
          ]
        }
      ]
    },
    {
      "mode": "managed",
      "type": "aws_kms_alias",
      "name": "secrets_alias",
      "provider": "provider[\"registry.terraform.io/hashicorp/aws\"]",
      "instances": [
        {
          "schema_version": 0,
          "attributes": {
            "arn": "arn:aws:kms:us-east-1:473278020383:alias/terraform-secrets-key-fix",
            "id": "alias/terraform-secrets-key-fix",
            "name": "alias/terraform-secrets-key-fix",
            "name_prefix": "",
            "region": "us-east-1",
            "target_key_arn": "arn:aws:kms:us-east-1:473278020383:key/352deb05-8863-4031-a4a5-0c49ea3243e2",
            "target_key_id": "352deb05-8863-4031-a4a5-0c49ea3243e2"
          },
          "sensitive_attributes": [],
          "private": "bnVsbA==",
          "dependencies": [
            "aws_kms_key.secrets"
          ]
        }
      ]
    },
    {
      "mode": "managed",
      "type": "aws_kms_key",
      "name": "secrets",
      "provider": "provider[\"registry.terraform.io/hashicorp/aws\"]",
      "instances": [
        {
          "schema_version": 0,
          "attributes": {
            "arn": "arn:aws:kms:us-east-1:473278020383:key/352deb05-8863-4031-a4a5-0c49ea3243e2",
            "bypass_policy_lockout_safety_check": false,
            "custom_key_store_id": "",
            "customer_master_key_spec": "SYMMETRIC_DEFAULT",
            "deletion_window_in_days": 7,
            "description": "KMS key for encrypting DB credentials in Secrets Manager (fix)",
            "enable_key_rotation": true,
            "id": "352deb05-8863-4031-a4a5-0c49ea3243e2",
            "is_enabled": true,
            "key_id": "352deb05-8863-4031-a4a5-0c49ea3243e2",
            "key_usage": "ENCRYPT_DECRYPT",
            "multi_region": false,
            "policy": "{\"Id\":\"key-default-1\",\"Statement\":[{\"Action\":\"kms:*\",\"Effect\":\"Allow\",\"Principal\":{\"AWS\":\"arn:aws:iam::473278020383:root\"},\"Resource\":\"*\",\"Sid\":\"Enable IAM User Permissions\"}],\"Version\":\"2012-10-17\"}",
            "region": "us-east-1",
            "rotation_period_in_days": 365,
            "tags": {},
            "tags_all": {},
            "timeouts": null,
            "xks_key_id": ""
          },
          "sensitive_attributes": [],
          "private": "eyJlMmJmYjczMC1lY2FhLTExZTYtOGY4OC0zNDM2M2JjN2M0YzAiOnsiY3JlYXRlIjoxMjAwMDAwMDAwMDB9fQ=="
        }
      ]
    },
    {
      "mode": "managed",
      "type": "aws_lambda_function",
      "name": "rotation",
      "provider": "provider[\"registry.terraform.io/hashicorp/aws\"]",
      "instances": [
        {
          "schema_version": 0,
          "attributes": {
            "architectures": [
              "x86_64"
            ],
            "arn": "arn:aws:lambda:us-east-1:473278020383:function:aurora-db-rotation-fix",
            "capacity_provider_config": [],
            "code_sha256": "ixQp2xORWpefv5eTUKdYQxUAKGa/QfH/FkvGT0l90VQ=",
            "code_signing_config_arn": "",
            "dead_letter_config": [],
            "description": "",
            "durable_config": [],
            "environment": [],
            "ephemeral_storage": [
              {
                "size": 512
              }
            ],
            "file_system_config": [],
            "filename": "lambda_rotation.py.zip",
            "function_name": "aurora-db-rotation-fix",
            "handler": "index.handler",
            "id": "aurora-db-rotation-fix",
            "image_config": [],
            "image_uri": "",
            "invoke_arn": "arn:aws:apigateway:us-east-1:lambda:path/2015-03-31/functions/arn:aws:lambda:us-east-1:473278020383:function:aurora-db-rotation-fix/invocations",
            "kms_key_arn": "",
            "last_modified": "2026-01-15T07:23:10.795+0000",
            "layers": [],
            "logging_config": [
              {
                "application_log_level": "",
                "log_format": "Text",
                "log_group": "/aws/lambda/aurora-db-rotation-fix",
                "system_log_level": ""
              }
            ],
            "memory_size": 128,
            "package_type": "Zip",
            "publish": false,
            "publish_to": null,
            "qualified_arn": "arn:aws:lambda:us-east-1:473278020383:function:aurora-db-rotation-fix:$LATEST",
            "qualified_invoke_arn": "arn:aws:apigateway:us-east-1:lambda:path/2015-03-31/functions/arn:aws:lambda:us-east-1:473278020383:function:aurora-db-rotation-fix:$LATEST/invocations",
            "region": "us-east-1",
            "replace_security_groups_on_destroy": null,
            "replacement_security_group_ids": null,
            "reserved_concurrent_executions": -1,
            "response_streaming_invoke_arn": "arn:aws:apigateway:us-east-1:lambda:path/2021-11-15/functions/arn:aws:lambda:us-east-1:473278020383:function:aurora-db-rotation-fix/response-streaming-invocations",
            "role": "arn:aws:iam::473278020383:role/lambda_rotation_role",
            "runtime": "python3.9",
            "s3_bucket": null,
            "s3_key": null,
            "s3_object_version": null,
            "signing_job_arn": "",
            "signing_profile_version_arn": "",
            "skip_destroy": false,
            "snap_start": [],
            "source_code_hash": "",
            "source_code_size": 1450,
            "source_kms_key_arn": "",
            "tags": {},
            "tags_all": {},
            "tenancy_config": [],
            "timeout": 3,
            "timeouts": null,
            "tracing_config": [
              {
                "mode": "PassThrough"
              }
            ],
            "version": "$LATEST",
            "vpc_config": []
          },
          "sensitive_attributes": [],
          "private": "eyJlMmJmYjczMC1lY2FhLTExZTYtOGY4OC0zNDM2M2JjN2M0YzAiOnsiY3JlYXRlIjo2MDAwMDAwMDAwMDAsImRlbGV0ZSI6NjAwMDAwMDAwMDAwLCJ1cGRhdGUiOjYwMDAwMDAwMDAwMH19",
          "dependencies": [
            "aws_iam_role.lambda_rotation_role"
          ]
        }
      ]
    },
    {
      "mode": "managed",
      "type": "aws_lambda_permission",
      "name": "allow_secretsmanager",
      "provider": "provider[\"registry.terraform.io/hashicorp/aws\"]",
      "instances": [
        {
          "schema_version": 0,
          "attributes": {
            "action": "lambda:InvokeFunction",
            "event_source_token": null,
            "function_name": "aurora-db-rotation-fix",
            "function_url_auth_type": null,
            "id": "AllowSecretsManagerInvoke",
            "invoked_via_function_url": null,
            "principal": "secretsmanager.amazonaws.com",
            "principal_org_id": null,
            "qualifier": "",
            "region": "us-east-1",
            "source_account": null,
            "source_arn": null,
            "statement_id": "AllowSecretsManagerInvoke",
            "statement_id_prefix": ""
          },
          "sensitive_attributes": [],
          "private": "bnVsbA==",
          "dependencies": [
            "aws_iam_role.lambda_rotation_role",
            "aws_lambda_function.rotation"
          ]
        }
      ]
    },
    {
      "mode": "managed",
      "type": "aws_rds_cluster",
      "name": "aurora",
      "provider": "provider[\"registry.terraform.io/hashicorp/aws\"]",
      "instances": [
        {
          "schema_version": 1,
          "attributes": {
            "allocated_storage": 1,
            "allow_major_version_upgrade": null,
            "apply_immediately": true,
            "arn": "arn:aws:rds:us-east-1:473278020383:cluster:tf-aurora-cluster-fix",
            "availability_zones": [
              "us-east-1a",
              "us-east-1b",
              "us-east-1c"
            ],
            "backtrack_window": 0,
            "backup_retention_period": 7,
            "ca_certificate_identifier": null,
            "ca_certificate_valid_till": null,
            "cluster_identifier": "tf-aurora-cluster-fix",
            "cluster_identifier_prefix": "",
            "cluster_members": [
              "tf-aurora-instance-1-fix"
            ],
            "cluster_resource_id": "cluster-BAGBNQB2S24ZURVLWEJIGLXLKM",
            "cluster_scalability_type": "",
            "copy_tags_to_snapshot": false,
            "database_insights_mode": "standard",
            "database_name": "tfdbserver",
            "db_cluster_instance_class": "",
            "db_cluster_parameter_group_name": "default.aurora-postgresql15",
            "db_instance_parameter_group_name": null,
            "db_subnet_group_name": "db_sg",
            "db_system_id": "",
            "delete_automated_backups": true,
            "deletion_protection": false,
            "domain": "",
            "domain_iam_role_name": "",
            "enable_global_write_forwarding": false,
            "enable_http_endpoint": false,
            "enable_local_write_forwarding": false,
            "enabled_cloudwatch_logs_exports": [
              "postgresql"
            ],
            "endpoint": "tf-aurora-cluster-fix.cluster-copc46i0gd4d.us-east-1.rds.amazonaws.com",
            "engine": "aurora-postgresql",
            "engine_lifecycle_support": "open-source-rds-extended-support",
            "engine_mode": "provisioned",
            "engine_version": "15.12",
            "engine_version_actual": "15.12",
            "final_snapshot_identifier": null,
            "global_cluster_identifier": "",
            "hosted_zone_id": "Z2R2ITUGPM61AM",
            "iam_database_authentication_enabled": false,
            "iam_roles": [],
            "id": "tf-aurora-cluster-fix",
            "iops": 0,
            "kms_key_id": "arn:aws:kms:us-east-1:473278020383:key/40786ac2-cbbe-4c5f-862c-29b67ead7726",
            "manage_master_user_password": null,
            "master_password": "tz,ZgQ*4-peTaq=,",
            "master_password_wo": null,
            "master_password_wo_version": null,
            "master_user_secret": [],
            "master_user_secret_kms_key_id": null,
            "master_username": "dbmaster",
            "monitoring_interval": 0,
            "monitoring_role_arn": "",
            "network_type": "IPV4",
            "performance_insights_enabled": false,
            "performance_insights_kms_key_id": "",
            "performance_insights_retention_period": 0,
            "port": 5432,
            "preferred_backup_window": "07:00-09:00",
            "preferred_maintenance_window": "sun:04:00-sun:05:00",
            "reader_endpoint": "tf-aurora-cluster-fix.cluster-ro-copc46i0gd4d.us-east-1.rds.amazonaws.com",
            "region": "us-east-1",
            "replication_source_identifier": "",
            "restore_to_point_in_time": [],
            "s3_import": [],
            "scaling_configuration": [],
            "serverlessv2_scaling_configuration": [],
            "skip_final_snapshot": true,
            "snapshot_identifier": null,
            "source_region": null,
            "storage_encrypted": true,
            "storage_type": "",
            "tags": {},
            "tags_all": {},
            "timeouts": null,
            "upgrade_rollout_order": "second",
            "vpc_security_group_ids": [
              "sg-019fdcea62464f3a5"
            ]
          },
          "sensitive_attributes": [
            [
              {
                "type": "get_attr",
                "value": "master_password"
              }
            ],
            [
              {
                "type": "get_attr",
                "value": "master_password_wo"
              }
            ]
          ],
          "private": "eyJlMmJmYjczMC1lY2FhLTExZTYtOGY4OC0zNDM2M2JjN2M0YzAiOnsiY3JlYXRlIjo3MjAwMDAwMDAwMDAwLCJkZWxldGUiOjcyMDAwMDAwMDAwMDAsInVwZGF0ZSI6NzIwMDAwMDAwMDAwMH0sInNjaGVtYV92ZXJzaW9uIjoiMSJ9",
          "dependencies": [
            "aws_db_subnet_group.aurora_subnets",
            "aws_security_group.aurora_sg",
            "data.aws_subnets.default",
            "data.aws_vpc.default",
            "random_password.master"
          ]
        }
      ]
    },
    {
      "mode": "managed",
      "type": "aws_rds_cluster_instance",
      "name": "writer",
      "provider": "provider[\"registry.terraform.io/hashicorp/aws\"]",
      "instances": [
        {
          "schema_version": 0,
          "attributes": {
            "apply_immediately": null,
            "arn": "arn:aws:rds:us-east-1:473278020383:db:tf-aurora-instance-1-fix",
            "auto_minor_version_upgrade": true,
            "availability_zone": "us-east-1c",
            "ca_cert_identifier": "rds-ca-rsa2048-g1",
            "cluster_identifier": "tf-aurora-cluster-fix",
            "copy_tags_to_snapshot": false,
            "custom_iam_instance_profile": "",
            "db_parameter_group_name": "default.aurora-postgresql15",
            "db_subnet_group_name": "db_sg",
            "dbi_resource_id": "db-CFHYK2OWPBUFOBVV24KQZNHPY4",
            "endpoint": "tf-aurora-instance-1-fix.copc46i0gd4d.us-east-1.rds.amazonaws.com",
            "engine": "aurora-postgresql",
            "engine_version": "15.12",
            "engine_version_actual": "15.12",
            "force_destroy": false,
            "id": "tf-aurora-instance-1-fix",
            "identifier": "tf-aurora-instance-1-fix",
            "identifier_prefix": "",
            "instance_class": "db.r6g.large",
            "kms_key_id": "arn:aws:kms:us-east-1:473278020383:key/40786ac2-cbbe-4c5f-862c-29b67ead7726",
            "monitoring_interval": 60,
            "monitoring_role_arn": "arn:aws:iam::473278020383:role/rds-monitoring-role",
            "network_type": "IPV4",
            "performance_insights_enabled": true,
            "performance_insights_kms_key_id": "arn:aws:kms:us-east-1:473278020383:key/40786ac2-cbbe-4c5f-862c-29b67ead7726",
            "performance_insights_retention_period": 7,
            "port": 5432,
            "preferred_backup_window": "07:00-09:00",
            "preferred_maintenance_window": "thu:07:13-thu:07:43",
            "promotion_tier": 0,
            "publicly_accessible": true,
            "region": "us-east-1",
            "storage_encrypted": true,
            "tags": {},
            "tags_all": {},
            "timeouts": null,
            "writer": true
          },
          "sensitive_attributes": [],
          "private": "eyJlMmJmYjczMC1lY2FhLTExZTYtOGY4OC0zNDM2M2JjN2M0YzAiOnsiY3JlYXRlIjo1NDAwMDAwMDAwMDAwLCJkZWxldGUiOjU0MDAwMDAwMDAwMDAsInVwZGF0ZSI6NTQwMDAwMDAwMDAwMH19",
          "dependencies": [
            "aws_db_subnet_group.aurora_subnets",
            "aws_iam_role.rds_monitoring_role",
            "aws_rds_cluster.aurora",
            "aws_security_group.aurora_sg",
            "data.aws_subnets.default",
            "data.aws_vpc.default",
            "random_password.master"
          ]
        }
      ]
    },
    {
      "mode": "managed",
      "type": "aws_secretsmanager_secret",
      "name": "app_db_user_fix",
      "provider": "provider[\"registry.terraform.io/hashicorp/aws\"]",
      "instances": [
        {
          "schema_version": 0,
          "attributes": {
            "arn": "arn:aws:secretsmanager:us-east-1:473278020383:secret:tf-db-credential-GUE0pm",
            "description": "Credentials for application DB user (app_user) - fix",
            "force_overwrite_replica_secret": false,
            "id": "arn:aws:secretsmanager:us-east-1:473278020383:secret:tf-db-credential-GUE0pm",
            "kms_key_id": "arn:aws:kms:us-east-1:473278020383:key/352deb05-8863-4031-a4a5-0c49ea3243e2",
            "name": "tf-db-credential",
            "name_prefix": "",
            "policy": "",
            "recovery_window_in_days": 30,
            "region": "us-east-1",
            "replica": [],
            "tags": {
              "created_by": "terraform",
              "purpose": "fix"
            },
            "tags_all": {
              "created_by": "terraform",
              "purpose": "fix"
            }
          },
          "sensitive_attributes": [],
          "private": "bnVsbA==",
          "dependencies": [
            "aws_kms_key.secrets"
          ]
        }
      ]
    },
    {
      "mode": "managed",
      "type": "aws_secretsmanager_secret",
      "name": "master_creds_fix",
      "provider": "provider[\"registry.terraform.io/hashicorp/aws\"]",
      "instances": [
        {
          "schema_version": 0,
          "attributes": {
            "arn": "arn:aws:secretsmanager:us-east-1:473278020383:secret:tf-db-master-credential-uUJMSl",
            "description": "Aurora cluster master credentials - fix",
            "force_overwrite_replica_secret": false,
            "id": "arn:aws:secretsmanager:us-east-1:473278020383:secret:tf-db-master-credential-uUJMSl",
            "kms_key_id": "arn:aws:kms:us-east-1:473278020383:key/352deb05-8863-4031-a4a5-0c49ea3243e2",
            "name": "tf-db-master-credential",
            "name_prefix": "",
            "policy": "",
            "recovery_window_in_days": 30,
            "region": "us-east-1",
            "replica": [],
            "tags": {
              "created_by": "terraform",
              "purpose": "fix"
            },
            "tags_all": {
              "created_by": "terraform",
              "purpose": "fix"
            }
          },
          "sensitive_attributes": [],
          "private": "bnVsbA==",
          "dependencies": [
            "aws_kms_key.secrets"
          ]
        }
      ]
    },
    {
      "mode": "managed",
      "type": "aws_secretsmanager_secret_rotation",
      "name": "app_user_rotation",
      "provider": "provider[\"registry.terraform.io/hashicorp/aws\"]",
      "instances": [
        {
          "schema_version": 1,
          "attributes": {
            "id": "arn:aws:secretsmanager:us-east-1:473278020383:secret:tf-db-credential-GUE0pm",
            "region": "us-east-1",
            "rotate_immediately": true,
            "rotation_enabled": true,
            "rotation_lambda_arn": "arn:aws:lambda:us-east-1:473278020383:function:aurora-db-rotation-fix",
            "rotation_rules": [
              {
                "automatically_after_days": 30,
                "duration": "",
                "schedule_expression": ""
              }
            ],
            "secret_id": "arn:aws:secretsmanager:us-east-1:473278020383:secret:tf-db-credential-GUE0pm"
          },
          "sensitive_attributes": [],
          "private": "eyJzY2hlbWFfdmVyc2lvbiI6IjEifQ==",
          "dependencies": [
            "aws_iam_role.lambda_rotation_role",
            "aws_kms_key.secrets",
            "aws_lambda_function.rotation",
            "aws_secretsmanager_secret.app_db_user_fix"
          ]
        }
      ]
    },
    {
      "mode": "managed",
      "type": "aws_secretsmanager_secret_rotation",
      "name": "master_rotation",
      "provider": "provider[\"registry.terraform.io/hashicorp/aws\"]",
      "instances": [
        {
          "schema_version": 1,
          "attributes": {
            "id": "arn:aws:secretsmanager:us-east-1:473278020383:secret:tf-db-master-credential-uUJMSl",
            "region": "us-east-1",
            "rotate_immediately": true,
            "rotation_enabled": true,
            "rotation_lambda_arn": "arn:aws:lambda:us-east-1:473278020383:function:aurora-db-rotation-fix",
            "rotation_rules": [
              {
                "automatically_after_days": 30,
                "duration": "",
                "schedule_expression": ""
              }
            ],
            "secret_id": "arn:aws:secretsmanager:us-east-1:473278020383:secret:tf-db-master-credential-uUJMSl"
          },
          "sensitive_attributes": [],
          "private": "eyJzY2hlbWFfdmVyc2lvbiI6IjEifQ==",
          "dependencies": [
            "aws_iam_role.lambda_rotation_role",
            "aws_kms_key.secrets",
            "aws_lambda_function.rotation",
            "aws_lambda_permission.allow_secretsmanager",
            "aws_secretsmanager_secret.master_creds_fix"
          ]
        }
      ]
    },
    {
      "mode": "managed",
      "type": "aws_secretsmanager_secret_version",
      "name": "app_db_user_version_fix",
      "provider": "provider[\"registry.terraform.io/hashicorp/aws\"]",
      "instances": [
        {
          "schema_version": 0,
          "attributes": {
            "arn": "arn:aws:secretsmanager:us-east-1:473278020383:secret:tf-db-credential-GUE0pm",
            "has_secret_string_wo": null,
            "id": "arn:aws:secretsmanager:us-east-1:473278020383:secret:tf-db-credential-GUE0pm|terraform-20260115065526978600000004",
            "region": "us-east-1",
            "secret_binary": "",
            "secret_id": "arn:aws:secretsmanager:us-east-1:473278020383:secret:tf-db-credential-GUE0pm",
            "secret_string": "{\"dbname\":\"tfdbserver\",\"engine\":\"aurora-postgresql\",\"host\":\"tf-aurora-cluster-fix.cluster-copc46i0gd4d.us-east-1.rds.amazonaws.com\",\"password\":\"Gaq{EB,q7UGep0pc\",\"port\":5432,\"username\":\"appuserfix\"}",
            "secret_string_wo": null,
            "secret_string_wo_version": null,
            "version_id": "terraform-20260115065526978600000004",
            "version_stages": [
              "AWSCURRENT"
            ]
          },
          "sensitive_attributes": [
            [
              {
                "type": "get_attr",
                "value": "secret_string"
              }
            ],
            [
              {
                "type": "get_attr",
                "value": "secret_string_wo"
              }
            ],
            [
              {
                "type": "get_attr",
                "value": "secret_binary"
              }
            ]
          ],
          "private": "bnVsbA==",
          "dependencies": [
            "aws_db_subnet_group.aurora_subnets",
            "aws_kms_key.secrets",
            "aws_rds_cluster.aurora",
            "aws_secretsmanager_secret.app_db_user_fix",
            "aws_security_group.aurora_sg",
            "data.aws_subnets.default",
            "data.aws_vpc.default",
            "random_password.app_user",
            "random_password.master"
          ]
        }
      ]
    },
    {
      "mode": "managed",
      "type": "aws_secretsmanager_secret_version",
      "name": "master_creds_version_fix",
      "provider": "provider[\"registry.terraform.io/hashicorp/aws\"]",
      "instances": [
        {
          "schema_version": 0,
          "attributes": {
            "arn": "arn:aws:secretsmanager:us-east-1:473278020383:secret:tf-db-master-credential-uUJMSl",
            "has_secret_string_wo": null,
            "id": "arn:aws:secretsmanager:us-east-1:473278020383:secret:tf-db-master-credential-uUJMSl|terraform-20260115065457657000000003",
            "region": "us-east-1",
            "secret_binary": "",
            "secret_id": "arn:aws:secretsmanager:us-east-1:473278020383:secret:tf-db-master-credential-uUJMSl",
            "secret_string": "{\"engine\":\"aurora-postgresql\",\"password\":\"tz,ZgQ*4-peTaq=,\",\"username\":\"dbmaster\"}",
            "secret_string_wo": null,
            "secret_string_wo_version": null,
            "version_id": "terraform-20260115065457657000000003",
            "version_stages": [
              "AWSCURRENT"
            ]
          },
          "sensitive_attributes": [
            [
              {
                "type": "get_attr",
                "value": "secret_string_wo"
              }
            ],
            [
              {
                "type": "get_attr",
                "value": "secret_string"
              }
            ],
            [
              {
                "type": "get_attr",
                "value": "secret_binary"
              }
            ]
          ],
          "private": "bnVsbA==",
          "dependencies": [
            "aws_kms_key.secrets",
            "aws_secretsmanager_secret.master_creds_fix",
            "random_password.master"
          ]
        }
      ]
    },
    {
      "mode": "managed",
      "type": "aws_security_group",
      "name": "aurora_sg",
      "provider": "provider[\"registry.terraform.io/hashicorp/aws\"]",
      "instances": [
        {
          "schema_version": 1,
          "attributes": {
            "arn": "arn:aws:ec2:us-east-1:473278020383:security-group/sg-019fdcea62464f3a5",
            "description": "Allow Postgres access to Aurora (fix)",
            "egress": [
              {
                "cidr_blocks": [
                  "0.0.0.0/0"
                ],
                "description": "",
                "from_port": 0,
                "ipv6_cidr_blocks": [],
                "prefix_list_ids": [],
                "protocol": "-1",
                "security_groups": [],
                "self": false,
                "to_port": 0
              }
            ],
            "id": "sg-019fdcea62464f3a5",
            "ingress": [
              {
                "cidr_blocks": [
                  "0.0.0.0/0"
                ],
                "description": "Allow Postgres access from allowed CIDR",
                "from_port": 5432,
                "ipv6_cidr_blocks": [],
                "prefix_list_ids": [],
                "protocol": "tcp",
                "security_groups": [],
                "self": false,
                "to_port": 5432
              }
            ],
            "name": "aurora-sg-fix",
            "name_prefix": "",
            "owner_id": "473278020383",
            "region": "us-east-1",
            "revoke_rules_on_delete": false,
            "tags": {},
            "tags_all": {},
            "timeouts": null,
            "vpc_id": "vpc-0e839b9b4a3f96bc0"
          },
          "sensitive_attributes": [],
          "private": "eyJlMmJmYjczMC1lY2FhLTExZTYtOGY4OC0zNDM2M2JjN2M0YzAiOnsiY3JlYXRlIjo2MDAwMDAwMDAwMDAsImRlbGV0ZSI6OTAwMDAwMDAwMDAwfSwic2NoZW1hX3ZlcnNpb24iOiIxIn0=",
          "dependencies": [
            "data.aws_vpc.default"
          ]
        }
      ]
    },
    {
      "mode": "managed",
      "type": "postgresql_database",
      "name": "app_db_fix",
      "provider": "provider[\"registry.terraform.io/cyrilgdn/postgresql\"].master",
      "instances": [
        {
          "schema_version": 0,
          "attributes": {
            "allow_connections": true,
            "alter_object_ownership": false,
            "connection_limit": -1,
            "encoding": "UTF8",
            "id": "tfdb",
            "is_template": false,
            "lc_collate": "en_US.UTF-8",
            "lc_ctype": "en_US.UTF-8",
            "name": "tfdb",
            "owner": "dbmaster",
            "tablespace_name": "pg_default",
            "template": "template0"
          },
          "sensitive_attributes": [],
          "private": "bnVsbA==",
          "dependencies": [
            "aws_db_subnet_group.aurora_subnets",
            "aws_iam_role.rds_monitoring_role",
            "aws_kms_key.secrets",
            "aws_rds_cluster.aurora",
            "aws_rds_cluster_instance.writer",
            "aws_secretsmanager_secret.master_creds_fix",
            "aws_security_group.aurora_sg",
            "data.aws_secretsmanager_secret_version.master",
            "data.aws_subnets.default",
            "data.aws_vpc.default",
            "random_password.master"
          ]
        }
      ]
    },
    {
      "mode": "managed",
      "type": "postgresql_grant",
      "name": "app_user_db_grant_fix",
      "provider": "provider[\"registry.terraform.io/cyrilgdn/postgresql\"].master",
      "instances": [
        {
          "schema_version": 0,
          "attributes": {
            "columns": null,
            "database": "tfdbserver",
            "id": "appuserfix_tfdbserver_database",
            "object_type": "database",
            "objects": null,
            "privileges": [
              "CONNECT"
            ],
            "role": "appuserfix",
            "schema": null,
            "with_grant_option": false
          },
          "sensitive_attributes": [],
          "private": "bnVsbA==",
          "dependencies": [
            "aws_db_subnet_group.aurora_subnets",
            "aws_iam_role.rds_monitoring_role",
            "aws_kms_key.secrets",
            "aws_rds_cluster.aurora",
            "aws_rds_cluster_instance.writer",
            "aws_secretsmanager_secret.master_creds_fix",
            "aws_security_group.aurora_sg",
            "data.aws_secretsmanager_secret_version.master",
            "data.aws_subnets.default",
            "data.aws_vpc.default",
            "postgresql_database.app_db_fix",
            "postgresql_role.app_user_fix",
            "random_password.app_user",
            "random_password.master"
          ]
        }
      ]
    },
    {
      "mode": "managed",
      "type": "postgresql_grant",
      "name": "schema_usage_fix",
      "provider": "provider[\"registry.terraform.io/cyrilgdn/postgresql\"].master",
      "instances": [
        {
          "schema_version": 0,
          "attributes": {
            "columns": null,
            "database": "tfdbserver",
            "id": "appuserfix_tfdbserver_public_schema",
            "object_type": "schema",
            "objects": null,
            "privileges": [
              "USAGE"
            ],
            "role": "appuserfix",
            "schema": "public",
            "with_grant_option": false
          },
          "sensitive_attributes": [],
          "private": "bnVsbA==",
          "dependencies": [
            "aws_db_subnet_group.aurora_subnets",
            "aws_iam_role.rds_monitoring_role",
            "aws_kms_key.secrets",
            "aws_rds_cluster.aurora",
            "aws_rds_cluster_instance.writer",
            "aws_secretsmanager_secret.master_creds_fix",
            "aws_security_group.aurora_sg",
            "data.aws_secretsmanager_secret_version.master",
            "data.aws_subnets.default",
            "data.aws_vpc.default",
            "postgresql_database.app_db_fix",
            "postgresql_role.app_user_fix",
            "random_password.app_user",
            "random_password.master"
          ]
        }
      ]
    },
    {
      "mode": "managed",
      "type": "postgresql_grant",
      "name": "sequence_privs_fix",
      "provider": "provider[\"registry.terraform.io/cyrilgdn/postgresql\"].master",
      "instances": [
        {
          "schema_version": 0,
          "attributes": {
            "columns": null,
            "database": "tfdbserver",
            "id": "appuserfix_tfdbserver_public_sequence",
            "object_type": "sequence",
            "objects": null,
            "privileges": [
              "SELECT",
              "UPDATE",
              "USAGE"
            ],
            "role": "appuserfix",
            "schema": "public",
            "with_grant_option": false
          },
          "sensitive_attributes": [],
          "private": "bnVsbA==",
          "dependencies": [
            "aws_db_subnet_group.aurora_subnets",
            "aws_iam_role.rds_monitoring_role",
            "aws_kms_key.secrets",
            "aws_rds_cluster.aurora",
            "aws_rds_cluster_instance.writer",
            "aws_secretsmanager_secret.master_creds_fix",
            "aws_security_group.aurora_sg",
            "data.aws_secretsmanager_secret_version.master",
            "data.aws_subnets.default",
            "data.aws_vpc.default",
            "postgresql_database.app_db_fix",
            "postgresql_role.app_user_fix",
            "random_password.app_user",
            "random_password.master"
          ]
        }
      ]
    },
    {
      "mode": "managed",
      "type": "postgresql_grant",
      "name": "table_privs_fix",
      "provider": "provider[\"registry.terraform.io/cyrilgdn/postgresql\"].master",
      "instances": [
        {
          "schema_version": 0,
          "attributes": {
            "columns": null,
            "database": "tfdbserver",
            "id": "appuserfix_tfdbserver_public_table",
            "object_type": "table",
            "objects": null,
            "privileges": [
              "DELETE",
              "INSERT",
              "REFERENCES",
              "SELECT",
              "TRIGGER",
              "TRUNCATE",
              "UPDATE"
            ],
            "role": "appuserfix",
            "schema": "public",
            "with_grant_option": false
          },
          "sensitive_attributes": [],
          "private": "bnVsbA==",
          "dependencies": [
            "aws_db_subnet_group.aurora_subnets",
            "aws_iam_role.rds_monitoring_role",
            "aws_kms_key.secrets",
            "aws_rds_cluster.aurora",
            "aws_rds_cluster_instance.writer",
            "aws_secretsmanager_secret.master_creds_fix",
            "aws_security_group.aurora_sg",
            "data.aws_secretsmanager_secret_version.master",
            "data.aws_subnets.default",
            "data.aws_vpc.default",
            "postgresql_database.app_db_fix",
            "postgresql_role.app_user_fix",
            "random_password.app_user",
            "random_password.master"
          ]
        }
      ]
    },
    {
      "mode": "managed",
      "type": "postgresql_role",
      "name": "app_user_fix",
      "provider": "provider[\"registry.terraform.io/cyrilgdn/postgresql\"].master",
      "instances": [
        {
          "schema_version": 0,
          "attributes": {
            "assume_role": "",
            "bypass_row_level_security": false,
            "connection_limit": -1,
            "create_database": false,
            "create_role": false,
            "encrypted": null,
            "encrypted_password": true,
            "id": "appuserfix",
            "idle_in_transaction_session_timeout": 0,
            "inherit": true,
            "login": true,
            "name": "appuserfix",
            "password": "Gaq{EB,q7UGep0pc",
            "password_wo": null,
            "password_wo_version": null,
            "replication": false,
            "roles": [],
            "search_path": [],
            "skip_drop_role": false,
            "skip_reassign_owned": false,
            "statement_timeout": 0,
            "superuser": false,
            "valid_until": "infinity"
          },
          "sensitive_attributes": [
            [
              {
                "type": "get_attr",
                "value": "password_wo"
              }
            ],
            [
              {
                "type": "get_attr",
                "value": "password"
              }
            ]
          ],
          "private": "bnVsbA==",
          "dependencies": [
            "aws_db_subnet_group.aurora_subnets",
            "aws_iam_role.rds_monitoring_role",
            "aws_kms_key.secrets",
            "aws_rds_cluster.aurora",
            "aws_rds_cluster_instance.writer",
            "aws_secretsmanager_secret.master_creds_fix",
            "aws_security_group.aurora_sg",
            "data.aws_secretsmanager_secret_version.master",
            "data.aws_subnets.default",
            "data.aws_vpc.default",
            "postgresql_database.app_db_fix",
            "random_password.app_user",
            "random_password.master"
          ]
        }
      ]
    },
    {
      "mode": "managed",
      "type": "random_password",
      "name": "app_user",
      "provider": "provider[\"registry.terraform.io/hashicorp/random\"]",
      "instances": [
        {
          "schema_version": 3,
          "attributes": {
            "bcrypt_hash": "$2a$10$bL.mJhILVtbsx8PgxxUsyu9WBmo0z0dv7l8/Pxuv8o7sxGMHeif2m",
            "id": "none",
            "keepers": null,
            "length": 16,
            "lower": true,
            "min_lower": 0,
            "min_numeric": 0,
            "min_special": 0,
            "min_upper": 0,
            "number": true,
            "numeric": true,
            "override_special": "!#$%^\u0026*()-_=+[]{}:;\u003c\u003e?,.|\\",
            "result": "Gaq{EB,q7UGep0pc",
            "special": true,
            "upper": true
          },
          "sensitive_attributes": [
            [
              {
                "type": "get_attr",
                "value": "bcrypt_hash"
              }
            ],
            [
              {
                "type": "get_attr",
                "value": "result"
              }
            ]
          ]
        }
      ]
    },
    {
      "mode": "managed",
      "type": "random_password",
      "name": "master",
      "provider": "provider[\"registry.terraform.io/hashicorp/random\"]",
      "instances": [
        {
          "schema_version": 3,
          "attributes": {
            "bcrypt_hash": "$2a$10$Mm/SAIdWQpbEOvgmWbP7yeDj9VMtLC6AJ4tt1AEkQdO5mjf1/Cxo.",
            "id": "none",
            "keepers": null,
            "length": 16,
            "lower": true,
            "min_lower": 0,
            "min_numeric": 0,
            "min_special": 0,
            "min_upper": 0,
            "number": true,
            "numeric": true,
            "override_special": "!#$%^\u0026*()-_=+[]{}:;\u003c\u003e?,.|\\",
            "result": "tz,ZgQ*4-peTaq=,",
            "special": true,
            "upper": true
          },
          "sensitive_attributes": [
            [
              {
                "type": "get_attr",
                "value": "bcrypt_hash"
              }
            ],
            [
              {
                "type": "get_attr",
                "value": "result"
              }
            ]
          ]
        }
      ]
    }
  ],
  "check_results": null
}
