{
  "version": 4,
  "terraform_version": "1.8.2",
  "serial": 10,
  "lineage": "619d2bef-1333-945c-2cd6-e16832e63c84",
  "outputs": {},
  "resources": [
    {
      "mode": "managed",
      "type": "aws_cloudwatch_event_rule",
      "name": "forward_securityhub",
      "provider": "provider[\"registry.terraform.io/hashicorp/aws\"]",
      "instances": [
        {
          "schema_version": 1,
          "attributes": {
            "arn": "arn:aws:events:us-east-1:473278020383:rule/forward-securityhub",
            "description": "Forward SecurityHub events to Account B",
            "event_bus_name": "default",
            "event_pattern": "{\"source\":[\"aws.securityhub\"]}",
            "force_destroy": false,
            "id": "forward-securityhub",
            "is_enabled": true,
            "name": "forward-securityhub",
            "name_prefix": "",
            "region": "us-east-1",
            "role_arn": "",
            "schedule_expression": "",
            "state": "ENABLED",
            "tags": {},
            "tags_all": {}
          },
          "sensitive_attributes": [],
          "private": "eyJzY2hlbWFfdmVyc2lvbiI6IjEifQ=="
        }
      ]
    },
    {
      "mode": "managed",
      "type": "aws_iam_role",
      "name": "eventbridge_forward_role",
      "provider": "provider[\"registry.terraform.io/hashicorp/aws\"]",
      "instances": [
        {
          "schema_version": 0,
          "attributes": {
            "arn": "arn:aws:iam::473278020383:role/eventbridge-forward-role",
            "assume_role_policy": "{\"Statement\":[{\"Action\":\"sts:AssumeRole\",\"Effect\":\"Allow\",\"Principal\":{\"Service\":\"events.amazonaws.com\"}}],\"Version\":\"2012-10-17\"}",
            "create_date": "2025-12-08T05:40:01Z",
            "description": "",
            "force_detach_policies": false,
            "id": "eventbridge-forward-role",
            "inline_policy": [],
            "managed_policy_arns": [],
            "max_session_duration": 3600,
            "name": "eventbridge-forward-role",
            "name_prefix": "",
            "path": "/",
            "permissions_boundary": "",
            "tags": null,
            "tags_all": {},
            "unique_id": "AROAW4MMRPMPRWD4KUKV7"
          },
          "sensitive_attributes": [],
          "private": "bnVsbA=="
        }
      ]
    },
    {
      "mode": "managed",
      "type": "aws_iam_role_policy",
      "name": "eventbridge_forward_policy",
      "provider": "provider[\"registry.terraform.io/hashicorp/aws\"]",
      "instances": [
        {
          "schema_version": 0,
          "attributes": {
            "id": "eventbridge-forward-role:allow_put_events_to_account_b",
            "name": "allow_put_events_to_account_b",
            "name_prefix": "",
            "policy": "{\"Version\":\"2012-10-17\",\"Statement\":[{\"Action\":\"events:PutEvents\",\"Effect\":\"Allow\",\"Resource\":\"arn:aws:events:us-east-1:473278020383:event-bus/default\"}]}",
            "role": "eventbridge-forward-role"
          },
          "sensitive_attributes": [],
          "private": "bnVsbA==",
          "dependencies": [
            "aws_iam_role.eventbridge_forward_role"
          ]
        }
      ]
    }
  ],
  "check_results": null
}
