{
  "version": 4,
  "terraform_version": "1.8.2",
  "serial": 9,
  "lineage": "05906ce4-c9dc-4aab-4412-2a2395137bb1",
  "outputs": {
    "bucket_name": {
      "value": "securityhub-findings-demo-bucket345645",
      "type": "string"
    },
    "lambda_function_name": {
      "value": "export-securityhub-findings",
      "type": "string"
    },
    "sns_topic_arn": {
      "value": "arn:aws:sns:us-east-1:165220828225:securityhub-findings",
      "type": "string"
    }
  },
  "resources": [
    {
      "module": "module.event_rules",
      "mode": "managed",
      "type": "aws_cloudwatch_event_rule",
      "name": "daily_rule",
      "provider": "provider[\"registry.terraform.io/hashicorp/aws\"]",
      "instances": [
        {
          "schema_version": 1,
          "attributes": {
            "arn": "arn:aws:events:us-east-1:165220828225:rule/securityhub-daily-export",
            "description": "",
            "event_bus_name": "default",
            "event_pattern": null,
            "force_destroy": false,
            "id": "securityhub-daily-export",
            "is_enabled": true,
            "name": "securityhub-daily-export",
            "name_prefix": "",
            "role_arn": "",
            "schedule_expression": "cron(0 0 * * ? *)",
            "state": "ENABLED",
            "tags": null,
            "tags_all": {}
          },
          "sensitive_attributes": [],
          "private": "eyJzY2hlbWFfdmVyc2lvbiI6IjEifQ=="
        }
      ]
    },
    {
      "module": "module.iam",
      "mode": "data",
      "type": "aws_iam_policy_document",
      "name": "lambda_assume_role",
      "provider": "provider[\"registry.terraform.io/hashicorp/aws\"]",
      "instances": [
        {
          "schema_version": 0,
          "attributes": {
            "id": "2690255455",
            "json": "{\n  \"Version\": \"2012-10-17\",\n  \"Statement\": [\n    {\n      \"Effect\": \"Allow\",\n      \"Action\": \"sts:AssumeRole\",\n      \"Principal\": {\n        \"Service\": \"lambda.amazonaws.com\"\n      }\n    }\n  ]\n}",
            "minified_json": "{\"Version\":\"2012-10-17\",\"Statement\":[{\"Effect\":\"Allow\",\"Action\":\"sts:AssumeRole\",\"Principal\":{\"Service\":\"lambda.amazonaws.com\"}}]}",
            "override_json": null,
            "override_policy_documents": null,
            "policy_id": null,
            "source_json": null,
            "source_policy_documents": null,
            "statement": [
              {
                "actions": [
                  "sts:AssumeRole"
                ],
                "condition": [],
                "effect": "Allow",
                "not_actions": [],
                "not_principals": [],
                "not_resources": [],
                "principals": [
                  {
                    "identifiers": [
                      "lambda.amazonaws.com"
                    ],
                    "type": "Service"
                  }
                ],
                "resources": [],
                "sid": ""
              }
            ],
            "version": "2012-10-17"
          },
          "sensitive_attributes": []
        }
      ]
    },
    {
      "module": "module.iam",
      "mode": "data",
      "type": "aws_iam_policy_document",
      "name": "lambda_policy",
      "provider": "provider[\"registry.terraform.io/hashicorp/aws\"]",
      "instances": [
        {
          "schema_version": 0,
          "attributes": {
            "id": "4063159808",
            "json": "{\n  \"Version\": \"2012-10-17\",\n  \"Statement\": [\n    {\n      \"Sid\": \"AllowSecurityHubRead\",\n      \"Effect\": \"Allow\",\n      \"Action\": [\n        \"securityhub:GetFindings\",\n        \"securityhub:DescribeHub\",\n        \"securityhub:BatchGet*\"\n      ],\n      \"Resource\": \"*\"\n    },\n    {\n      \"Sid\": \"AllowS3PutAndGet\",\n      \"Effect\": \"Allow\",\n      \"Action\": [\n        \"s3:PutObjectTagging\",\n        \"s3:PutObjectAcl\",\n        \"s3:PutObject\",\n        \"s3:GetObject\"\n      ],\n      \"Resource\": \"arn:aws:s3:::securityhub-findings-demo-bucket345645/*\"\n    },\n    {\n      \"Sid\": \"AllowSNSPublish\",\n      \"Effect\": \"Allow\",\n      \"Action\": \"sns:Publish\",\n      \"Resource\": \"arn:aws:sns:us-east-1:165220828225:securityhub-findings\"\n    },\n    {\n      \"Sid\": \"AllowCloudWatchLogs\",\n      \"Effect\": \"Allow\",\n      \"Action\": [\n        \"logs:PutLogEvents\",\n        \"logs:CreateLogStream\",\n        \"logs:CreateLogGroup\"\n      ],\n      \"Resource\": \"arn:aws:logs:*:*:*\"\n    }\n  ]\n}",
            "minified_json": "{\"Version\":\"2012-10-17\",\"Statement\":[{\"Sid\":\"AllowSecurityHubRead\",\"Effect\":\"Allow\",\"Action\":[\"securityhub:GetFindings\",\"securityhub:DescribeHub\",\"securityhub:BatchGet*\"],\"Resource\":\"*\"},{\"Sid\":\"AllowS3PutAndGet\",\"Effect\":\"Allow\",\"Action\":[\"s3:PutObjectTagging\",\"s3:PutObjectAcl\",\"s3:PutObject\",\"s3:GetObject\"],\"Resource\":\"arn:aws:s3:::securityhub-findings-demo-bucket345645/*\"},{\"Sid\":\"AllowSNSPublish\",\"Effect\":\"Allow\",\"Action\":\"sns:Publish\",\"Resource\":\"arn:aws:sns:us-east-1:165220828225:securityhub-findings\"},{\"Sid\":\"AllowCloudWatchLogs\",\"Effect\":\"Allow\",\"Action\":[\"logs:PutLogEvents\",\"logs:CreateLogStream\",\"logs:CreateLogGroup\"],\"Resource\":\"arn:aws:logs:*:*:*\"}]}",
            "override_json": null,
            "override_policy_documents": null,
            "policy_id": null,
            "source_json": null,
            "source_policy_documents": null,
            "statement": [
              {
                "actions": [
                  "securityhub:BatchGet*",
                  "securityhub:DescribeHub",
                  "securityhub:GetFindings"
                ],
                "condition": [],
                "effect": "Allow",
                "not_actions": [],
                "not_principals": [],
                "not_resources": [],
                "principals": [],
                "resources": [
                  "*"
                ],
                "sid": "AllowSecurityHubRead"
              },
              {
                "actions": [
                  "s3:GetObject",
                  "s3:PutObject",
                  "s3:PutObjectAcl",
                  "s3:PutObjectTagging"
                ],
                "condition": [],
                "effect": "Allow",
                "not_actions": [],
                "not_principals": [],
                "not_resources": [],
                "principals": [],
                "resources": [
                  "arn:aws:s3:::securityhub-findings-demo-bucket345645/*"
                ],
                "sid": "AllowS3PutAndGet"
              },
              {
                "actions": [
                  "sns:Publish"
                ],
                "condition": [],
                "effect": "Allow",
                "not_actions": [],
                "not_principals": [],
                "not_resources": [],
                "principals": [],
                "resources": [
                  "arn:aws:sns:us-east-1:165220828225:securityhub-findings"
                ],
                "sid": "AllowSNSPublish"
              },
              {
                "actions": [
                  "logs:CreateLogGroup",
                  "logs:CreateLogStream",
                  "logs:PutLogEvents"
                ],
                "condition": [],
                "effect": "Allow",
                "not_actions": [],
                "not_principals": [],
                "not_resources": [],
                "principals": [],
                "resources": [
                  "arn:aws:logs:*:*:*"
                ],
                "sid": "AllowCloudWatchLogs"
              }
            ],
            "version": "2012-10-17"
          },
          "sensitive_attributes": []
        }
      ]
    },
    {
      "module": "module.lambda",
      "mode": "data",
      "type": "archive_file",
      "name": "lambda_zip",
      "provider": "provider[\"registry.terraform.io/hashicorp/archive\"]",
      "instances": [
        {
          "schema_version": 0,
          "attributes": {
            "exclude_symlink_directories": null,
            "excludes": null,
            "id": "7630c4389c97a2a94a764d55a5b9184895ffc269",
            "output_base64sha256": "OgekDdANseojCMbsy7uHNutYbHE03McncRpuw8SeY3o=",
            "output_base64sha512": "zqdZ+ggETNFJj9YDTYc1if1oIifvGUnH90qo/lpL4fhWDbeeoGURarT9Z+DpdGcSadugsK4+lJdIGNvY2eJnhA==",
            "output_file_mode": null,
            "output_md5": "525361642c9ada7e6bc3404c034a22a1",
            "output_path": "./handler.zip",
            "output_sha": "7630c4389c97a2a94a764d55a5b9184895ffc269",
            "output_sha256": "3a07a40dd00db1ea2308c6eccbbb8736eb586c7134dcc727711a6ec3c49e637a",
            "output_sha512": "cea759fa08044cd1498fd6034d873589fd682227ef1949c7f74aa8fe5a4be1f8560db79ea065116ab4fd67e0e974671269dba0b0ae3e94974818dbd8d9e26784",
            "output_size": 4591,
            "source": [],
            "source_content": null,
            "source_content_filename": null,
            "source_dir": "./lambda",
            "source_file": null,
            "type": "zip"
          },
          "sensitive_attributes": []
        }
      ]
    },
    {
      "module": "module.s3",
      "mode": "managed",
      "type": "aws_s3_bucket",
      "name": "securityhub_bucket",
      "provider": "provider[\"registry.terraform.io/hashicorp/aws\"]",
      "instances": [
        {
          "schema_version": 0,
          "attributes": {
            "acceleration_status": "",
            "acl": null,
            "arn": "arn:aws:s3:::securityhub-findings-demo-bucket345645",
            "bucket": "securityhub-findings-demo-bucket345645",
            "bucket_domain_name": "securityhub-findings-demo-bucket345645.s3.amazonaws.com",
            "bucket_prefix": "",
            "bucket_regional_domain_name": "securityhub-findings-demo-bucket345645.s3.us-east-1.amazonaws.com",
            "cors_rule": [],
            "force_destroy": true,
            "grant": [
              {
                "id": "5f0766eb429f366d9c7ec467fa6d97b64da2ed101e7fb21ed20a0c5feab57faa",
                "permissions": [
                  "FULL_CONTROL"
                ],
                "type": "CanonicalUser",
                "uri": ""
              }
            ],
            "hosted_zone_id": "Z3AQBSTGFYJSTF",
            "id": "securityhub-findings-demo-bucket345645",
            "lifecycle_rule": [],
            "logging": [],
            "object_lock_configuration": [],
            "object_lock_enabled": false,
            "policy": "",
            "region": "us-east-1",
            "replication_configuration": [],
            "request_payer": "BucketOwner",
            "server_side_encryption_configuration": [
              {
                "rule": [
                  {
                    "apply_server_side_encryption_by_default": [
                      {
                        "kms_master_key_id": "",
                        "sse_algorithm": "AES256"
                      }
                    ],
                    "bucket_key_enabled": false
                  }
                ]
              }
            ],
            "tags": null,
            "tags_all": {},
            "timeouts": null,
            "versioning": [
              {
                "enabled": false,
                "mfa_delete": false
              }
            ],
            "website": [],
            "website_domain": null,
            "website_endpoint": null
          },
          "sensitive_attributes": [],
          "private": "eyJlMmJmYjczMC1lY2FhLTExZTYtOGY4OC0zNDM2M2JjN2M0YzAiOnsiY3JlYXRlIjoxMjAwMDAwMDAwMDAwLCJkZWxldGUiOjM2MDAwMDAwMDAwMDAsInJlYWQiOjEyMDAwMDAwMDAwMDAsInVwZGF0ZSI6MTIwMDAwMDAwMDAwMH19"
        }
      ]
    },
    {
      "module": "module.s3",
      "mode": "managed",
      "type": "aws_s3_bucket_public_access_block",
      "name": "public_access_block",
      "provider": "provider[\"registry.terraform.io/hashicorp/aws\"]",
      "instances": [
        {
          "schema_version": 0,
          "attributes": {
            "block_public_acls": true,
            "block_public_policy": true,
            "bucket": "securityhub-findings-demo-bucket345645",
            "id": "securityhub-findings-demo-bucket345645",
            "ignore_public_acls": true,
            "restrict_public_buckets": true
          },
          "sensitive_attributes": [],
          "private": "bnVsbA==",
          "dependencies": [
            "module.s3.aws_s3_bucket.securityhub_bucket"
          ]
        }
      ]
    },
    {
      "module": "module.s3",
      "mode": "managed",
      "type": "aws_s3_bucket_versioning",
      "name": "versioning",
      "provider": "provider[\"registry.terraform.io/hashicorp/aws\"]",
      "instances": [
        {
          "schema_version": 0,
          "attributes": {
            "bucket": "securityhub-findings-demo-bucket345645",
            "expected_bucket_owner": "",
            "id": "securityhub-findings-demo-bucket345645",
            "mfa": null,
            "versioning_configuration": [
              {
                "mfa_delete": "",
                "status": "Enabled"
              }
            ]
          },
          "sensitive_attributes": [],
          "private": "bnVsbA==",
          "dependencies": [
            "module.s3.aws_s3_bucket.securityhub_bucket"
          ]
        }
      ]
    },
    {
      "module": "module.sns",
      "mode": "managed",
      "type": "aws_sns_topic",
      "name": "findings_topic",
      "provider": "provider[\"registry.terraform.io/hashicorp/aws\"]",
      "instances": [
        {
          "schema_version": 0,
          "attributes": {
            "application_failure_feedback_role_arn": "",
            "application_success_feedback_role_arn": "",
            "application_success_feedback_sample_rate": 0,
            "archive_policy": "",
            "arn": "arn:aws:sns:us-east-1:165220828225:securityhub-findings",
            "beginning_archive_time": "",
            "content_based_deduplication": false,
            "delivery_policy": "",
            "display_name": "",
            "fifo_throughput_scope": "",
            "fifo_topic": false,
            "firehose_failure_feedback_role_arn": "",
            "firehose_success_feedback_role_arn": "",
            "firehose_success_feedback_sample_rate": 0,
            "http_failure_feedback_role_arn": "",
            "http_success_feedback_role_arn": "",
            "http_success_feedback_sample_rate": 0,
            "id": "arn:aws:sns:us-east-1:165220828225:securityhub-findings",
            "kms_master_key_id": "",
            "lambda_failure_feedback_role_arn": "",
            "lambda_success_feedback_role_arn": "",
            "lambda_success_feedback_sample_rate": 0,
            "name": "securityhub-findings",
            "name_prefix": "",
            "owner": "165220828225",
            "policy": "{\"Id\":\"__default_policy_ID\",\"Statement\":[{\"Action\":[\"SNS:GetTopicAttributes\",\"SNS:SetTopicAttributes\",\"SNS:AddPermission\",\"SNS:RemovePermission\",\"SNS:DeleteTopic\",\"SNS:Subscribe\",\"SNS:ListSubscriptionsByTopic\",\"SNS:Publish\"],\"Condition\":{\"StringEquals\":{\"AWS:SourceOwner\":\"165220828225\"}},\"Effect\":\"Allow\",\"Principal\":{\"AWS\":\"*\"},\"Resource\":\"arn:aws:sns:us-east-1:165220828225:securityhub-findings\",\"Sid\":\"__default_statement_ID\"}],\"Version\":\"2008-10-17\"}",
            "signature_version": 0,
            "sqs_failure_feedback_role_arn": "",
            "sqs_success_feedback_role_arn": "",
            "sqs_success_feedback_sample_rate": 0,
            "tags": null,
            "tags_all": {},
            "tracing_config": ""
          },
          "sensitive_attributes": [],
          "private": "bnVsbA=="
        }
      ]
    },
    {
      "module": "module.sns",
      "mode": "managed",
      "type": "aws_sns_topic_subscription",
      "name": "email_subscription",
      "provider": "provider[\"registry.terraform.io/hashicorp/aws\"]",
      "instances": [
        {
          "schema_version": 0,
          "attributes": {
            "arn": "arn:aws:sns:us-east-1:165220828225:securityhub-findings:326b80d6-7786-45c2-bb39-055e5bfa34db",
            "confirmation_timeout_in_minutes": 1,
            "confirmation_was_authenticated": false,
            "delivery_policy": "",
            "endpoint": "ashwinikanagaraj3@gmail.com",
            "endpoint_auto_confirms": false,
            "filter_policy": "",
            "filter_policy_scope": "",
            "id": "arn:aws:sns:us-east-1:165220828225:securityhub-findings:326b80d6-7786-45c2-bb39-055e5bfa34db",
            "owner_id": "165220828225",
            "pending_confirmation": true,
            "protocol": "email",
            "raw_message_delivery": false,
            "redrive_policy": "",
            "replay_policy": "",
            "subscription_role_arn": "",
            "topic_arn": "arn:aws:sns:us-east-1:165220828225:securityhub-findings"
          },
          "sensitive_attributes": [],
          "private": "bnVsbA==",
          "dependencies": [
            "module.sns.aws_sns_topic.findings_topic"
          ]
        }
      ]
    }
  ],
  "check_results": null
}
