{
  "version": 4,
  "terraform_version": "1.8.2",
  "serial": 82,
  "lineage": "2e040262-21dd-f5f6-bfae-7ad3eac3fd48",
  "outputs": {},
  "resources": [
    {
      "module": "module.dest_bucket",
      "mode": "data",
      "type": "aws_iam_policy_document",
      "name": "dest_bucket_policy",
      "provider": "provider[\"registry.terraform.io/hashicorp/aws\"]",
      "instances": [
        {
          "schema_version": 0,
          "attributes": {
            "id": "4117488701",
            "json": "{\n  \"Version\": \"2012-10-17\",\n  \"Statement\": [\n    {\n      \"Sid\": \"AllowReplicationFromSource\",\n      \"Effect\": \"Allow\",\n      \"Action\": [\n        \"s3:ReplicateTags\",\n        \"s3:ReplicateObject\",\n        \"s3:ReplicateDelete\",\n        \"s3:GetObjectVersionTagging\"\n      ],\n      \"Resource\": [\n        \"arn:aws:s3:::dest-bucket-09834/*\",\n        \"arn:aws:s3:::dest-bucket-09834\"\n      ],\n      \"Principal\": {\n        \"AWS\": \"arn:aws:iam::165220828225:root\"\n      }\n    }\n  ]\n}",
            "minified_json": "{\"Version\":\"2012-10-17\",\"Statement\":[{\"Sid\":\"AllowReplicationFromSource\",\"Effect\":\"Allow\",\"Action\":[\"s3:ReplicateTags\",\"s3:ReplicateObject\",\"s3:ReplicateDelete\",\"s3:GetObjectVersionTagging\"],\"Resource\":[\"arn:aws:s3:::dest-bucket-09834/*\",\"arn:aws:s3:::dest-bucket-09834\"],\"Principal\":{\"AWS\":\"arn:aws:iam::165220828225:root\"}}]}",
            "override_json": null,
            "override_policy_documents": null,
            "policy_id": null,
            "source_json": null,
            "source_policy_documents": null,
            "statement": [
              {
                "actions": [
                  "s3:GetObjectVersionTagging",
                  "s3:ReplicateDelete",
                  "s3:ReplicateObject",
                  "s3:ReplicateTags"
                ],
                "condition": [],
                "effect": "Allow",
                "not_actions": [],
                "not_principals": [],
                "not_resources": [],
                "principals": [
                  {
                    "identifiers": [
                      "arn:aws:iam::165220828225:root"
                    ],
                    "type": "AWS"
                  }
                ],
                "resources": [
                  "arn:aws:s3:::dest-bucket-09834",
                  "arn:aws:s3:::dest-bucket-09834/*"
                ],
                "sid": "AllowReplicationFromSource"
              }
            ],
            "version": "2012-10-17"
          },
          "sensitive_attributes": []
        }
      ]
    },
    {
      "module": "module.dest_bucket",
      "mode": "data",
      "type": "aws_iam_policy_document",
      "name": "dest_replication_assume",
      "provider": "provider[\"registry.terraform.io/hashicorp/aws\"]",
      "instances": [
        {
          "schema_version": 0,
          "attributes": {
            "id": "1765856792",
            "json": "{\n  \"Version\": \"2012-10-17\",\n  \"Statement\": [\n    {\n      \"Effect\": \"Allow\",\n      \"Action\": \"sts:AssumeRole\",\n      \"Principal\": {\n        \"Service\": \"s3.amazonaws.com\"\n      }\n    }\n  ]\n}",
            "minified_json": "{\"Version\":\"2012-10-17\",\"Statement\":[{\"Effect\":\"Allow\",\"Action\":\"sts:AssumeRole\",\"Principal\":{\"Service\":\"s3.amazonaws.com\"}}]}",
            "override_json": null,
            "override_policy_documents": null,
            "policy_id": null,
            "source_json": null,
            "source_policy_documents": null,
            "statement": [
              {
                "actions": [
                  "sts:AssumeRole"
                ],
                "condition": [],
                "effect": "Allow",
                "not_actions": [],
                "not_principals": [],
                "not_resources": [],
                "principals": [
                  {
                    "identifiers": [
                      "s3.amazonaws.com"
                    ],
                    "type": "Service"
                  }
                ],
                "resources": [],
                "sid": ""
              }
            ],
            "version": "2012-10-17"
          },
          "sensitive_attributes": []
        }
      ]
    },
    {
      "module": "module.dest_bucket",
      "mode": "data",
      "type": "aws_iam_policy_document",
      "name": "dest_replication_role_policy",
      "provider": "provider[\"registry.terraform.io/hashicorp/aws\"]",
      "instances": [
        {
          "schema_version": 0,
          "attributes": {
            "id": "3096221233",
            "json": "{\n  \"Version\": \"2012-10-17\",\n  \"Statement\": [\n    {\n      \"Effect\": \"Allow\",\n      \"Action\": [\n        \"s3:ListBucket\",\n        \"s3:GetReplicationConfiguration\"\n      ],\n      \"Resource\": \"arn:aws:s3:::dest-bucket-09834\"\n    },\n    {\n      \"Effect\": \"Allow\",\n      \"Action\": [\n        \"s3:GetObjectVersionTorrent\",\n        \"s3:GetObjectVersionTagging\",\n        \"s3:GetObjectVersionForReplication\",\n        \"s3:GetObjectVersionAcl\",\n        \"s3:GetObjectVersion\",\n        \"s3:GetObjectRetention\",\n        \"s3:GetObjectLegalHold\"\n      ],\n      \"Resource\": \"arn:aws:s3:::dest-bucket-09834/*\"\n    },\n    {\n      \"Effect\": \"Allow\",\n      \"Action\": [\n        \"s3:ReplicateTags\",\n        \"s3:ReplicateObject\",\n        \"s3:ReplicateDelete\",\n        \"s3:ObjectOwnerOverrideToBucketOwner\"\n      ],\n      \"Resource\": \"arn:aws:s3:::source-bucket-08594/*\"\n    }\n  ]\n}",
            "minified_json": "{\"Version\":\"2012-10-17\",\"Statement\":[{\"Effect\":\"Allow\",\"Action\":[\"s3:ListBucket\",\"s3:GetReplicationConfiguration\"],\"Resource\":\"arn:aws:s3:::dest-bucket-09834\"},{\"Effect\":\"Allow\",\"Action\":[\"s3:GetObjectVersionTorrent\",\"s3:GetObjectVersionTagging\",\"s3:GetObjectVersionForReplication\",\"s3:GetObjectVersionAcl\",\"s3:GetObjectVersion\",\"s3:GetObjectRetention\",\"s3:GetObjectLegalHold\"],\"Resource\":\"arn:aws:s3:::dest-bucket-09834/*\"},{\"Effect\":\"Allow\",\"Action\":[\"s3:ReplicateTags\",\"s3:ReplicateObject\",\"s3:ReplicateDelete\",\"s3:ObjectOwnerOverrideToBucketOwner\"],\"Resource\":\"arn:aws:s3:::source-bucket-08594/*\"}]}",
            "override_json": null,
            "override_policy_documents": null,
            "policy_id": null,
            "source_json": null,
            "source_policy_documents": null,
            "statement": [
              {
                "actions": [
                  "s3:GetReplicationConfiguration",
                  "s3:ListBucket"
                ],
                "condition": [],
                "effect": "Allow",
                "not_actions": [],
                "not_principals": [],
                "not_resources": [],
                "principals": [],
                "resources": [
                  "arn:aws:s3:::dest-bucket-09834"
                ],
                "sid": ""
              },
              {
                "actions": [
                  "s3:GetObjectLegalHold",
                  "s3:GetObjectRetention",
                  "s3:GetObjectVersion",
                  "s3:GetObjectVersionAcl",
                  "s3:GetObjectVersionForReplication",
                  "s3:GetObjectVersionTagging",
                  "s3:GetObjectVersionTorrent"
                ],
                "condition": [],
                "effect": "Allow",
                "not_actions": [],
                "not_principals": [],
                "not_resources": [],
                "principals": [],
                "resources": [
                  "arn:aws:s3:::dest-bucket-09834/*"
                ],
                "sid": ""
              },
              {
                "actions": [
                  "s3:ObjectOwnerOverrideToBucketOwner",
                  "s3:ReplicateDelete",
                  "s3:ReplicateObject",
                  "s3:ReplicateTags"
                ],
                "condition": [],
                "effect": "Allow",
                "not_actions": [],
                "not_principals": [],
                "not_resources": [],
                "principals": [],
                "resources": [
                  "arn:aws:s3:::source-bucket-08594/*"
                ],
                "sid": ""
              }
            ],
            "version": "2012-10-17"
          },
          "sensitive_attributes": []
        }
      ]
    },
    {
      "module": "module.dest_bucket",
      "mode": "managed",
      "type": "aws_iam_role",
      "name": "dest_replication_role",
      "provider": "provider[\"registry.terraform.io/hashicorp/aws\"].dest",
      "instances": [
        {
          "schema_version": 0,
          "attributes": {
            "arn": "arn:aws:iam::473278020383:role/dest-to-source-repl-role-v2",
            "assume_role_policy": "{\"Statement\":[{\"Action\":\"sts:AssumeRole\",\"Effect\":\"Allow\",\"Principal\":{\"Service\":\"s3.amazonaws.com\"}}],\"Version\":\"2012-10-17\"}",
            "create_date": "2025-11-21T10:09:23Z",
            "description": "",
            "force_detach_policies": false,
            "id": "dest-to-source-repl-role-v2",
            "inline_policy": [],
            "managed_policy_arns": [],
            "max_session_duration": 3600,
            "name": "dest-to-source-repl-role-v2",
            "name_prefix": "",
            "path": "/",
            "permissions_boundary": "",
            "tags": null,
            "tags_all": {},
            "unique_id": "AROAW4MMRPMPR5DJUCI6S"
          },
          "sensitive_attributes": [],
          "private": "bnVsbA==",
          "dependencies": [
            "module.dest_bucket.data.aws_iam_policy_document.dest_replication_assume"
          ]
        }
      ]
    },
    {
      "module": "module.dest_bucket",
      "mode": "managed",
      "type": "aws_iam_role_policy",
      "name": "dest_replication_role_policy_attach",
      "provider": "provider[\"registry.terraform.io/hashicorp/aws\"].dest",
      "instances": [
        {
          "schema_version": 0,
          "attributes": {
            "id": "dest-to-source-repl-role-v2:dest-to-source-repl-role-v2-policy",
            "name": "dest-to-source-repl-role-v2-policy",
            "name_prefix": "",
            "policy": "{\"Version\":\"2012-10-17\",\"Statement\":[{\"Action\":[\"s3:ListBucket\",\"s3:GetReplicationConfiguration\"],\"Effect\":\"Allow\",\"Resource\":\"arn:aws:s3:::dest-bucket-09834\"},{\"Action\":[\"s3:GetObjectVersionTorrent\",\"s3:GetObjectVersionTagging\",\"s3:GetObjectVersionForReplication\",\"s3:GetObjectVersionAcl\",\"s3:GetObjectVersion\",\"s3:GetObjectRetention\",\"s3:GetObjectLegalHold\"],\"Effect\":\"Allow\",\"Resource\":\"arn:aws:s3:::dest-bucket-09834/*\"},{\"Action\":[\"s3:ReplicateTags\",\"s3:ReplicateObject\",\"s3:ReplicateDelete\",\"s3:ObjectOwnerOverrideToBucketOwner\"],\"Effect\":\"Allow\",\"Resource\":\"arn:aws:s3:::source-bucket-08594/*\"}]}",
            "role": "dest-to-source-repl-role-v2"
          },
          "sensitive_attributes": [],
          "private": "bnVsbA==",
          "dependencies": [
            "module.dest_bucket.aws_iam_role.dest_replication_role",
            "module.dest_bucket.aws_s3_bucket.bucket02-aurorat",
            "module.dest_bucket.data.aws_iam_policy_document.dest_replication_assume",
            "module.dest_bucket.data.aws_iam_policy_document.dest_replication_role_policy"
          ]
        }
      ]
    },
    {
      "module": "module.dest_bucket",
      "mode": "managed",
      "type": "aws_s3_bucket",
      "name": "bucket02-aurorat",
      "provider": "provider[\"registry.terraform.io/hashicorp/aws\"].dest",
      "instances": [
        {
          "schema_version": 0,
          "attributes": {
            "acceleration_status": "",
            "acl": null,
            "arn": "arn:aws:s3:::dest-bucket-09834",
            "bucket": "dest-bucket-09834",
            "bucket_domain_name": "dest-bucket-09834.s3.amazonaws.com",
            "bucket_prefix": "",
            "bucket_region": "ap-south-1",
            "bucket_regional_domain_name": "dest-bucket-09834.s3.ap-south-1.amazonaws.com",
            "cors_rule": [],
            "force_destroy": false,
            "grant": [
              {
                "id": "91fc5b0379f3395de8eb4c05f222c5420e8892e68705bb6c860e4845b550487e",
                "permissions": [
                  "FULL_CONTROL"
                ],
                "type": "CanonicalUser",
                "uri": ""
              }
            ],
            "hosted_zone_id": "Z11RGJOFQNVJUP",
            "id": "dest-bucket-09834",
            "lifecycle_rule": [],
            "logging": [],
            "object_lock_configuration": [],
            "object_lock_enabled": false,
            "policy": "{\"Statement\":[{\"Action\":[\"s3:ReplicateTags\",\"s3:ReplicateObject\",\"s3:ReplicateDelete\",\"s3:GetObjectVersionTagging\"],\"Effect\":\"Allow\",\"Principal\":{\"AWS\":\"arn:aws:iam::165220828225:root\"},\"Resource\":[\"arn:aws:s3:::dest-bucket-09834/*\",\"arn:aws:s3:::dest-bucket-09834\"],\"Sid\":\"AllowReplicationFromSource\"}],\"Version\":\"2012-10-17\"}",
            "region": "ap-south-1",
            "replication_configuration": [
              {
                "role": "arn:aws:iam::473278020383:role/dest-to-source-repl-role",
                "rules": [
                  {
                    "delete_marker_replication_status": "Enabled",
                    "destination": [
                      {
                        "access_control_translation": [],
                        "account_id": "165220828225",
                        "bucket": "arn:aws:s3:::source-bucket-08594",
                        "metrics": [],
                        "replica_kms_key_id": "",
                        "replication_time": [],
                        "storage_class": "STANDARD"
                      }
                    ],
                    "filter": [
                      {
                        "prefix": null,
                        "tags": null
                      }
                    ],
                    "id": "dest-to-source-repl",
                    "prefix": "",
                    "priority": 0,
                    "source_selection_criteria": [],
                    "status": "Enabled"
                  }
                ]
              }
            ],
            "request_payer": "BucketOwner",
            "server_side_encryption_configuration": [
              {
                "rule": [
                  {
                    "apply_server_side_encryption_by_default": [
                      {
                        "kms_master_key_id": "",
                        "sse_algorithm": "AES256"
                      }
                    ],
                    "bucket_key_enabled": false
                  }
                ]
              }
            ],
            "tags": {},
            "tags_all": {},
            "timeouts": null,
            "versioning": [
              {
                "enabled": true,
                "mfa_delete": false
              }
            ],
            "website": [],
            "website_domain": null,
            "website_endpoint": null
          },
          "sensitive_attributes": [],
          "private": "eyJlMmJmYjczMC1lY2FhLTExZTYtOGY4OC0zNDM2M2JjN2M0YzAiOnsiY3JlYXRlIjoxMjAwMDAwMDAwMDAwLCJkZWxldGUiOjM2MDAwMDAwMDAwMDAsInJlYWQiOjEyMDAwMDAwMDAwMDAsInVwZGF0ZSI6MTIwMDAwMDAwMDAwMH19"
        }
      ]
    },
    {
      "module": "module.dest_bucket",
      "mode": "managed",
      "type": "aws_s3_bucket_policy",
      "name": "dest_policy",
      "provider": "provider[\"registry.terraform.io/hashicorp/aws\"].dest",
      "instances": [
        {
          "schema_version": 0,
          "attributes": {
            "bucket": "dest-bucket-09834",
            "id": "dest-bucket-09834",
            "policy": "{\"Statement\":[{\"Action\":[\"s3:ReplicateTags\",\"s3:ReplicateObject\",\"s3:ReplicateDelete\",\"s3:GetObjectVersionTagging\"],\"Effect\":\"Allow\",\"Principal\":{\"AWS\":\"arn:aws:iam::165220828225:root\"},\"Resource\":[\"arn:aws:s3:::dest-bucket-09834/*\",\"arn:aws:s3:::dest-bucket-09834\"],\"Sid\":\"AllowReplicationFromSource\"}],\"Version\":\"2012-10-17\"}",
            "region": "ap-south-1"
          },
          "sensitive_attributes": [],
          "private": "bnVsbA==",
          "dependencies": [
            "module.dest_bucket.aws_s3_bucket.bucket02-aurorat",
            "module.dest_bucket.data.aws_iam_policy_document.dest_bucket_policy"
          ]
        }
      ]
    },
    {
      "module": "module.dest_bucket",
      "mode": "managed",
      "type": "aws_s3_bucket_replication_configuration",
      "name": "dest_to_source_replication",
      "provider": "provider[\"registry.terraform.io/hashicorp/aws\"].dest",
      "instances": [
        {
          "schema_version": 0,
          "attributes": {
            "bucket": "dest-bucket-09834",
            "id": "dest-bucket-09834",
            "region": "ap-south-1",
            "role": "arn:aws:iam::473278020383:role/dest-to-source-repl-role-v2",
            "rule": [
              {
                "delete_marker_replication": [
                  {
                    "status": "Enabled"
                  }
                ],
                "destination": [
                  {
                    "access_control_translation": [],
                    "account": "165220828225",
                    "bucket": "arn:aws:s3:::source-bucket-08594",
                    "encryption_configuration": [],
                    "metrics": [],
                    "replication_time": [],
                    "storage_class": "STANDARD"
                  }
                ],
                "existing_object_replication": [],
                "filter": [
                  {
                    "and": [],
                    "prefix": "",
                    "tag": []
                  }
                ],
                "id": "dest-to-source-repl",
                "prefix": "",
                "priority": 0,
                "source_selection_criteria": [],
                "status": "Enabled"
              }
            ],
            "token": null
          },
          "sensitive_attributes": [
            [
              {
                "type": "get_attr",
                "value": "token"
              }
            ]
          ],
          "private": "bnVsbA==",
          "dependencies": [
            "module.dest_bucket.aws_iam_role.dest_replication_role",
            "module.dest_bucket.aws_iam_role_policy.dest_replication_role_policy_attach",
            "module.dest_bucket.aws_s3_bucket.bucket02-aurorat",
            "module.dest_bucket.aws_s3_bucket_versioning.versioning",
            "module.dest_bucket.data.aws_iam_policy_document.dest_replication_assume",
            "module.dest_bucket.data.aws_iam_policy_document.dest_replication_role_policy"
          ]
        }
      ]
    },
    {
      "module": "module.dest_bucket",
      "mode": "managed",
      "type": "aws_s3_bucket_versioning",
      "name": "versioning",
      "provider": "provider[\"registry.terraform.io/hashicorp/aws\"].dest",
      "instances": [
        {
          "schema_version": 0,
          "attributes": {
            "bucket": "dest-bucket-09834",
            "expected_bucket_owner": "",
            "id": "dest-bucket-09834",
            "mfa": null,
            "region": "ap-south-1",
            "versioning_configuration": [
              {
                "mfa_delete": "",
                "status": "Enabled"
              }
            ]
          },
          "sensitive_attributes": [],
          "private": "bnVsbA==",
          "dependencies": [
            "module.dest_bucket.aws_s3_bucket.bucket02-aurorat"
          ]
        }
      ]
    },
    {
      "module": "module.source_replication",
      "mode": "data",
      "type": "aws_iam_policy_document",
      "name": "replication_assume",
      "provider": "provider[\"registry.terraform.io/hashicorp/aws\"]",
      "instances": [
        {
          "schema_version": 0,
          "attributes": {
            "id": "1765856792",
            "json": "{\n  \"Version\": \"2012-10-17\",\n  \"Statement\": [\n    {\n      \"Effect\": \"Allow\",\n      \"Action\": \"sts:AssumeRole\",\n      \"Principal\": {\n        \"Service\": \"s3.amazonaws.com\"\n      }\n    }\n  ]\n}",
            "minified_json": "{\"Version\":\"2012-10-17\",\"Statement\":[{\"Effect\":\"Allow\",\"Action\":\"sts:AssumeRole\",\"Principal\":{\"Service\":\"s3.amazonaws.com\"}}]}",
            "override_json": null,
            "override_policy_documents": null,
            "policy_id": null,
            "source_json": null,
            "source_policy_documents": null,
            "statement": [
              {
                "actions": [
                  "sts:AssumeRole"
                ],
                "condition": [],
                "effect": "Allow",
                "not_actions": [],
                "not_principals": [],
                "not_resources": [],
                "principals": [
                  {
                    "identifiers": [
                      "s3.amazonaws.com"
                    ],
                    "type": "Service"
                  }
                ],
                "resources": [],
                "sid": ""
              }
            ],
            "version": "2012-10-17"
          },
          "sensitive_attributes": []
        }
      ]
    },
    {
      "module": "module.source_replication",
      "mode": "data",
      "type": "aws_iam_policy_document",
      "name": "replication_role_policy",
      "provider": "provider[\"registry.terraform.io/hashicorp/aws\"]",
      "instances": [
        {
          "schema_version": 0,
          "attributes": {
            "id": "2052391912",
            "json": "{\n  \"Version\": \"2012-10-17\",\n  \"Statement\": [\n    {\n      \"Effect\": \"Allow\",\n      \"Action\": [\n        \"s3:ListBucket\",\n        \"s3:GetReplicationConfiguration\"\n      ],\n      \"Resource\": \"arn:aws:s3:::source-bucket-08594\"\n    },\n    {\n      \"Effect\": \"Allow\",\n      \"Action\": [\n        \"s3:GetObjectVersionTorrent\",\n        \"s3:GetObjectVersionTagging\",\n        \"s3:GetObjectVersionForReplication\",\n        \"s3:GetObjectVersionAcl\",\n        \"s3:GetObjectVersion\",\n        \"s3:GetObjectRetention\",\n        \"s3:GetObjectLegalHold\"\n      ],\n      \"Resource\": \"arn:aws:s3:::source-bucket-08594/*\"\n    },\n    {\n      \"Effect\": \"Allow\",\n      \"Action\": [\n        \"s3:ReplicateTags\",\n        \"s3:ReplicateObject\",\n        \"s3:ReplicateDelete\",\n        \"s3:ObjectOwnerOverrideToBucketOwner\"\n      ],\n      \"Resource\": \"arn:aws:s3:::dest-bucket-09834/*\"\n    }\n  ]\n}",
            "minified_json": "{\"Version\":\"2012-10-17\",\"Statement\":[{\"Effect\":\"Allow\",\"Action\":[\"s3:ListBucket\",\"s3:GetReplicationConfiguration\"],\"Resource\":\"arn:aws:s3:::source-bucket-08594\"},{\"Effect\":\"Allow\",\"Action\":[\"s3:GetObjectVersionTorrent\",\"s3:GetObjectVersionTagging\",\"s3:GetObjectVersionForReplication\",\"s3:GetObjectVersionAcl\",\"s3:GetObjectVersion\",\"s3:GetObjectRetention\",\"s3:GetObjectLegalHold\"],\"Resource\":\"arn:aws:s3:::source-bucket-08594/*\"},{\"Effect\":\"Allow\",\"Action\":[\"s3:ReplicateTags\",\"s3:ReplicateObject\",\"s3:ReplicateDelete\",\"s3:ObjectOwnerOverrideToBucketOwner\"],\"Resource\":\"arn:aws:s3:::dest-bucket-09834/*\"}]}",
            "override_json": null,
            "override_policy_documents": null,
            "policy_id": null,
            "source_json": null,
            "source_policy_documents": null,
            "statement": [
              {
                "actions": [
                  "s3:GetReplicationConfiguration",
                  "s3:ListBucket"
                ],
                "condition": [],
                "effect": "Allow",
                "not_actions": [],
                "not_principals": [],
                "not_resources": [],
                "principals": [],
                "resources": [
                  "arn:aws:s3:::source-bucket-08594"
                ],
                "sid": ""
              },
              {
                "actions": [
                  "s3:GetObjectLegalHold",
                  "s3:GetObjectRetention",
                  "s3:GetObjectVersion",
                  "s3:GetObjectVersionAcl",
                  "s3:GetObjectVersionForReplication",
                  "s3:GetObjectVersionTagging",
                  "s3:GetObjectVersionTorrent"
                ],
                "condition": [],
                "effect": "Allow",
                "not_actions": [],
                "not_principals": [],
                "not_resources": [],
                "principals": [],
                "resources": [
                  "arn:aws:s3:::source-bucket-08594/*"
                ],
                "sid": ""
              },
              {
                "actions": [
                  "s3:ObjectOwnerOverrideToBucketOwner",
                  "s3:ReplicateDelete",
                  "s3:ReplicateObject",
                  "s3:ReplicateTags"
                ],
                "condition": [],
                "effect": "Allow",
                "not_actions": [],
                "not_principals": [],
                "not_resources": [],
                "principals": [],
                "resources": [
                  "arn:aws:s3:::dest-bucket-09834/*"
                ],
                "sid": ""
              }
            ],
            "version": "2012-10-17"
          },
          "sensitive_attributes": []
        }
      ]
    },
    {
      "module": "module.source_replication",
      "mode": "data",
      "type": "aws_iam_policy_document",
      "name": "source_bucket_policy",
      "provider": "provider[\"registry.terraform.io/hashicorp/aws\"]",
      "instances": [
        {
          "schema_version": 0,
          "attributes": {
            "id": "1084970263",
            "json": "{\n  \"Version\": \"2012-10-17\",\n  \"Statement\": [\n    {\n      \"Sid\": \"AllowReplicationFromDestination\",\n      \"Effect\": \"Allow\",\n      \"Action\": [\n        \"s3:ReplicateTags\",\n        \"s3:ReplicateObject\",\n        \"s3:ReplicateDelete\",\n        \"s3:GetObjectVersionTagging\"\n      ],\n      \"Resource\": [\n        \"arn:aws:s3:::source-bucket-08594/*\",\n        \"arn:aws:s3:::source-bucket-08594\"\n      ],\n      \"Principal\": {\n        \"AWS\": \"arn:aws:iam::473278020383:root\"\n      }\n    }\n  ]\n}",
            "minified_json": "{\"Version\":\"2012-10-17\",\"Statement\":[{\"Sid\":\"AllowReplicationFromDestination\",\"Effect\":\"Allow\",\"Action\":[\"s3:ReplicateTags\",\"s3:ReplicateObject\",\"s3:ReplicateDelete\",\"s3:GetObjectVersionTagging\"],\"Resource\":[\"arn:aws:s3:::source-bucket-08594/*\",\"arn:aws:s3:::source-bucket-08594\"],\"Principal\":{\"AWS\":\"arn:aws:iam::473278020383:root\"}}]}",
            "override_json": null,
            "override_policy_documents": null,
            "policy_id": null,
            "source_json": null,
            "source_policy_documents": null,
            "statement": [
              {
                "actions": [
                  "s3:GetObjectVersionTagging",
                  "s3:ReplicateDelete",
                  "s3:ReplicateObject",
                  "s3:ReplicateTags"
                ],
                "condition": [],
                "effect": "Allow",
                "not_actions": [],
                "not_principals": [],
                "not_resources": [],
                "principals": [
                  {
                    "identifiers": [
                      "arn:aws:iam::473278020383:root"
                    ],
                    "type": "AWS"
                  }
                ],
                "resources": [
                  "arn:aws:s3:::source-bucket-08594",
                  "arn:aws:s3:::source-bucket-08594/*"
                ],
                "sid": "AllowReplicationFromDestination"
              }
            ],
            "version": "2012-10-17"
          },
          "sensitive_attributes": []
        }
      ]
    },
    {
      "module": "module.source_replication",
      "mode": "managed",
      "type": "aws_iam_role",
      "name": "replication_role",
      "provider": "provider[\"registry.terraform.io/hashicorp/aws\"].source",
      "instances": [
        {
          "schema_version": 0,
          "attributes": {
            "arn": "arn:aws:iam::165220828225:role/s3-replication-role",
            "assume_role_policy": "{\"Statement\":[{\"Action\":\"sts:AssumeRole\",\"Effect\":\"Allow\",\"Principal\":{\"Service\":\"s3.amazonaws.com\"}}],\"Version\":\"2012-10-17\"}",
            "create_date": "2025-11-21T09:57:43Z",
            "description": "",
            "force_detach_policies": false,
            "id": "s3-replication-role",
            "inline_policy": [
              {
                "name": "s3-replication-role-policy",
                "policy": "{\"Version\":\"2012-10-17\",\"Statement\":[{\"Action\":[\"s3:ListBucket\",\"s3:GetReplicationConfiguration\"],\"Effect\":\"Allow\",\"Resource\":\"arn:aws:s3:::source-bucket-08594\"},{\"Action\":[\"s3:GetObjectVersionTorrent\",\"s3:GetObjectVersionTagging\",\"s3:GetObjectVersionForReplication\",\"s3:GetObjectVersionAcl\",\"s3:GetObjectVersion\",\"s3:GetObjectRetention\",\"s3:GetObjectLegalHold\"],\"Effect\":\"Allow\",\"Resource\":\"arn:aws:s3:::source-bucket-08594/*\"},{\"Action\":[\"s3:ReplicateTags\",\"s3:ReplicateObject\",\"s3:ReplicateDelete\",\"s3:ObjectOwnerOverrideToBucketOwner\"],\"Effect\":\"Allow\",\"Resource\":\"arn:aws:s3:::dest-bucket-09834/*\"}]}"
              }
            ],
            "managed_policy_arns": [],
            "max_session_duration": 3600,
            "name": "s3-replication-role",
            "name_prefix": "",
            "path": "/",
            "permissions_boundary": "",
            "tags": {},
            "tags_all": {},
            "unique_id": "AROASM57NYRAYVBPNSIZ5"
          },
          "sensitive_attributes": [],
          "private": "bnVsbA==",
          "dependencies": [
            "module.source_replication.data.aws_iam_policy_document.replication_assume"
          ]
        }
      ]
    },
    {
      "module": "module.source_replication",
      "mode": "managed",
      "type": "aws_iam_role_policy",
      "name": "replication_role_policy_attach",
      "provider": "provider[\"registry.terraform.io/hashicorp/aws\"].source",
      "instances": [
        {
          "schema_version": 0,
          "attributes": {
            "id": "s3-replication-role:s3-replication-role-policy",
            "name": "s3-replication-role-policy",
            "name_prefix": "",
            "policy": "{\"Version\":\"2012-10-17\",\"Statement\":[{\"Action\":[\"s3:ListBucket\",\"s3:GetReplicationConfiguration\"],\"Effect\":\"Allow\",\"Resource\":\"arn:aws:s3:::source-bucket-08594\"},{\"Action\":[\"s3:GetObjectVersionTorrent\",\"s3:GetObjectVersionTagging\",\"s3:GetObjectVersionForReplication\",\"s3:GetObjectVersionAcl\",\"s3:GetObjectVersion\",\"s3:GetObjectRetention\",\"s3:GetObjectLegalHold\"],\"Effect\":\"Allow\",\"Resource\":\"arn:aws:s3:::source-bucket-08594/*\"},{\"Action\":[\"s3:ReplicateTags\",\"s3:ReplicateObject\",\"s3:ReplicateDelete\",\"s3:ObjectOwnerOverrideToBucketOwner\"],\"Effect\":\"Allow\",\"Resource\":\"arn:aws:s3:::dest-bucket-09834/*\"}]}",
            "role": "s3-replication-role"
          },
          "sensitive_attributes": [],
          "private": "bnVsbA==",
          "dependencies": [
            "module.dest_bucket.aws_s3_bucket.bucket02-aurorat",
            "module.source_replication.aws_iam_role.replication_role",
            "module.source_replication.aws_s3_bucket.bucket-sample-8124",
            "module.source_replication.data.aws_iam_policy_document.replication_assume",
            "module.source_replication.data.aws_iam_policy_document.replication_role_policy"
          ]
        }
      ]
    },
    {
      "module": "module.source_replication",
      "mode": "managed",
      "type": "aws_s3_bucket",
      "name": "bucket-sample-8124",
      "provider": "provider[\"registry.terraform.io/hashicorp/aws\"].source",
      "instances": [
        {
          "schema_version": 0,
          "attributes": {
            "acceleration_status": "",
            "acl": null,
            "arn": "arn:aws:s3:::source-bucket-08594",
            "bucket": "source-bucket-08594",
            "bucket_domain_name": "source-bucket-08594.s3.amazonaws.com",
            "bucket_prefix": "",
            "bucket_region": "us-west-2",
            "bucket_regional_domain_name": "source-bucket-08594.s3.us-west-2.amazonaws.com",
            "cors_rule": [],
            "force_destroy": false,
            "grant": [
              {
                "id": "5f0766eb429f366d9c7ec467fa6d97b64da2ed101e7fb21ed20a0c5feab57faa",
                "permissions": [
                  "FULL_CONTROL"
                ],
                "type": "CanonicalUser",
                "uri": ""
              }
            ],
            "hosted_zone_id": "Z3BJ6K6RIION7M",
            "id": "source-bucket-08594",
            "lifecycle_rule": [],
            "logging": [],
            "object_lock_configuration": [],
            "object_lock_enabled": false,
            "policy": "{\"Statement\":[{\"Action\":[\"s3:ReplicateTags\",\"s3:ReplicateObject\",\"s3:ReplicateDelete\",\"s3:GetObjectVersionTagging\"],\"Effect\":\"Allow\",\"Principal\":{\"AWS\":\"arn:aws:iam::473278020383:root\"},\"Resource\":[\"arn:aws:s3:::source-bucket-08594/*\",\"arn:aws:s3:::source-bucket-08594\"],\"Sid\":\"AllowReplicationFromDestination\"}],\"Version\":\"2012-10-17\"}",
            "region": "us-west-2",
            "replication_configuration": [
              {
                "role": "arn:aws:iam::165220828225:role/s3-replication-role",
                "rules": [
                  {
                    "delete_marker_replication_status": "Enabled",
                    "destination": [
                      {
                        "access_control_translation": [],
                        "account_id": "473278020383",
                        "bucket": "arn:aws:s3:::dest-bucket-09834",
                        "metrics": [],
                        "replica_kms_key_id": "",
                        "replication_time": [],
                        "storage_class": "STANDARD"
                      }
                    ],
                    "filter": [
                      {
                        "prefix": null,
                        "tags": null
                      }
                    ],
                    "id": "replicate-all",
                    "prefix": "",
                    "priority": 0,
                    "source_selection_criteria": [],
                    "status": "Enabled"
                  }
                ]
              }
            ],
            "request_payer": "BucketOwner",
            "server_side_encryption_configuration": [
              {
                "rule": [
                  {
                    "apply_server_side_encryption_by_default": [
                      {
                        "kms_master_key_id": "",
                        "sse_algorithm": "AES256"
                      }
                    ],
                    "bucket_key_enabled": false
                  }
                ]
              }
            ],
            "tags": {},
            "tags_all": {},
            "timeouts": null,
            "versioning": [
              {
                "enabled": true,
                "mfa_delete": false
              }
            ],
            "website": [],
            "website_domain": null,
            "website_endpoint": null
          },
          "sensitive_attributes": [],
          "private": "eyJlMmJmYjczMC1lY2FhLTExZTYtOGY4OC0zNDM2M2JjN2M0YzAiOnsiY3JlYXRlIjoxMjAwMDAwMDAwMDAwLCJkZWxldGUiOjM2MDAwMDAwMDAwMDAsInJlYWQiOjEyMDAwMDAwMDAwMDAsInVwZGF0ZSI6MTIwMDAwMDAwMDAwMH19"
        }
      ]
    },
    {
      "module": "module.source_replication",
      "mode": "managed",
      "type": "aws_s3_bucket_policy",
      "name": "source_policy",
      "provider": "provider[\"registry.terraform.io/hashicorp/aws\"].source",
      "instances": [
        {
          "schema_version": 0,
          "attributes": {
            "bucket": "source-bucket-08594",
            "id": "source-bucket-08594",
            "policy": "{\"Statement\":[{\"Action\":[\"s3:ReplicateTags\",\"s3:ReplicateObject\",\"s3:ReplicateDelete\",\"s3:GetObjectVersionTagging\"],\"Effect\":\"Allow\",\"Principal\":{\"AWS\":\"arn:aws:iam::473278020383:root\"},\"Resource\":[\"arn:aws:s3:::source-bucket-08594/*\",\"arn:aws:s3:::source-bucket-08594\"],\"Sid\":\"AllowReplicationFromDestination\"}],\"Version\":\"2012-10-17\"}",
            "region": "us-west-2"
          },
          "sensitive_attributes": [],
          "private": "bnVsbA==",
          "dependencies": [
            "module.source_replication.aws_s3_bucket.bucket-sample-8124",
            "module.source_replication.data.aws_iam_policy_document.source_bucket_policy"
          ]
        }
      ]
    },
    {
      "module": "module.source_replication",
      "mode": "managed",
      "type": "aws_s3_bucket_replication_configuration",
      "name": "replication",
      "provider": "provider[\"registry.terraform.io/hashicorp/aws\"].source",
      "instances": [
        {
          "schema_version": 0,
          "attributes": {
            "bucket": "source-bucket-08594",
            "id": "source-bucket-08594",
            "region": "us-west-2",
            "role": "arn:aws:iam::165220828225:role/s3-replication-role",
            "rule": [
              {
                "delete_marker_replication": [
                  {
                    "status": "Enabled"
                  }
                ],
                "destination": [
                  {
                    "access_control_translation": [],
                    "account": "473278020383",
                    "bucket": "arn:aws:s3:::dest-bucket-09834",
                    "encryption_configuration": [],
                    "metrics": [],
                    "replication_time": [],
                    "storage_class": "STANDARD"
                  }
                ],
                "existing_object_replication": [],
                "filter": [
                  {
                    "and": [],
                    "prefix": "",
                    "tag": []
                  }
                ],
                "id": "replicate-all",
                "prefix": "",
                "priority": 0,
                "source_selection_criteria": [],
                "status": "Enabled"
              }
            ],
            "token": null
          },
          "sensitive_attributes": [
            [
              {
                "type": "get_attr",
                "value": "token"
              }
            ]
          ],
          "private": "bnVsbA==",
          "dependencies": [
            "module.dest_bucket.aws_s3_bucket.bucket02-aurorat",
            "module.source_replication.aws_iam_role.replication_role",
            "module.source_replication.aws_iam_role_policy.replication_role_policy_attach",
            "module.source_replication.aws_s3_bucket.bucket-sample-8124",
            "module.source_replication.aws_s3_bucket_versioning.versioning",
            "module.source_replication.data.aws_iam_policy_document.replication_assume",
            "module.source_replication.data.aws_iam_policy_document.replication_role_policy"
          ]
        }
      ]
    },
    {
      "module": "module.source_replication",
      "mode": "managed",
      "type": "aws_s3_bucket_versioning",
      "name": "versioning",
      "provider": "provider[\"registry.terraform.io/hashicorp/aws\"].source",
      "instances": [
        {
          "schema_version": 0,
          "attributes": {
            "bucket": "source-bucket-08594",
            "expected_bucket_owner": "",
            "id": "source-bucket-08594",
            "mfa": null,
            "region": "us-west-2",
            "versioning_configuration": [
              {
                "mfa_delete": "",
                "status": "Enabled"
              }
            ]
          },
          "sensitive_attributes": [],
          "private": "bnVsbA==",
          "dependencies": [
            "module.source_replication.aws_s3_bucket.bucket-sample-8124"
          ]
        }
      ]
    }
  ],
  "check_results": null
}
